// !$*UTF8*$!
{
	archiveVersion = 1;
	classes = {
	};
	objectVersion = 46;
	objects = {

/* Begin PBXBuildFile section */
		EA2ABD401EA2BA6F0099A091 /* Feathers.h in Headers */ = {isa = PBXBuildFile; fileRef = EA452A6A1EA2B14300427CEF /* Feathers.h */; settings = {ATTRIBUTES = (Public, ); }; };
		EA2ABD5C1EA2BA8A0099A091 /* Feathers.h in Headers */ = {isa = PBXBuildFile; fileRef = EA452A6A1EA2B14300427CEF /* Feathers.h */; settings = {ATTRIBUTES = (Public, ); }; };
		EA3017141EC7867E00114F19 /* Hooks.swift in Sources */ = {isa = PBXBuildFile; fileRef = EA3017131EC7867E00114F19 /* Hooks.swift */; };
		EA301A901EC8BCD500114F19 /* Feathers.framework in Frameworks */ = {isa = PBXBuildFile; fileRef = EA452A671EA2B14300427CEF /* Feathers.framework */; };
		EA301A911EC8BCD500114F19 /* Nimble.framework in Frameworks */ = {isa = PBXBuildFile; fileRef = EABBADE01EBF953200522603 /* Nimble.framework */; };
		EA301A921EC8BCD500114F19 /* Quick.framework in Frameworks */ = {isa = PBXBuildFile; fileRef = EABBADE11EBF953200522603 /* Quick.framework */; };
		EA301A951EC8BCD500114F19 /* Nimble.framework in CopyFiles */ = {isa = PBXBuildFile; fileRef = EABBADE91EBF95C800522603 /* Nimble.framework */; settings = {ATTRIBUTES = (CodeSignOnCopy, RemoveHeadersOnCopy, ); }; };
		EA301A961EC8BCD500114F19 /* Quick.framework in CopyFiles */ = {isa = PBXBuildFile; fileRef = EABBADEA1EBF95C800522603 /* Quick.framework */; settings = {ATTRIBUTES = (CodeSignOnCopy, RemoveHeadersOnCopy, ); }; };
		EA301AA21EC8BD7300114F19 /* Feathers.framework in Frameworks */ = {isa = PBXBuildFile; fileRef = EA452A671EA2B14300427CEF /* Feathers.framework */; };
		EA301AA31EC8BD7300114F19 /* Nimble.framework in Frameworks */ = {isa = PBXBuildFile; fileRef = EABBADE01EBF953200522603 /* Nimble.framework */; };
		EA301AA41EC8BD7300114F19 /* Quick.framework in Frameworks */ = {isa = PBXBuildFile; fileRef = EABBADE11EBF953200522603 /* Quick.framework */; };
		EA301AA71EC8BD7300114F19 /* Nimble.framework in CopyFiles */ = {isa = PBXBuildFile; fileRef = EABBADE91EBF95C800522603 /* Nimble.framework */; settings = {ATTRIBUTES = (CodeSignOnCopy, RemoveHeadersOnCopy, ); }; };
		EA301AA81EC8BD7300114F19 /* Quick.framework in CopyFiles */ = {isa = PBXBuildFile; fileRef = EABBADEA1EBF95C800522603 /* Quick.framework */; settings = {ATTRIBUTES = (CodeSignOnCopy, RemoveHeadersOnCopy, ); }; };
		EA301AB01EC8BDC300114F19 /* HookSpec.swift in Sources */ = {isa = PBXBuildFile; fileRef = EA301AAE1EC8BDB300114F19 /* HookSpec.swift */; };
		EA301AB11EC8BDC300114F19 /* HookSpec.swift in Sources */ = {isa = PBXBuildFile; fileRef = EA301AAE1EC8BDB300114F19 /* HookSpec.swift */; };
		EA301AB21EC8BDC400114F19 /* HookSpec.swift in Sources */ = {isa = PBXBuildFile; fileRef = EA301AAE1EC8BDB300114F19 /* HookSpec.swift */; };
		EA301AB61EC8BEFF00114F19 /* Hooks.swift in Sources */ = {isa = PBXBuildFile; fileRef = EA301AB41EC8BEBD00114F19 /* Hooks.swift */; };
		EA301AB71EC8BEFF00114F19 /* Hooks.swift in Sources */ = {isa = PBXBuildFile; fileRef = EA301AB41EC8BEBD00114F19 /* Hooks.swift */; };
		EA301AB81EC8BF0000114F19 /* Hooks.swift in Sources */ = {isa = PBXBuildFile; fileRef = EA301AB41EC8BEBD00114F19 /* Hooks.swift */; };
		EA301ABA1EC8CD0400114F19 /* StubProvider.swift in Sources */ = {isa = PBXBuildFile; fileRef = EA301AB91EC8CD0400114F19 /* StubProvider.swift */; };
		EA301ABB1EC8CD0400114F19 /* StubProvider.swift in Sources */ = {isa = PBXBuildFile; fileRef = EA301AB91EC8CD0400114F19 /* StubProvider.swift */; };
		EA301ABC1EC8CD0400114F19 /* StubProvider.swift in Sources */ = {isa = PBXBuildFile; fileRef = EA301AB91EC8CD0400114F19 /* StubProvider.swift */; };
		EA452A781EA2B14300427CEF /* Feathers.h in Headers */ = {isa = PBXBuildFile; fileRef = EA452A6A1EA2B14300427CEF /* Feathers.h */; settings = {ATTRIBUTES = (Public, ); }; };
		EABBADCB1EBF941C00522603 /* Alamofire.framework in Frameworks */ = {isa = PBXBuildFile; fileRef = EABBADC61EBF941C00522603 /* Alamofire.framework */; };
		EABBADCC1EBF941C00522603 /* KeychainSwift.framework in Frameworks */ = {isa = PBXBuildFile; fileRef = EABBADC71EBF941C00522603 /* KeychainSwift.framework */; };
		EABBADCD1EBF941C00522603 /* ReactiveSwift.framework in Frameworks */ = {isa = PBXBuildFile; fileRef = EABBADC81EBF941C00522603 /* ReactiveSwift.framework */; };
		EABBADCE1EBF941C00522603 /* Result.framework in Frameworks */ = {isa = PBXBuildFile; fileRef = EABBADC91EBF941C00522603 /* Result.framework */; };
		EABBADD91EBF94E800522603 /* Feathers.framework in Frameworks */ = {isa = PBXBuildFile; fileRef = EA452A671EA2B14300427CEF /* Feathers.framework */; };
		EABBADE21EBF953200522603 /* Nimble.framework in Frameworks */ = {isa = PBXBuildFile; fileRef = EABBADE01EBF953200522603 /* Nimble.framework */; };
		EABBADE31EBF953200522603 /* Quick.framework in Frameworks */ = {isa = PBXBuildFile; fileRef = EABBADE11EBF953200522603 /* Quick.framework */; };
		EABBADEB1EBF95C800522603 /* Nimble.framework in CopyFiles */ = {isa = PBXBuildFile; fileRef = EABBADE91EBF95C800522603 /* Nimble.framework */; settings = {ATTRIBUTES = (CodeSignOnCopy, RemoveHeadersOnCopy, ); }; };
		EABBADEC1EBF95C900522603 /* Quick.framework in CopyFiles */ = {isa = PBXBuildFile; fileRef = EABBADEA1EBF95C800522603 /* Quick.framework */; settings = {ATTRIBUTES = (CodeSignOnCopy, RemoveHeadersOnCopy, ); }; };
		EABBAE061EBFA31300522603 /* RxSwift.framework in Frameworks */ = {isa = PBXBuildFile; fileRef = EABBAE051EBFA31300522603 /* RxSwift.framework */; };
		EABBAE141EBFA6A400522603 /* AuthenticationConfiguration.swift in Sources */ = {isa = PBXBuildFile; fileRef = EABBAE0A1EBFA6A400522603 /* AuthenticationConfiguration.swift */; };
		EABBAE151EBFA6A400522603 /* AuthenticationConfiguration.swift in Sources */ = {isa = PBXBuildFile; fileRef = EABBAE0A1EBFA6A400522603 /* AuthenticationConfiguration.swift */; };
		EABBAE161EBFA6A400522603 /* AuthenticationConfiguration.swift in Sources */ = {isa = PBXBuildFile; fileRef = EABBAE0A1EBFA6A400522603 /* AuthenticationConfiguration.swift */; };
		EABBAE181EBFA6A400522603 /* AuthenticationStorage.swift in Sources */ = {isa = PBXBuildFile; fileRef = EABBAE0B1EBFA6A400522603 /* AuthenticationStorage.swift */; };
		EABBAE191EBFA6A400522603 /* AuthenticationStorage.swift in Sources */ = {isa = PBXBuildFile; fileRef = EABBAE0B1EBFA6A400522603 /* AuthenticationStorage.swift */; };
		EABBAE1A1EBFA6A400522603 /* AuthenticationStorage.swift in Sources */ = {isa = PBXBuildFile; fileRef = EABBAE0B1EBFA6A400522603 /* AuthenticationStorage.swift */; };
		EABBAE1C1EBFA6A400522603 /* Feathers.swift in Sources */ = {isa = PBXBuildFile; fileRef = EABBAE0C1EBFA6A400522603 /* Feathers.swift */; };
		EABBAE1D1EBFA6A400522603 /* Feathers.swift in Sources */ = {isa = PBXBuildFile; fileRef = EABBAE0C1EBFA6A400522603 /* Feathers.swift */; };
		EABBAE1E1EBFA6A400522603 /* Feathers.swift in Sources */ = {isa = PBXBuildFile; fileRef = EABBAE0C1EBFA6A400522603 /* Feathers.swift */; };
		EABBAE201EBFA6A400522603 /* FeathersError.swift in Sources */ = {isa = PBXBuildFile; fileRef = EABBAE0D1EBFA6A400522603 /* FeathersError.swift */; };
		EABBAE211EBFA6A400522603 /* FeathersError.swift in Sources */ = {isa = PBXBuildFile; fileRef = EABBAE0D1EBFA6A400522603 /* FeathersError.swift */; };
		EABBAE221EBFA6A400522603 /* FeathersError.swift in Sources */ = {isa = PBXBuildFile; fileRef = EABBAE0D1EBFA6A400522603 /* FeathersError.swift */; };
		EABBAE241EBFA6A400522603 /* NSURL+QueryParameters.swift in Sources */ = {isa = PBXBuildFile; fileRef = EABBAE0E1EBFA6A400522603 /* NSURL+QueryParameters.swift */; };
		EABBAE251EBFA6A400522603 /* NSURL+QueryParameters.swift in Sources */ = {isa = PBXBuildFile; fileRef = EABBAE0E1EBFA6A400522603 /* NSURL+QueryParameters.swift */; };
		EABBAE261EBFA6A400522603 /* NSURL+QueryParameters.swift in Sources */ = {isa = PBXBuildFile; fileRef = EABBAE0E1EBFA6A400522603 /* NSURL+QueryParameters.swift */; };
		EABBAE281EBFA6A400522603 /* Provider.swift in Sources */ = {isa = PBXBuildFile; fileRef = EABBAE0F1EBFA6A400522603 /* Provider.swift */; };
		EABBAE291EBFA6A400522603 /* Provider.swift in Sources */ = {isa = PBXBuildFile; fileRef = EABBAE0F1EBFA6A400522603 /* Provider.swift */; };
		EABBAE2A1EBFA6A400522603 /* Provider.swift in Sources */ = {isa = PBXBuildFile; fileRef = EABBAE0F1EBFA6A400522603 /* Provider.swift */; };
		EABBAE2C1EBFA6A400522603 /* Response.swift in Sources */ = {isa = PBXBuildFile; fileRef = EABBAE101EBFA6A400522603 /* Response.swift */; };
		EABBAE2D1EBFA6A400522603 /* Response.swift in Sources */ = {isa = PBXBuildFile; fileRef = EABBAE101EBFA6A400522603 /* Response.swift */; };
		EABBAE2E1EBFA6A400522603 /* Response.swift in Sources */ = {isa = PBXBuildFile; fileRef = EABBAE101EBFA6A400522603 /* Response.swift */; };
		EABBAE301EBFA6A400522603 /* RestProvider.swift in Sources */ = {isa = PBXBuildFile; fileRef = EABBAE111EBFA6A400522603 /* RestProvider.swift */; };
		EABBAE311EBFA6A400522603 /* RestProvider.swift in Sources */ = {isa = PBXBuildFile; fileRef = EABBAE111EBFA6A400522603 /* RestProvider.swift */; };
		EABBAE321EBFA6A400522603 /* RestProvider.swift in Sources */ = {isa = PBXBuildFile; fileRef = EABBAE111EBFA6A400522603 /* RestProvider.swift */; };
		EABBAE341EBFA6A400522603 /* Service.swift in Sources */ = {isa = PBXBuildFile; fileRef = EABBAE121EBFA6A400522603 /* Service.swift */; };
		EABBAE351EBFA6A400522603 /* Service.swift in Sources */ = {isa = PBXBuildFile; fileRef = EABBAE121EBFA6A400522603 /* Service.swift */; };
		EABBAE361EBFA6A400522603 /* Service.swift in Sources */ = {isa = PBXBuildFile; fileRef = EABBAE121EBFA6A400522603 /* Service.swift */; };
		EABBAE381EBFA6A400522603 /* SocketProvider.swift in Sources */ = {isa = PBXBuildFile; fileRef = EABBAE131EBFA6A400522603 /* SocketProvider.swift */; };
		EABBAE391EBFA6A400522603 /* SocketProvider.swift in Sources */ = {isa = PBXBuildFile; fileRef = EABBAE131EBFA6A400522603 /* SocketProvider.swift */; };
		EABBAE3A1EBFA6A400522603 /* SocketProvider.swift in Sources */ = {isa = PBXBuildFile; fileRef = EABBAE131EBFA6A400522603 /* SocketProvider.swift */; };
		EABBAE3E1EBFA6B200522603 /* Feathers+ReactiveSwift.swift in Sources */ = {isa = PBXBuildFile; fileRef = EABBAE3C1EBFA6B200522603 /* Feathers+ReactiveSwift.swift */; };
		EABBAE3F1EBFA6B200522603 /* Feathers+ReactiveSwift.swift in Sources */ = {isa = PBXBuildFile; fileRef = EABBAE3C1EBFA6B200522603 /* Feathers+ReactiveSwift.swift */; };
		EABBAE401EBFA6B200522603 /* Feathers+ReactiveSwift.swift in Sources */ = {isa = PBXBuildFile; fileRef = EABBAE3C1EBFA6B200522603 /* Feathers+ReactiveSwift.swift */; };
		EABBAE421EBFA6B200522603 /* Service+ReactiveSwift.swift in Sources */ = {isa = PBXBuildFile; fileRef = EABBAE3D1EBFA6B200522603 /* Service+ReactiveSwift.swift */; };
		EABBAE431EBFA6B200522603 /* Service+ReactiveSwift.swift in Sources */ = {isa = PBXBuildFile; fileRef = EABBAE3D1EBFA6B200522603 /* Service+ReactiveSwift.swift */; };
		EABBAE441EBFA6B200522603 /* Service+ReactiveSwift.swift in Sources */ = {isa = PBXBuildFile; fileRef = EABBAE3D1EBFA6B200522603 /* Service+ReactiveSwift.swift */; };
		EABBAE481EBFA6B800522603 /* Feathers+RxSwift.swift in Sources */ = {isa = PBXBuildFile; fileRef = EABBAE461EBFA6B800522603 /* Feathers+RxSwift.swift */; };
		EABBAE491EBFA6B800522603 /* Feathers+RxSwift.swift in Sources */ = {isa = PBXBuildFile; fileRef = EABBAE461EBFA6B800522603 /* Feathers+RxSwift.swift */; };
		EABBAE4A1EBFA6B800522603 /* Feathers+RxSwift.swift in Sources */ = {isa = PBXBuildFile; fileRef = EABBAE461EBFA6B800522603 /* Feathers+RxSwift.swift */; };
		EABBAE4C1EBFA6B800522603 /* Service+RxSwift.swift in Sources */ = {isa = PBXBuildFile; fileRef = EABBAE471EBFA6B800522603 /* Service+RxSwift.swift */; };
		EABBAE4D1EBFA6B800522603 /* Service+RxSwift.swift in Sources */ = {isa = PBXBuildFile; fileRef = EABBAE471EBFA6B800522603 /* Service+RxSwift.swift */; };
		EABBAE4E1EBFA6B800522603 /* Service+RxSwift.swift in Sources */ = {isa = PBXBuildFile; fileRef = EABBAE471EBFA6B800522603 /* Service+RxSwift.swift */; };
		EAE05D6A1EBFDB0000DA55BF /* Endpoint.swift in Sources */ = {isa = PBXBuildFile; fileRef = EAE05D691EBFDB0000DA55BF /* Endpoint.swift */; };
		EAE05D781EC4BA7600DA55BF /* Alamofire.framework in Frameworks */ = {isa = PBXBuildFile; fileRef = EAE05D721EC4BA7600DA55BF /* Alamofire.framework */; };
		EAE05D791EC4BA7600DA55BF /* KeychainSwift.framework in Frameworks */ = {isa = PBXBuildFile; fileRef = EAE05D731EC4BA7600DA55BF /* KeychainSwift.framework */; };
		EAE05D7A1EC4BA7600DA55BF /* ReactiveSwift.framework in Frameworks */ = {isa = PBXBuildFile; fileRef = EAE05D741EC4BA7600DA55BF /* ReactiveSwift.framework */; };
		EAE05D7B1EC4BA7600DA55BF /* Result.framework in Frameworks */ = {isa = PBXBuildFile; fileRef = EAE05D751EC4BA7600DA55BF /* Result.framework */; };
		EAE05D7C1EC4BA7600DA55BF /* RxSwift.framework in Frameworks */ = {isa = PBXBuildFile; fileRef = EAE05D761EC4BA7600DA55BF /* RxSwift.framework */; };
		EAE05D851EC4BB2800DA55BF /* Alamofire.framework.dSYM in CopyFiles */ = {isa = PBXBuildFile; fileRef = EAE05D7F1EC4BB2800DA55BF /* Alamofire.framework.dSYM */; };
		EAE05D861EC4BB2800DA55BF /* KeychainSwift.framework.dSYM in CopyFiles */ = {isa = PBXBuildFile; fileRef = EAE05D801EC4BB2800DA55BF /* KeychainSwift.framework.dSYM */; };
		EAE05D871EC4BB2800DA55BF /* ReactiveSwift.framework.dSYM in CopyFiles */ = {isa = PBXBuildFile; fileRef = EAE05D811EC4BB2800DA55BF /* ReactiveSwift.framework.dSYM */; };
		EAE05D881EC4BB2800DA55BF /* Result.framework.dSYM in CopyFiles */ = {isa = PBXBuildFile; fileRef = EAE05D821EC4BB2800DA55BF /* Result.framework.dSYM */; };
		EAE05D891EC4BB2800DA55BF /* RxSwift.framework.dSYM in CopyFiles */ = {isa = PBXBuildFile; fileRef = EAE05D831EC4BB2800DA55BF /* RxSwift.framework.dSYM */; };
		EAE05D8B1EC4BB5100DA55BF /* Endpoint.swift in Sources */ = {isa = PBXBuildFile; fileRef = EAE05D691EBFDB0000DA55BF /* Endpoint.swift */; };
		EAE05D8C1EC4BB5100DA55BF /* Endpoint.swift in Sources */ = {isa = PBXBuildFile; fileRef = EAE05D691EBFDB0000DA55BF /* Endpoint.swift */; };
		EAE05D8D1EC4C2AF00DA55BF /* SocketIO.framework in Frameworks */ = {isa = PBXBuildFile; fileRef = EABBADCA1EBF941C00522603 /* SocketIO.framework */; };
		EAE05D8F1EC4C2C000DA55BF /* SocketIO.framework in Frameworks */ = {isa = PBXBuildFile; fileRef = EAE05D8E1EC4C2C000DA55BF /* SocketIO.framework */; };
		EAE05D961EC4C2E900DA55BF /* Alamofire.framework in Frameworks */ = {isa = PBXBuildFile; fileRef = EAE05D901EC4C2E900DA55BF /* Alamofire.framework */; };
		EAE05D971EC4C2E900DA55BF /* KeychainSwift.framework in Frameworks */ = {isa = PBXBuildFile; fileRef = EAE05D911EC4C2E900DA55BF /* KeychainSwift.framework */; };
		EAE05D981EC4C2E900DA55BF /* ReactiveSwift.framework in Frameworks */ = {isa = PBXBuildFile; fileRef = EAE05D921EC4C2E900DA55BF /* ReactiveSwift.framework */; };
		EAE05D991EC4C2E900DA55BF /* Result.framework in Frameworks */ = {isa = PBXBuildFile; fileRef = EAE05D931EC4C2E900DA55BF /* Result.framework */; };
		EAE05D9A1EC4C2E900DA55BF /* RxSwift.framework in Frameworks */ = {isa = PBXBuildFile; fileRef = EAE05D941EC4C2E900DA55BF /* RxSwift.framework */; };
		EAE05D9B1EC4C2E900DA55BF /* SocketIO.framework in Frameworks */ = {isa = PBXBuildFile; fileRef = EAE05D951EC4C2E900DA55BF /* SocketIO.framework */; };
/* End PBXBuildFile section */

/* Begin PBXContainerItemProxy section */
		EA301A8C1EC8BCD500114F19 /* PBXContainerItemProxy */ = {
			isa = PBXContainerItemProxy;
			containerPortal = EA452A5E1EA2B14300427CEF /* Project object */;
			proxyType = 1;
			remoteGlobalIDString = EA452A661EA2B14300427CEF;
			remoteInfo = "Feathers-iOS";
		};
		EA301A9E1EC8BD7300114F19 /* PBXContainerItemProxy */ = {
			isa = PBXContainerItemProxy;
			containerPortal = EA452A5E1EA2B14300427CEF /* Project object */;
			proxyType = 1;
			remoteGlobalIDString = EA452A661EA2B14300427CEF;
			remoteInfo = "Feathers-iOS";
		};
		EABBADDA1EBF94E800522603 /* PBXContainerItemProxy */ = {
			isa = PBXContainerItemProxy;
			containerPortal = EA452A5E1EA2B14300427CEF /* Project object */;
			proxyType = 1;
			remoteGlobalIDString = EA452A661EA2B14300427CEF;
			remoteInfo = "Feathers-iOS";
		};
/* End PBXContainerItemProxy section */

/* Begin PBXCopyFilesBuildPhase section */
		EA301A941EC8BCD500114F19 /* CopyFiles */ = {
			isa = PBXCopyFilesBuildPhase;
			buildActionMask = 2147483647;
			dstPath = "";
			dstSubfolderSpec = 10;
			files = (
				EA301A951EC8BCD500114F19 /* Nimble.framework in CopyFiles */,
				EA301A961EC8BCD500114F19 /* Quick.framework in CopyFiles */,
			);
			runOnlyForDeploymentPostprocessing = 0;
		};
		EA301AA61EC8BD7300114F19 /* CopyFiles */ = {
			isa = PBXCopyFilesBuildPhase;
			buildActionMask = 2147483647;
			dstPath = "";
			dstSubfolderSpec = 10;
			files = (
				EA301AA71EC8BD7300114F19 /* Nimble.framework in CopyFiles */,
				EA301AA81EC8BD7300114F19 /* Quick.framework in CopyFiles */,
			);
			runOnlyForDeploymentPostprocessing = 0;
		};
		EABBADE41EBF959B00522603 /* CopyFiles */ = {
			isa = PBXCopyFilesBuildPhase;
			buildActionMask = 2147483647;
			dstPath = "";
			dstSubfolderSpec = 10;
			files = (
				EABBADEB1EBF95C800522603 /* Nimble.framework in CopyFiles */,
				EABBADEC1EBF95C900522603 /* Quick.framework in CopyFiles */,
			);
			runOnlyForDeploymentPostprocessing = 0;
		};
		EAE05D7E1EC4BA8700DA55BF /* CopyFiles */ = {
			isa = PBXCopyFilesBuildPhase;
			buildActionMask = 2147483647;
			dstPath = "";
			dstSubfolderSpec = 16;
			files = (
				EAE05D851EC4BB2800DA55BF /* Alamofire.framework.dSYM in CopyFiles */,
				EAE05D861EC4BB2800DA55BF /* KeychainSwift.framework.dSYM in CopyFiles */,
				EAE05D871EC4BB2800DA55BF /* ReactiveSwift.framework.dSYM in CopyFiles */,
				EAE05D881EC4BB2800DA55BF /* Result.framework.dSYM in CopyFiles */,
				EAE05D891EC4BB2800DA55BF /* RxSwift.framework.dSYM in CopyFiles */,
			);
			runOnlyForDeploymentPostprocessing = 0;
		};
/* End PBXCopyFilesBuildPhase section */

/* Begin PBXFileReference section */
		EA2ABD451EA2BA6F0099A091 /* Feathers.framework */ = {isa = PBXFileReference; explicitFileType = wrapper.framework; includeInIndex = 0; path = Feathers.framework; sourceTree = BUILT_PRODUCTS_DIR; };
		EA2ABD611EA2BA8A0099A091 /* Feathers.framework */ = {isa = PBXFileReference; explicitFileType = wrapper.framework; includeInIndex = 0; path = Feathers.framework; sourceTree = BUILT_PRODUCTS_DIR; };
		EA3017131EC7867E00114F19 /* Hooks.swift */ = {isa = PBXFileReference; fileEncoding = 4; lastKnownFileType = sourcecode.swift; name = Hooks.swift; path = Core/Hooks.swift; sourceTree = "<group>"; };
		EA301A9A1EC8BCD500114F19 /* FeathersTests-macOS.xctest */ = {isa = PBXFileReference; explicitFileType = wrapper.cfbundle; includeInIndex = 0; path = "FeathersTests-macOS.xctest"; sourceTree = BUILT_PRODUCTS_DIR; };
		EA301A9B1EC8BCD500114F19 /* FeathersTests-iOS copy-Info.plist */ = {isa = PBXFileReference; lastKnownFileType = text.plist.xml; name = "FeathersTests-iOS copy-Info.plist"; path = "/Users/brendanconron/Github/feathers-ios/FeathersTests-iOS copy-Info.plist"; sourceTree = "<absolute>"; };
		EA301AAC1EC8BD7300114F19 /* FeathersTests-tvOS.xctest */ = {isa = PBXFileReference; explicitFileType = wrapper.cfbundle; includeInIndex = 0; path = "FeathersTests-tvOS.xctest"; sourceTree = BUILT_PRODUCTS_DIR; };
		EA301AAD1EC8BD7300114F19 /* FeathersTests-macOS copy-Info.plist */ = {isa = PBXFileReference; lastKnownFileType = text.plist.xml; name = "FeathersTests-macOS copy-Info.plist"; path = "/Users/brendanconron/Github/feathers-ios/FeathersTests-macOS copy-Info.plist"; sourceTree = "<absolute>"; };
		EA301AAE1EC8BDB300114F19 /* HookSpec.swift */ = {isa = PBXFileReference; fileEncoding = 4; lastKnownFileType = sourcecode.swift; name = HookSpec.swift; path = FeathersTests/HookSpec.swift; sourceTree = SOURCE_ROOT; };
		EA301AB41EC8BEBD00114F19 /* Hooks.swift */ = {isa = PBXFileReference; fileEncoding = 4; lastKnownFileType = sourcecode.swift; name = Hooks.swift; path = FeathersTests/Hooks.swift; sourceTree = SOURCE_ROOT; };
		EA301AB91EC8CD0400114F19 /* StubProvider.swift */ = {isa = PBXFileReference; fileEncoding = 4; lastKnownFileType = sourcecode.swift; name = StubProvider.swift; path = FeathersTests/StubProvider.swift; sourceTree = SOURCE_ROOT; };
		EA452A671EA2B14300427CEF /* Feathers.framework */ = {isa = PBXFileReference; explicitFileType = wrapper.framework; includeInIndex = 0; path = Feathers.framework; sourceTree = BUILT_PRODUCTS_DIR; };
		EA452A6A1EA2B14300427CEF /* Feathers.h */ = {isa = PBXFileReference; lastKnownFileType = sourcecode.c.h; path = Feathers.h; sourceTree = "<group>"; };
		EA452A6B1EA2B14300427CEF /* Info.plist */ = {isa = PBXFileReference; lastKnownFileType = text.plist.xml; path = Info.plist; sourceTree = "<group>"; };
		EABBADC61EBF941C00522603 /* Alamofire.framework */ = {isa = PBXFileReference; lastKnownFileType = wrapper.framework; name = Alamofire.framework; path = Carthage/Build/iOS/Alamofire.framework; sourceTree = "<group>"; };
		EABBADC71EBF941C00522603 /* KeychainSwift.framework */ = {isa = PBXFileReference; lastKnownFileType = wrapper.framework; name = KeychainSwift.framework; path = Carthage/Build/iOS/KeychainSwift.framework; sourceTree = "<group>"; };
		EABBADC81EBF941C00522603 /* ReactiveSwift.framework */ = {isa = PBXFileReference; lastKnownFileType = wrapper.framework; name = ReactiveSwift.framework; path = Carthage/Build/iOS/ReactiveSwift.framework; sourceTree = "<group>"; };
		EABBADC91EBF941C00522603 /* Result.framework */ = {isa = PBXFileReference; lastKnownFileType = wrapper.framework; name = Result.framework; path = Carthage/Build/iOS/Result.framework; sourceTree = "<group>"; };
		EABBADCA1EBF941C00522603 /* SocketIO.framework */ = {isa = PBXFileReference; lastKnownFileType = wrapper.framework; name = SocketIO.framework; path = Carthage/Build/iOS/SocketIO.framework; sourceTree = "<group>"; };
		EABBADD41EBF94E800522603 /* FeathersTests-iOS.xctest */ = {isa = PBXFileReference; explicitFileType = wrapper.cfbundle; includeInIndex = 0; path = "FeathersTests-iOS.xctest"; sourceTree = BUILT_PRODUCTS_DIR; };
		EABBADE01EBF953200522603 /* Nimble.framework */ = {isa = PBXFileReference; lastKnownFileType = wrapper.framework; name = Nimble.framework; path = Carthage/Build/iOS/Nimble.framework; sourceTree = "<group>"; };
		EABBADE11EBF953200522603 /* Quick.framework */ = {isa = PBXFileReference; lastKnownFileType = wrapper.framework; name = Quick.framework; path = Carthage/Build/iOS/Quick.framework; sourceTree = "<group>"; };
		EABBADE91EBF95C800522603 /* Nimble.framework */ = {isa = PBXFileReference; lastKnownFileType = wrapper.framework; name = Nimble.framework; path = Carthage/Build/iOS/Nimble.framework; sourceTree = "<group>"; };
		EABBADEA1EBF95C800522603 /* Quick.framework */ = {isa = PBXFileReference; lastKnownFileType = wrapper.framework; name = Quick.framework; path = Carthage/Build/iOS/Quick.framework; sourceTree = "<group>"; };
		EABBADF51EBF960C00522603 /* Info.plist */ = {isa = PBXFileReference; lastKnownFileType = text.plist.xml; name = Info.plist; path = ../FeathersTests/Info.plist; sourceTree = "<group>"; };
		EABBAE051EBFA31300522603 /* RxSwift.framework */ = {isa = PBXFileReference; lastKnownFileType = wrapper.framework; name = RxSwift.framework; path = Carthage/Build/iOS/RxSwift.framework; sourceTree = "<group>"; };
		EABBAE0A1EBFA6A400522603 /* AuthenticationConfiguration.swift */ = {isa = PBXFileReference; fileEncoding = 4; lastKnownFileType = sourcecode.swift; name = AuthenticationConfiguration.swift; path = Core/AuthenticationConfiguration.swift; sourceTree = "<group>"; };
		EABBAE0B1EBFA6A400522603 /* AuthenticationStorage.swift */ = {isa = PBXFileReference; fileEncoding = 4; lastKnownFileType = sourcecode.swift; name = AuthenticationStorage.swift; path = Core/AuthenticationStorage.swift; sourceTree = "<group>"; };
		EABBAE0C1EBFA6A400522603 /* Feathers.swift */ = {isa = PBXFileReference; fileEncoding = 4; lastKnownFileType = sourcecode.swift; name = Feathers.swift; path = Core/Feathers.swift; sourceTree = "<group>"; };
		EABBAE0D1EBFA6A400522603 /* FeathersError.swift */ = {isa = PBXFileReference; fileEncoding = 4; lastKnownFileType = sourcecode.swift; name = FeathersError.swift; path = Core/FeathersError.swift; sourceTree = "<group>"; };
		EABBAE0E1EBFA6A400522603 /* NSURL+QueryParameters.swift */ = {isa = PBXFileReference; fileEncoding = 4; lastKnownFileType = sourcecode.swift; name = "NSURL+QueryParameters.swift"; path = "Core/NSURL+QueryParameters.swift"; sourceTree = "<group>"; };
		EABBAE0F1EBFA6A400522603 /* Provider.swift */ = {isa = PBXFileReference; fileEncoding = 4; lastKnownFileType = sourcecode.swift; name = Provider.swift; path = Core/Provider.swift; sourceTree = "<group>"; };
		EABBAE101EBFA6A400522603 /* Response.swift */ = {isa = PBXFileReference; fileEncoding = 4; lastKnownFileType = sourcecode.swift; name = Response.swift; path = Core/Response.swift; sourceTree = "<group>"; };
		EABBAE111EBFA6A400522603 /* RestProvider.swift */ = {isa = PBXFileReference; fileEncoding = 4; lastKnownFileType = sourcecode.swift; name = RestProvider.swift; path = Core/RestProvider.swift; sourceTree = "<group>"; };
		EABBAE121EBFA6A400522603 /* Service.swift */ = {isa = PBXFileReference; fileEncoding = 4; lastKnownFileType = sourcecode.swift; name = Service.swift; path = Core/Service.swift; sourceTree = "<group>"; };
		EABBAE131EBFA6A400522603 /* SocketProvider.swift */ = {isa = PBXFileReference; fileEncoding = 4; lastKnownFileType = sourcecode.swift; name = SocketProvider.swift; path = Core/SocketProvider.swift; sourceTree = "<group>"; };
		EABBAE3C1EBFA6B200522603 /* Feathers+ReactiveSwift.swift */ = {isa = PBXFileReference; fileEncoding = 4; lastKnownFileType = sourcecode.swift; name = "Feathers+ReactiveSwift.swift"; path = "ReactiveSwift/Feathers+ReactiveSwift.swift"; sourceTree = "<group>"; };
		EABBAE3D1EBFA6B200522603 /* Service+ReactiveSwift.swift */ = {isa = PBXFileReference; fileEncoding = 4; lastKnownFileType = sourcecode.swift; name = "Service+ReactiveSwift.swift"; path = "ReactiveSwift/Service+ReactiveSwift.swift"; sourceTree = "<group>"; };
		EABBAE461EBFA6B800522603 /* Feathers+RxSwift.swift */ = {isa = PBXFileReference; fileEncoding = 4; lastKnownFileType = sourcecode.swift; name = "Feathers+RxSwift.swift"; path = "RxSwift/Feathers+RxSwift.swift"; sourceTree = "<group>"; };
		EABBAE471EBFA6B800522603 /* Service+RxSwift.swift */ = {isa = PBXFileReference; fileEncoding = 4; lastKnownFileType = sourcecode.swift; name = "Service+RxSwift.swift"; path = "RxSwift/Service+RxSwift.swift"; sourceTree = "<group>"; };
		EAE05D691EBFDB0000DA55BF /* Endpoint.swift */ = {isa = PBXFileReference; fileEncoding = 4; lastKnownFileType = sourcecode.swift; name = Endpoint.swift; path = Core/Endpoint.swift; sourceTree = "<group>"; };
		EAE05D701EC4B91000DA55BF /* SwiftWebSocket.framework */ = {isa = PBXFileReference; lastKnownFileType = wrapper.framework; name = SwiftWebSocket.framework; path = Carthage/Build/iOS/SwiftWebSocket.framework; sourceTree = "<group>"; };
		EAE05D721EC4BA7600DA55BF /* Alamofire.framework */ = {isa = PBXFileReference; lastKnownFileType = wrapper.framework; name = Alamofire.framework; path = Carthage/Build/Mac/Alamofire.framework; sourceTree = "<group>"; };
		EAE05D731EC4BA7600DA55BF /* KeychainSwift.framework */ = {isa = PBXFileReference; lastKnownFileType = wrapper.framework; name = KeychainSwift.framework; path = Carthage/Build/Mac/KeychainSwift.framework; sourceTree = "<group>"; };
		EAE05D741EC4BA7600DA55BF /* ReactiveSwift.framework */ = {isa = PBXFileReference; lastKnownFileType = wrapper.framework; name = ReactiveSwift.framework; path = Carthage/Build/Mac/ReactiveSwift.framework; sourceTree = "<group>"; };
		EAE05D751EC4BA7600DA55BF /* Result.framework */ = {isa = PBXFileReference; lastKnownFileType = wrapper.framework; name = Result.framework; path = Carthage/Build/Mac/Result.framework; sourceTree = "<group>"; };
		EAE05D761EC4BA7600DA55BF /* RxSwift.framework */ = {isa = PBXFileReference; lastKnownFileType = wrapper.framework; name = RxSwift.framework; path = Carthage/Build/Mac/RxSwift.framework; sourceTree = "<group>"; };
		EAE05D771EC4BA7600DA55BF /* SwiftWebSocket.framework */ = {isa = PBXFileReference; lastKnownFileType = wrapper.framework; name = SwiftWebSocket.framework; path = Carthage/Build/Mac/SwiftWebSocket.framework; sourceTree = "<group>"; };
		EAE05D7F1EC4BB2800DA55BF /* Alamofire.framework.dSYM */ = {isa = PBXFileReference; lastKnownFileType = wrapper.dsym; name = Alamofire.framework.dSYM; path = Carthage/Build/Mac/Alamofire.framework.dSYM; sourceTree = "<group>"; };
		EAE05D801EC4BB2800DA55BF /* KeychainSwift.framework.dSYM */ = {isa = PBXFileReference; lastKnownFileType = wrapper.dsym; name = KeychainSwift.framework.dSYM; path = Carthage/Build/Mac/KeychainSwift.framework.dSYM; sourceTree = "<group>"; };
		EAE05D811EC4BB2800DA55BF /* ReactiveSwift.framework.dSYM */ = {isa = PBXFileReference; lastKnownFileType = wrapper.dsym; name = ReactiveSwift.framework.dSYM; path = Carthage/Build/Mac/ReactiveSwift.framework.dSYM; sourceTree = "<group>"; };
		EAE05D821EC4BB2800DA55BF /* Result.framework.dSYM */ = {isa = PBXFileReference; lastKnownFileType = wrapper.dsym; name = Result.framework.dSYM; path = Carthage/Build/Mac/Result.framework.dSYM; sourceTree = "<group>"; };
		EAE05D831EC4BB2800DA55BF /* RxSwift.framework.dSYM */ = {isa = PBXFileReference; lastKnownFileType = wrapper.dsym; name = RxSwift.framework.dSYM; path = Carthage/Build/Mac/RxSwift.framework.dSYM; sourceTree = "<group>"; };
		EAE05D841EC4BB2800DA55BF /* SwiftWebSocket.framework.dSYM */ = {isa = PBXFileReference; lastKnownFileType = wrapper.dsym; name = SwiftWebSocket.framework.dSYM; path = Carthage/Build/Mac/SwiftWebSocket.framework.dSYM; sourceTree = "<group>"; };
		EAE05D8E1EC4C2C000DA55BF /* SocketIO.framework */ = {isa = PBXFileReference; lastKnownFileType = wrapper.framework; name = SocketIO.framework; path = Carthage/Build/Mac/SocketIO.framework; sourceTree = "<group>"; };
		EAE05D901EC4C2E900DA55BF /* Alamofire.framework */ = {isa = PBXFileReference; lastKnownFileType = wrapper.framework; name = Alamofire.framework; path = Carthage/Build/tvOS/Alamofire.framework; sourceTree = "<group>"; };
		EAE05D911EC4C2E900DA55BF /* KeychainSwift.framework */ = {isa = PBXFileReference; lastKnownFileType = wrapper.framework; name = KeychainSwift.framework; path = Carthage/Build/tvOS/KeychainSwift.framework; sourceTree = "<group>"; };
		EAE05D921EC4C2E900DA55BF /* ReactiveSwift.framework */ = {isa = PBXFileReference; lastKnownFileType = wrapper.framework; name = ReactiveSwift.framework; path = Carthage/Build/tvOS/ReactiveSwift.framework; sourceTree = "<group>"; };
		EAE05D931EC4C2E900DA55BF /* Result.framework */ = {isa = PBXFileReference; lastKnownFileType = wrapper.framework; name = Result.framework; path = Carthage/Build/tvOS/Result.framework; sourceTree = "<group>"; };
		EAE05D941EC4C2E900DA55BF /* RxSwift.framework */ = {isa = PBXFileReference; lastKnownFileType = wrapper.framework; name = RxSwift.framework; path = Carthage/Build/tvOS/RxSwift.framework; sourceTree = "<group>"; };
		EAE05D951EC4C2E900DA55BF /* SocketIO.framework */ = {isa = PBXFileReference; lastKnownFileType = wrapper.framework; name = SocketIO.framework; path = Carthage/Build/tvOS/SocketIO.framework; sourceTree = "<group>"; };
/* End PBXFileReference section */

/* Begin PBXFrameworksBuildPhase section */
		EA2ABD3E1EA2BA6F0099A091 /* Frameworks */ = {
			isa = PBXFrameworksBuildPhase;
			buildActionMask = 2147483647;
			files = (
				EAE05D8F1EC4C2C000DA55BF /* SocketIO.framework in Frameworks */,
				EAE05D781EC4BA7600DA55BF /* Alamofire.framework in Frameworks */,
				EAE05D791EC4BA7600DA55BF /* KeychainSwift.framework in Frameworks */,
				EAE05D7A1EC4BA7600DA55BF /* ReactiveSwift.framework in Frameworks */,
				EAE05D7B1EC4BA7600DA55BF /* Result.framework in Frameworks */,
				EAE05D7C1EC4BA7600DA55BF /* RxSwift.framework in Frameworks */,
			);
			runOnlyForDeploymentPostprocessing = 0;
		};
		EA2ABD5A1EA2BA8A0099A091 /* Frameworks */ = {
			isa = PBXFrameworksBuildPhase;
			buildActionMask = 2147483647;
			files = (
				EAE05D961EC4C2E900DA55BF /* Alamofire.framework in Frameworks */,
				EAE05D971EC4C2E900DA55BF /* KeychainSwift.framework in Frameworks */,
				EAE05D981EC4C2E900DA55BF /* ReactiveSwift.framework in Frameworks */,
				EAE05D991EC4C2E900DA55BF /* Result.framework in Frameworks */,
				EAE05D9A1EC4C2E900DA55BF /* RxSwift.framework in Frameworks */,
				EAE05D9B1EC4C2E900DA55BF /* SocketIO.framework in Frameworks */,
			);
			runOnlyForDeploymentPostprocessing = 0;
		};
		EA301A8F1EC8BCD500114F19 /* Frameworks */ = {
			isa = PBXFrameworksBuildPhase;
			buildActionMask = 2147483647;
			files = (
				EA301A901EC8BCD500114F19 /* Feathers.framework in Frameworks */,
				EA301A911EC8BCD500114F19 /* Nimble.framework in Frameworks */,
				EA301A921EC8BCD500114F19 /* Quick.framework in Frameworks */,
			);
			runOnlyForDeploymentPostprocessing = 0;
		};
		EA301AA11EC8BD7300114F19 /* Frameworks */ = {
			isa = PBXFrameworksBuildPhase;
			buildActionMask = 2147483647;
			files = (
				EA301AA21EC8BD7300114F19 /* Feathers.framework in Frameworks */,
				EA301AA31EC8BD7300114F19 /* Nimble.framework in Frameworks */,
				EA301AA41EC8BD7300114F19 /* Quick.framework in Frameworks */,
			);
			runOnlyForDeploymentPostprocessing = 0;
		};
		EA452A631EA2B14300427CEF /* Frameworks */ = {
			isa = PBXFrameworksBuildPhase;
			buildActionMask = 2147483647;
			files = (
				EAE05D8D1EC4C2AF00DA55BF /* SocketIO.framework in Frameworks */,
				EABBAE061EBFA31300522603 /* RxSwift.framework in Frameworks */,
				EABBADCB1EBF941C00522603 /* Alamofire.framework in Frameworks */,
				EABBADCC1EBF941C00522603 /* KeychainSwift.framework in Frameworks */,
				EABBADCD1EBF941C00522603 /* ReactiveSwift.framework in Frameworks */,
				EABBADCE1EBF941C00522603 /* Result.framework in Frameworks */,
			);
			runOnlyForDeploymentPostprocessing = 0;
		};
		EABBADD11EBF94E800522603 /* Frameworks */ = {
			isa = PBXFrameworksBuildPhase;
			buildActionMask = 2147483647;
			files = (
				EABBADD91EBF94E800522603 /* Feathers.framework in Frameworks */,
				EABBADE21EBF953200522603 /* Nimble.framework in Frameworks */,
				EABBADE31EBF953200522603 /* Quick.framework in Frameworks */,
			);
			runOnlyForDeploymentPostprocessing = 0;
		};
/* End PBXFrameworksBuildPhase section */

/* Begin PBXGroup section */
		EA301AB31EC8BEAF00114F19 /* Fakes */ = {
			isa = PBXGroup;
			children = (
				EA301AB41EC8BEBD00114F19 /* Hooks.swift */,
			);
			name = Fakes;
			sourceTree = "<group>";
		};
		EA301ABD1EC8CD0B00114F19 /* Stubs */ = {
			isa = PBXGroup;
			children = (
				EA301AB91EC8CD0400114F19 /* StubProvider.swift */,
			);
			name = Stubs;
			sourceTree = "<group>";
		};
		EA44E1151EA417A7000879EB /* ReactiveSwift */ = {
			isa = PBXGroup;
			children = (
				EABBAE3C1EBFA6B200522603 /* Feathers+ReactiveSwift.swift */,
				EABBAE3D1EBFA6B200522603 /* Service+ReactiveSwift.swift */,
			);
			name = ReactiveSwift;
			sourceTree = "<group>";
		};
		EA452A5D1EA2B14300427CEF = {
			isa = PBXGroup;
			children = (
				EA452A691EA2B14300427CEF /* Feathers */,
				EABBADB01EBE77C900522603 /* FeathersTests */,
				EA452A681EA2B14300427CEF /* Products */,
				EABBADC51EBF941B00522603 /* Frameworks */,
				EA301A9B1EC8BCD500114F19 /* FeathersTests-iOS copy-Info.plist */,
				EA301AAD1EC8BD7300114F19 /* FeathersTests-macOS copy-Info.plist */,
			);
			sourceTree = "<group>";
		};
		EA452A681EA2B14300427CEF /* Products */ = {
			isa = PBXGroup;
			children = (
				EA452A671EA2B14300427CEF /* Feathers.framework */,
				EA2ABD451EA2BA6F0099A091 /* Feathers.framework */,
				EA2ABD611EA2BA8A0099A091 /* Feathers.framework */,
				EABBADD41EBF94E800522603 /* FeathersTests-iOS.xctest */,
				EA301A9A1EC8BCD500114F19 /* FeathersTests-macOS.xctest */,
				EA301AAC1EC8BD7300114F19 /* FeathersTests-tvOS.xctest */,
			);
			name = Products;
			sourceTree = "<group>";
		};
		EA452A691EA2B14300427CEF /* Feathers */ = {
			isa = PBXGroup;
			children = (
				EABBAE091EBFA69C00522603 /* Core */,
				EABBAE021EBFA2B000522603 /* RxSwift */,
				EA44E1151EA417A7000879EB /* ReactiveSwift */,
				EA452A6A1EA2B14300427CEF /* Feathers.h */,
				EA452A6B1EA2B14300427CEF /* Info.plist */,
			);
			path = Feathers;
			sourceTree = "<group>";
		};
		EABBADB01EBE77C900522603 /* FeathersTests */ = {
			isa = PBXGroup;
			children = (
				EA301ABD1EC8CD0B00114F19 /* Stubs */,
				EA301AB31EC8BEAF00114F19 /* Fakes */,
				EABBADF51EBF960C00522603 /* Info.plist */,
				EA301AAE1EC8BDB300114F19 /* HookSpec.swift */,
			);
			name = FeathersTests;
			path = "FeathersTests-iOS";
			sourceTree = "<group>";
		};
		EABBADC51EBF941B00522603 /* Frameworks */ = {
			isa = PBXGroup;
			children = (
				EAE05D901EC4C2E900DA55BF /* Alamofire.framework */,
				EAE05D911EC4C2E900DA55BF /* KeychainSwift.framework */,
				EAE05D921EC4C2E900DA55BF /* ReactiveSwift.framework */,
				EAE05D931EC4C2E900DA55BF /* Result.framework */,
				EAE05D941EC4C2E900DA55BF /* RxSwift.framework */,
				EAE05D951EC4C2E900DA55BF /* SocketIO.framework */,
				EAE05D8E1EC4C2C000DA55BF /* SocketIO.framework */,
				EAE05D7F1EC4BB2800DA55BF /* Alamofire.framework.dSYM */,
				EAE05D801EC4BB2800DA55BF /* KeychainSwift.framework.dSYM */,
				EAE05D811EC4BB2800DA55BF /* ReactiveSwift.framework.dSYM */,
				EAE05D821EC4BB2800DA55BF /* Result.framework.dSYM */,
				EAE05D831EC4BB2800DA55BF /* RxSwift.framework.dSYM */,
				EAE05D841EC4BB2800DA55BF /* SwiftWebSocket.framework.dSYM */,
				EAE05D721EC4BA7600DA55BF /* Alamofire.framework */,
				EAE05D731EC4BA7600DA55BF /* KeychainSwift.framework */,
				EAE05D741EC4BA7600DA55BF /* ReactiveSwift.framework */,
				EAE05D751EC4BA7600DA55BF /* Result.framework */,
				EAE05D761EC4BA7600DA55BF /* RxSwift.framework */,
				EAE05D771EC4BA7600DA55BF /* SwiftWebSocket.framework */,
				EAE05D701EC4B91000DA55BF /* SwiftWebSocket.framework */,
				EABBAE051EBFA31300522603 /* RxSwift.framework */,
				EABBADE91EBF95C800522603 /* Nimble.framework */,
				EABBADEA1EBF95C800522603 /* Quick.framework */,
				EABBADE01EBF953200522603 /* Nimble.framework */,
				EABBADE11EBF953200522603 /* Quick.framework */,
				EABBADC61EBF941C00522603 /* Alamofire.framework */,
				EABBADC71EBF941C00522603 /* KeychainSwift.framework */,
				EABBADC81EBF941C00522603 /* ReactiveSwift.framework */,
				EABBADC91EBF941C00522603 /* Result.framework */,
				EABBADCA1EBF941C00522603 /* SocketIO.framework */,
			);
			name = Frameworks;
			sourceTree = "<group>";
		};
		EABBAE021EBFA2B000522603 /* RxSwift */ = {
			isa = PBXGroup;
			children = (
				EABBAE461EBFA6B800522603 /* Feathers+RxSwift.swift */,
				EABBAE471EBFA6B800522603 /* Service+RxSwift.swift */,
			);
			name = RxSwift;
			sourceTree = "<group>";
		};
		EABBAE091EBFA69C00522603 /* Core */ = {
			isa = PBXGroup;
			children = (
				EABBAE121EBFA6A400522603 /* Service.swift */,
				EABBAE0A1EBFA6A400522603 /* AuthenticationConfiguration.swift */,
				EABBAE0B1EBFA6A400522603 /* AuthenticationStorage.swift */,
				EABBAE0C1EBFA6A400522603 /* Feathers.swift */,
				EABBAE0D1EBFA6A400522603 /* FeathersError.swift */,
				EABBAE0E1EBFA6A400522603 /* NSURL+QueryParameters.swift */,
				EABBAE0F1EBFA6A400522603 /* Provider.swift */,
				EABBAE101EBFA6A400522603 /* Response.swift */,
				EABBAE111EBFA6A400522603 /* RestProvider.swift */,
				EABBAE131EBFA6A400522603 /* SocketProvider.swift */,
				EAE05D691EBFDB0000DA55BF /* Endpoint.swift */,
				EA3017131EC7867E00114F19 /* Hooks.swift */,
			);
			name = Core;
			sourceTree = "<group>";
		};
/* End PBXGroup section */

/* Begin PBXHeadersBuildPhase section */
		EA2ABD3F1EA2BA6F0099A091 /* Headers */ = {
			isa = PBXHeadersBuildPhase;
			buildActionMask = 2147483647;
			files = (
				EA2ABD401EA2BA6F0099A091 /* Feathers.h in Headers */,
			);
			runOnlyForDeploymentPostprocessing = 0;
		};
		EA2ABD5B1EA2BA8A0099A091 /* Headers */ = {
			isa = PBXHeadersBuildPhase;
			buildActionMask = 2147483647;
			files = (
				EA2ABD5C1EA2BA8A0099A091 /* Feathers.h in Headers */,
			);
			runOnlyForDeploymentPostprocessing = 0;
		};
		EA452A641EA2B14300427CEF /* Headers */ = {
			isa = PBXHeadersBuildPhase;
			buildActionMask = 2147483647;
			files = (
				EA452A781EA2B14300427CEF /* Feathers.h in Headers */,
			);
			runOnlyForDeploymentPostprocessing = 0;
		};
/* End PBXHeadersBuildPhase section */

/* Begin PBXNativeTarget section */
		EA2ABD391EA2BA6F0099A091 /* Feathers-macOS */ = {
			isa = PBXNativeTarget;
			buildConfigurationList = EA2ABD421EA2BA6F0099A091 /* Build configuration list for PBXNativeTarget "Feathers-macOS" */;
			buildPhases = (
				EA2ABD3A1EA2BA6F0099A091 /* Sources */,
				EA2ABD3E1EA2BA6F0099A091 /* Frameworks */,
				EA2ABD3F1EA2BA6F0099A091 /* Headers */,
				EA2ABD411EA2BA6F0099A091 /* Resources */,
				EAE710ED1EA3B8DA002BEFE2 /* Carthage */,
				EAE05D7E1EC4BA8700DA55BF /* CopyFiles */,
			);
			buildRules = (
			);
			dependencies = (
			);
			name = "Feathers-macOS";
			productName = Feathers;
			productReference = EA2ABD451EA2BA6F0099A091 /* Feathers.framework */;
			productType = "com.apple.product-type.framework";
		};
		EA2ABD551EA2BA8A0099A091 /* Feathers-tvOS */ = {
			isa = PBXNativeTarget;
			buildConfigurationList = EA2ABD5E1EA2BA8A0099A091 /* Build configuration list for PBXNativeTarget "Feathers-tvOS" */;
			buildPhases = (
				EA2ABD561EA2BA8A0099A091 /* Sources */,
				EA2ABD5A1EA2BA8A0099A091 /* Frameworks */,
				EA2ABD5B1EA2BA8A0099A091 /* Headers */,
				EA2ABD5D1EA2BA8A0099A091 /* Resources */,
				EAE710EC1EA3B8AE002BEFE2 /* Carthage */,
			);
			buildRules = (
			);
			dependencies = (
			);
			name = "Feathers-tvOS";
			productName = Feathers;
			productReference = EA2ABD611EA2BA8A0099A091 /* Feathers.framework */;
			productType = "com.apple.product-type.framework";
		};
		EA301A8A1EC8BCD500114F19 /* FeathersTests-macOS */ = {
			isa = PBXNativeTarget;
			buildConfigurationList = EA301A971EC8BCD500114F19 /* Build configuration list for PBXNativeTarget "FeathersTests-macOS" */;
			buildPhases = (
				EA301A8D1EC8BCD500114F19 /* Sources */,
				EA301A8F1EC8BCD500114F19 /* Frameworks */,
				EA301A931EC8BCD500114F19 /* Resources */,
				EA301A941EC8BCD500114F19 /* CopyFiles */,
			);
			buildRules = (
			);
			dependencies = (
				EA301A8B1EC8BCD500114F19 /* PBXTargetDependency */,
			);
			name = "FeathersTests-macOS";
			productName = "FeathersTests-iOS";
			productReference = EA301A9A1EC8BCD500114F19 /* FeathersTests-macOS.xctest */;
			productType = "com.apple.product-type.bundle.unit-test";
		};
		EA301A9C1EC8BD7300114F19 /* FeathersTests-tvOS */ = {
			isa = PBXNativeTarget;
			buildConfigurationList = EA301AA91EC8BD7300114F19 /* Build configuration list for PBXNativeTarget "FeathersTests-tvOS" */;
			buildPhases = (
				EA301A9F1EC8BD7300114F19 /* Sources */,
				EA301AA11EC8BD7300114F19 /* Frameworks */,
				EA301AA51EC8BD7300114F19 /* Resources */,
				EA301AA61EC8BD7300114F19 /* CopyFiles */,
			);
			buildRules = (
			);
			dependencies = (
				EA301A9D1EC8BD7300114F19 /* PBXTargetDependency */,
			);
			name = "FeathersTests-tvOS";
			productName = "FeathersTests-iOS";
			productReference = EA301AAC1EC8BD7300114F19 /* FeathersTests-tvOS.xctest */;
			productType = "com.apple.product-type.bundle.unit-test";
		};
		EA452A661EA2B14300427CEF /* Feathers-iOS */ = {
			isa = PBXNativeTarget;
			buildConfigurationList = EA452A7B1EA2B14300427CEF /* Build configuration list for PBXNativeTarget "Feathers-iOS" */;
			buildPhases = (
				EA452A621EA2B14300427CEF /* Sources */,
				EA452A631EA2B14300427CEF /* Frameworks */,
				EA452A641EA2B14300427CEF /* Headers */,
				EA452A651EA2B14300427CEF /* Resources */,
				EAE710DA1EA2CC6E002BEFE2 /* Carthage */,
			);
			buildRules = (
			);
			dependencies = (
			);
			name = "Feathers-iOS";
			productName = Feathers;
			productReference = EA452A671EA2B14300427CEF /* Feathers.framework */;
			productType = "com.apple.product-type.framework";
		};
		EABBADD31EBF94E800522603 /* FeathersTests-iOS */ = {
			isa = PBXNativeTarget;
			buildConfigurationList = EABBADDC1EBF94E800522603 /* Build configuration list for PBXNativeTarget "FeathersTests-iOS" */;
			buildPhases = (
				EABBADD01EBF94E800522603 /* Sources */,
				EABBADD11EBF94E800522603 /* Frameworks */,
				EABBADD21EBF94E800522603 /* Resources */,
				EABBADE41EBF959B00522603 /* CopyFiles */,
			);
			buildRules = (
			);
			dependencies = (
				EABBADDB1EBF94E800522603 /* PBXTargetDependency */,
			);
			name = "FeathersTests-iOS";
			productName = "FeathersTests-iOS";
			productReference = EABBADD41EBF94E800522603 /* FeathersTests-iOS.xctest */;
			productType = "com.apple.product-type.bundle.unit-test";
		};
/* End PBXNativeTarget section */

/* Begin PBXProject section */
		EA452A5E1EA2B14300427CEF /* Project object */ = {
			isa = PBXProject;
			attributes = {
				LastSwiftUpdateCheck = 0830;
				LastUpgradeCheck = 0830;
				ORGANIZATIONNAME = "Swoopy Studios";
				TargetAttributes = {
					EA2ABD391EA2BA6F0099A091 = {
						DevelopmentTeam = 8959XVXX2J;
					};
					EA2ABD551EA2BA8A0099A091 = {
						DevelopmentTeam = 8959XVXX2J;
					};
					EA301A8A1EC8BCD500114F19 = {
						DevelopmentTeam = 8959XVXX2J;
					};
					EA301A9C1EC8BD7300114F19 = {
						DevelopmentTeam = 8959XVXX2J;
					};
					EA452A661EA2B14300427CEF = {
						CreatedOnToolsVersion = 8.3.1;
						DevelopmentTeam = 8959XVXX2J;
						LastSwiftMigration = 0830;
						ProvisioningStyle = Automatic;
					};
					EABBADD31EBF94E800522603 = {
						CreatedOnToolsVersion = 8.3.2;
						DevelopmentTeam = 8959XVXX2J;
						LastSwiftMigration = 0830;
						ProvisioningStyle = Automatic;
					};
				};
			};
			buildConfigurationList = EA452A611EA2B14300427CEF /* Build configuration list for PBXProject "Feathers" */;
			compatibilityVersion = "Xcode 3.2";
			developmentRegion = English;
			hasScannedForEncodings = 0;
			knownRegions = (
				en,
			);
			mainGroup = EA452A5D1EA2B14300427CEF;
			productRefGroup = EA452A681EA2B14300427CEF /* Products */;
			projectDirPath = "";
			projectRoot = "";
			targets = (
				EA452A661EA2B14300427CEF /* Feathers-iOS */,
				EA2ABD391EA2BA6F0099A091 /* Feathers-macOS */,
				EA2ABD551EA2BA8A0099A091 /* Feathers-tvOS */,
				EABBADD31EBF94E800522603 /* FeathersTests-iOS */,
				EA301A8A1EC8BCD500114F19 /* FeathersTests-macOS */,
				EA301A9C1EC8BD7300114F19 /* FeathersTests-tvOS */,
			);
		};
/* End PBXProject section */

/* Begin PBXResourcesBuildPhase section */
		EA2ABD411EA2BA6F0099A091 /* Resources */ = {
			isa = PBXResourcesBuildPhase;
			buildActionMask = 2147483647;
			files = (
			);
			runOnlyForDeploymentPostprocessing = 0;
		};
		EA2ABD5D1EA2BA8A0099A091 /* Resources */ = {
			isa = PBXResourcesBuildPhase;
			buildActionMask = 2147483647;
			files = (
			);
			runOnlyForDeploymentPostprocessing = 0;
		};
		EA301A931EC8BCD500114F19 /* Resources */ = {
			isa = PBXResourcesBuildPhase;
			buildActionMask = 2147483647;
			files = (
			);
			runOnlyForDeploymentPostprocessing = 0;
		};
		EA301AA51EC8BD7300114F19 /* Resources */ = {
			isa = PBXResourcesBuildPhase;
			buildActionMask = 2147483647;
			files = (
			);
			runOnlyForDeploymentPostprocessing = 0;
		};
		EA452A651EA2B14300427CEF /* Resources */ = {
			isa = PBXResourcesBuildPhase;
			buildActionMask = 2147483647;
			files = (
			);
			runOnlyForDeploymentPostprocessing = 0;
		};
		EABBADD21EBF94E800522603 /* Resources */ = {
			isa = PBXResourcesBuildPhase;
			buildActionMask = 2147483647;
			files = (
			);
			runOnlyForDeploymentPostprocessing = 0;
		};
/* End PBXResourcesBuildPhase section */

/* Begin PBXShellScriptBuildPhase section */
		EAE710DA1EA2CC6E002BEFE2 /* Carthage */ = {
			isa = PBXShellScriptBuildPhase;
			buildActionMask = 2147483647;
			files = (
			);
			inputPaths = (
				"$(SRCROOT)/Carthage/Build/iOS/Alamofire.framework",
				"$(SRCROOT)/Carthage/Build/iOS/ReactiveSwift.framework",
				"$(SRCROOT)/Carthage/Build/iOS/Result.framework",
				"$(SRCROOT)/Carthage/Build/iOS/SocketIO.framework",
				"$(SRCROOT)/Carthage/Build/iOS/KeychainSwift.framework",
				"$(SRCROOT)/Carthage/Build/iOS/RxSwift.framework",
			);
			name = Carthage;
			outputPaths = (
			);
			runOnlyForDeploymentPostprocessing = 0;
			shellPath = /bin/sh;
			shellScript = "/usr/local/bin/carthage copy-frameworks";
		};
		EAE710EC1EA3B8AE002BEFE2 /* Carthage */ = {
			isa = PBXShellScriptBuildPhase;
			buildActionMask = 2147483647;
			files = (
			);
			inputPaths = (
				"$(SRCROOT)/Carthage/Build/tvOS/Alamofire.framework",
				"$(SRCROOT)/Carthage/Build/tvOS/ReactiveSwift.framework",
				"$(SRCROOT)/Carthage/Build/tvOS/Result.framework",
				"$(SRCROOT)/Carthage/Build/tvOS/SocketIO.framework",
				"$(SRCROOT)/Carthage/Build/tvOS/KeychainSwift.framework",
				"$(SRCROOT)/Carthage/Build/tvOS/RxSwift.framework",
			);
			name = Carthage;
			outputPaths = (
			);
			runOnlyForDeploymentPostprocessing = 0;
			shellPath = /bin/sh;
			shellScript = "/usr/local/bin/carthage copy-frameworks";
		};
		EAE710ED1EA3B8DA002BEFE2 /* Carthage */ = {
			isa = PBXShellScriptBuildPhase;
			buildActionMask = 2147483647;
			files = (
			);
			inputPaths = (
				"$(SRCROOT)/Carthage/Build/Mac/Alamofire.framework",
				"$(SRCROOT)/Carthage/Build/Mac/ReactiveSwift.framework",
				"$(SRCROOT)/Carthage/Build/Mac/Result.framework",
				"$(SRCROOT)/Carthage/Build/Mac/SocketIO.framework",
				"$(SRCROOT)/Carthage/Build/Mac/KeychainSwift.framework",
				"$(SRCROOT)/Carthage/Build/Mac/RxSwift.framework",
			);
			name = Carthage;
			outputPaths = (
			);
			runOnlyForDeploymentPostprocessing = 0;
			shellPath = /bin/sh;
			shellScript = "/usr/local/bin/carthage copy-frameworks";
		};
/* End PBXShellScriptBuildPhase section */

/* Begin PBXSourcesBuildPhase section */
		EA2ABD3A1EA2BA6F0099A091 /* Sources */ = {
			isa = PBXSourcesBuildPhase;
			buildActionMask = 2147483647;
			files = (
				EABBAE491EBFA6B800522603 /* Feathers+RxSwift.swift in Sources */,
				EABBAE391EBFA6A400522603 /* SocketProvider.swift in Sources */,
				EABBAE211EBFA6A400522603 /* FeathersError.swift in Sources */,
				EABBAE1D1EBFA6A400522603 /* Feathers.swift in Sources */,
				EAE05D8B1EC4BB5100DA55BF /* Endpoint.swift in Sources */,
				EABBAE191EBFA6A400522603 /* AuthenticationStorage.swift in Sources */,
				EABBAE2D1EBFA6A400522603 /* Response.swift in Sources */,
				EABBAE3F1EBFA6B200522603 /* Feathers+ReactiveSwift.swift in Sources */,
				EABBAE351EBFA6A400522603 /* Service.swift in Sources */,
				EABBAE291EBFA6A400522603 /* Provider.swift in Sources */,
				EABBAE151EBFA6A400522603 /* AuthenticationConfiguration.swift in Sources */,
				EABBAE311EBFA6A400522603 /* RestProvider.swift in Sources */,
				EABBAE431EBFA6B200522603 /* Service+ReactiveSwift.swift in Sources */,
				EABBAE251EBFA6A400522603 /* NSURL+QueryParameters.swift in Sources */,
				EABBAE4D1EBFA6B800522603 /* Service+RxSwift.swift in Sources */,
			);
			runOnlyForDeploymentPostprocessing = 0;
		};
		EA2ABD561EA2BA8A0099A091 /* Sources */ = {
			isa = PBXSourcesBuildPhase;
			buildActionMask = 2147483647;
			files = (
				EABBAE4A1EBFA6B800522603 /* Feathers+RxSwift.swift in Sources */,
				EABBAE3A1EBFA6A400522603 /* SocketProvider.swift in Sources */,
				EABBAE221EBFA6A400522603 /* FeathersError.swift in Sources */,
				EABBAE1E1EBFA6A400522603 /* Feathers.swift in Sources */,
				EAE05D8C1EC4BB5100DA55BF /* Endpoint.swift in Sources */,
				EABBAE1A1EBFA6A400522603 /* AuthenticationStorage.swift in Sources */,
				EABBAE2E1EBFA6A400522603 /* Response.swift in Sources */,
				EABBAE401EBFA6B200522603 /* Feathers+ReactiveSwift.swift in Sources */,
				EABBAE361EBFA6A400522603 /* Service.swift in Sources */,
				EABBAE2A1EBFA6A400522603 /* Provider.swift in Sources */,
				EABBAE161EBFA6A400522603 /* AuthenticationConfiguration.swift in Sources */,
				EABBAE321EBFA6A400522603 /* RestProvider.swift in Sources */,
				EABBAE441EBFA6B200522603 /* Service+ReactiveSwift.swift in Sources */,
				EABBAE261EBFA6A400522603 /* NSURL+QueryParameters.swift in Sources */,
				EABBAE4E1EBFA6B800522603 /* Service+RxSwift.swift in Sources */,
			);
			runOnlyForDeploymentPostprocessing = 0;
		};
		EA301A8D1EC8BCD500114F19 /* Sources */ = {
			isa = PBXSourcesBuildPhase;
			buildActionMask = 2147483647;
			files = (
				EA301AB71EC8BEFF00114F19 /* Hooks.swift in Sources */,
				EA301ABB1EC8CD0400114F19 /* StubProvider.swift in Sources */,
				EA301AB11EC8BDC300114F19 /* HookSpec.swift in Sources */,
			);
			runOnlyForDeploymentPostprocessing = 0;
		};
		EA301A9F1EC8BD7300114F19 /* Sources */ = {
			isa = PBXSourcesBuildPhase;
			buildActionMask = 2147483647;
			files = (
				EA301AB61EC8BEFF00114F19 /* Hooks.swift in Sources */,
				EA301ABC1EC8CD0400114F19 /* StubProvider.swift in Sources */,
				EA301AB21EC8BDC400114F19 /* HookSpec.swift in Sources */,
			);
			runOnlyForDeploymentPostprocessing = 0;
		};
		EA452A621EA2B14300427CEF /* Sources */ = {
			isa = PBXSourcesBuildPhase;
			buildActionMask = 2147483647;
			files = (
				EABBAE481EBFA6B800522603 /* Feathers+RxSwift.swift in Sources */,
				EABBAE381EBFA6A400522603 /* SocketProvider.swift in Sources */,
				EABBAE201EBFA6A400522603 /* FeathersError.swift in Sources */,
				EABBAE1C1EBFA6A400522603 /* Feathers.swift in Sources */,
				EAE05D6A1EBFDB0000DA55BF /* Endpoint.swift in Sources */,
				EABBAE181EBFA6A400522603 /* AuthenticationStorage.swift in Sources */,
				EABBAE2C1EBFA6A400522603 /* Response.swift in Sources */,
				EABBAE3E1EBFA6B200522603 /* Feathers+ReactiveSwift.swift in Sources */,
				EABBAE341EBFA6A400522603 /* Service.swift in Sources */,
				EABBAE281EBFA6A400522603 /* Provider.swift in Sources */,
				EA3017141EC7867E00114F19 /* Hooks.swift in Sources */,
				EABBAE141EBFA6A400522603 /* AuthenticationConfiguration.swift in Sources */,
				EABBAE301EBFA6A400522603 /* RestProvider.swift in Sources */,
				EABBAE421EBFA6B200522603 /* Service+ReactiveSwift.swift in Sources */,
				EABBAE241EBFA6A400522603 /* NSURL+QueryParameters.swift in Sources */,
				EABBAE4C1EBFA6B800522603 /* Service+RxSwift.swift in Sources */,
			);
			runOnlyForDeploymentPostprocessing = 0;
		};
		EABBADD01EBF94E800522603 /* Sources */ = {
			isa = PBXSourcesBuildPhase;
			buildActionMask = 2147483647;
			files = (
				EA301AB81EC8BF0000114F19 /* Hooks.swift in Sources */,
				EA301ABA1EC8CD0400114F19 /* StubProvider.swift in Sources */,
				EA301AB01EC8BDC300114F19 /* HookSpec.swift in Sources */,
			);
			runOnlyForDeploymentPostprocessing = 0;
		};
/* End PBXSourcesBuildPhase section */

/* Begin PBXTargetDependency section */
		EA301A8B1EC8BCD500114F19 /* PBXTargetDependency */ = {
			isa = PBXTargetDependency;
			target = EA452A661EA2B14300427CEF /* Feathers-iOS */;
			targetProxy = EA301A8C1EC8BCD500114F19 /* PBXContainerItemProxy */;
		};
		EA301A9D1EC8BD7300114F19 /* PBXTargetDependency */ = {
			isa = PBXTargetDependency;
			target = EA452A661EA2B14300427CEF /* Feathers-iOS */;
			targetProxy = EA301A9E1EC8BD7300114F19 /* PBXContainerItemProxy */;
		};
		EABBADDB1EBF94E800522603 /* PBXTargetDependency */ = {
			isa = PBXTargetDependency;
			target = EA452A661EA2B14300427CEF /* Feathers-iOS */;
			targetProxy = EABBADDA1EBF94E800522603 /* PBXContainerItemProxy */;
		};
/* End PBXTargetDependency section */

/* Begin XCBuildConfiguration section */
		EA2ABD431EA2BA6F0099A091 /* Debug */ = {
			isa = XCBuildConfiguration;
			buildSettings = {
				CLANG_ENABLE_MODULES = YES;
				CODE_SIGN_IDENTITY = "";
				DEFINES_MODULE = YES;
				DEVELOPMENT_TEAM = 8959XVXX2J;
				DYLIB_COMPATIBILITY_VERSION = 1;
				DYLIB_CURRENT_VERSION = 1;
				DYLIB_INSTALL_NAME_BASE = "@rpath";
				FRAMEWORK_SEARCH_PATHS = (
					"$(inherited)",
					"$(PROJECT_DIR)/Carthage/Build/Mac",
				);
				INFOPLIST_FILE = "$(SRCROOT)/Feathers/Info.plist";
				INSTALL_PATH = "$(LOCAL_LIBRARY_DIR)/Frameworks";
				IPHONEOS_DEPLOYMENT_TARGET = 8.0;
				LD_RUNPATH_SEARCH_PATHS = "$(inherited) @executable_path/Frameworks @loader_path/Frameworks";
				MACOSX_DEPLOYMENT_TARGET = 10.10;
				PRODUCT_BUNDLE_IDENTIFIER = com.feathersjs.Feathers;
				PRODUCT_NAME = Feathers;
				SDKROOT = macosx;
				SKIP_INSTALL = YES;
				SWIFT_OPTIMIZATION_LEVEL = "-Onone";
				SWIFT_VERSION = 3.0;
				TVOS_DEPLOYMENT_TARGET = 9.0;
			};
			name = Debug;
		};
		EA2ABD441EA2BA6F0099A091 /* Release */ = {
			isa = XCBuildConfiguration;
			buildSettings = {
				CLANG_ENABLE_MODULES = YES;
				CODE_SIGN_IDENTITY = "";
				DEFINES_MODULE = YES;
				DEVELOPMENT_TEAM = 8959XVXX2J;
				DYLIB_COMPATIBILITY_VERSION = 1;
				DYLIB_CURRENT_VERSION = 1;
				DYLIB_INSTALL_NAME_BASE = "@rpath";
				FRAMEWORK_SEARCH_PATHS = (
					"$(inherited)",
					"$(PROJECT_DIR)/Carthage/Build/Mac",
				);
				INFOPLIST_FILE = "$(SRCROOT)/Feathers/Info.plist";
				INSTALL_PATH = "$(LOCAL_LIBRARY_DIR)/Frameworks";
				IPHONEOS_DEPLOYMENT_TARGET = 8.0;
				LD_RUNPATH_SEARCH_PATHS = "$(inherited) @executable_path/Frameworks @loader_path/Frameworks";
				MACOSX_DEPLOYMENT_TARGET = 10.10;
				PRODUCT_BUNDLE_IDENTIFIER = com.feathersjs.Feathers;
				PRODUCT_NAME = Feathers;
				SDKROOT = macosx;
				SKIP_INSTALL = YES;
				SWIFT_VERSION = 3.0;
				TVOS_DEPLOYMENT_TARGET = 9.0;
			};
			name = Release;
		};
		EA2ABD5F1EA2BA8A0099A091 /* Debug */ = {
			isa = XCBuildConfiguration;
			buildSettings = {
				CLANG_ENABLE_MODULES = YES;
				CODE_SIGN_IDENTITY = "";
				DEFINES_MODULE = YES;
				DEVELOPMENT_TEAM = 8959XVXX2J;
				DYLIB_COMPATIBILITY_VERSION = 1;
				DYLIB_CURRENT_VERSION = 1;
				DYLIB_INSTALL_NAME_BASE = "@rpath";
				FRAMEWORK_SEARCH_PATHS = (
					"$(inherited)",
					"$(PROJECT_DIR)/Carthage/Build/tvOS",
				);
				INFOPLIST_FILE = "$(SRCROOT)/Feathers/Info.plist";
				INSTALL_PATH = "$(LOCAL_LIBRARY_DIR)/Frameworks";
				IPHONEOS_DEPLOYMENT_TARGET = 8.0;
				LD_RUNPATH_SEARCH_PATHS = "$(inherited) @executable_path/Frameworks @loader_path/Frameworks";
				MACOSX_DEPLOYMENT_TARGET = 10.10;
				PRODUCT_BUNDLE_IDENTIFIER = com.feathersjs.Feathers;
				PRODUCT_NAME = Feathers;
				SDKROOT = appletvos;
				SKIP_INSTALL = YES;
				SWIFT_OPTIMIZATION_LEVEL = "-Onone";
				SWIFT_VERSION = 3.0;
				TVOS_DEPLOYMENT_TARGET = 9.0;
			};
			name = Debug;
		};
		EA2ABD601EA2BA8A0099A091 /* Release */ = {
			isa = XCBuildConfiguration;
			buildSettings = {
				CLANG_ENABLE_MODULES = YES;
				CODE_SIGN_IDENTITY = "";
				DEFINES_MODULE = YES;
				DEVELOPMENT_TEAM = 8959XVXX2J;
				DYLIB_COMPATIBILITY_VERSION = 1;
				DYLIB_CURRENT_VERSION = 1;
				DYLIB_INSTALL_NAME_BASE = "@rpath";
				FRAMEWORK_SEARCH_PATHS = (
					"$(inherited)",
					"$(PROJECT_DIR)/Carthage/Build/tvOS",
				);
				INFOPLIST_FILE = "$(SRCROOT)/Feathers/Info.plist";
				INSTALL_PATH = "$(LOCAL_LIBRARY_DIR)/Frameworks";
				IPHONEOS_DEPLOYMENT_TARGET = 8.0;
				LD_RUNPATH_SEARCH_PATHS = "$(inherited) @executable_path/Frameworks @loader_path/Frameworks";
				MACOSX_DEPLOYMENT_TARGET = 10.10;
				PRODUCT_BUNDLE_IDENTIFIER = com.feathersjs.Feathers;
				PRODUCT_NAME = Feathers;
				SDKROOT = appletvos;
				SKIP_INSTALL = YES;
				SWIFT_VERSION = 3.0;
				TVOS_DEPLOYMENT_TARGET = 9.0;
			};
			name = Release;
		};
		EA301A981EC8BCD500114F19 /* Debug */ = {
			isa = XCBuildConfiguration;
			buildSettings = {
				CLANG_ENABLE_MODULES = YES;
				DEVELOPMENT_TEAM = 8959XVXX2J;
				FRAMEWORK_SEARCH_PATHS = (
					"$(inherited)",
					"$(PROJECT_DIR)/Carthage/Build/iOS",
				);
				INFOPLIST_FILE = "FeathersTests-iOS copy-Info.plist";
				IPHONEOS_DEPLOYMENT_TARGET = 8.0;
				LD_RUNPATH_SEARCH_PATHS = "$(inherited) @executable_path/Frameworks @loader_path/Frameworks";
				MACOSX_DEPLOYMENT_TARGET = 10.10;
				PRODUCT_BUNDLE_IDENTIFIER = "com.swoopystudios.FeathersTests-iOS";
				PRODUCT_NAME = "$(TARGET_NAME)";
				SDKROOT = macosx;
				SWIFT_OPTIMIZATION_LEVEL = "-Onone";
				SWIFT_VERSION = 3.0;
				TVOS_DEPLOYMENT_TARGET = 9.0;
			};
			name = Debug;
		};
		EA301A991EC8BCD500114F19 /* Release */ = {
			isa = XCBuildConfiguration;
			buildSettings = {
				CLANG_ENABLE_MODULES = YES;
				DEVELOPMENT_TEAM = 8959XVXX2J;
				FRAMEWORK_SEARCH_PATHS = (
					"$(inherited)",
					"$(PROJECT_DIR)/Carthage/Build/iOS",
				);
				INFOPLIST_FILE = "FeathersTests-iOS copy-Info.plist";
				IPHONEOS_DEPLOYMENT_TARGET = 8.0;
				LD_RUNPATH_SEARCH_PATHS = "$(inherited) @executable_path/Frameworks @loader_path/Frameworks";
				MACOSX_DEPLOYMENT_TARGET = 10.10;
				PRODUCT_BUNDLE_IDENTIFIER = "com.swoopystudios.FeathersTests-iOS";
				PRODUCT_NAME = "$(TARGET_NAME)";
				SDKROOT = macosx;
				SWIFT_VERSION = 3.0;
				TVOS_DEPLOYMENT_TARGET = 9.0;
			};
			name = Release;
		};
		EA301AAA1EC8BD7300114F19 /* Debug */ = {
			isa = XCBuildConfiguration;
			buildSettings = {
				CLANG_ENABLE_MODULES = YES;
				DEVELOPMENT_TEAM = 8959XVXX2J;
				FRAMEWORK_SEARCH_PATHS = (
					"$(inherited)",
					"$(PROJECT_DIR)/Carthage/Build/iOS",
				);
				INFOPLIST_FILE = "FeathersTests-macOS copy-Info.plist";
				IPHONEOS_DEPLOYMENT_TARGET = 8.0;
				LD_RUNPATH_SEARCH_PATHS = "$(inherited) @executable_path/Frameworks @loader_path/Frameworks";
				MACOSX_DEPLOYMENT_TARGET = 10.10;
				PRODUCT_BUNDLE_IDENTIFIER = "com.swoopystudios.FeathersTests-iOS";
				PRODUCT_NAME = "$(TARGET_NAME)";
				SDKROOT = appletvos;
				SWIFT_OPTIMIZATION_LEVEL = "-Onone";
				SWIFT_VERSION = 3.0;
				TVOS_DEPLOYMENT_TARGET = 9.0;
			};
			name = Debug;
		};
		EA301AAB1EC8BD7300114F19 /* Release */ = {
			isa = XCBuildConfiguration;
			buildSettings = {
				CLANG_ENABLE_MODULES = YES;
				DEVELOPMENT_TEAM = 8959XVXX2J;
				FRAMEWORK_SEARCH_PATHS = (
					"$(inherited)",
					"$(PROJECT_DIR)/Carthage/Build/iOS",
				);
				INFOPLIST_FILE = "FeathersTests-macOS copy-Info.plist";
				IPHONEOS_DEPLOYMENT_TARGET = 8.0;
				LD_RUNPATH_SEARCH_PATHS = "$(inherited) @executable_path/Frameworks @loader_path/Frameworks";
				MACOSX_DEPLOYMENT_TARGET = 10.10;
				PRODUCT_BUNDLE_IDENTIFIER = "com.swoopystudios.FeathersTests-iOS";
				PRODUCT_NAME = "$(TARGET_NAME)";
				SDKROOT = appletvos;
				SWIFT_VERSION = 3.0;
				TVOS_DEPLOYMENT_TARGET = 9.0;
			};
			name = Release;
		};
		EA452A791EA2B14300427CEF /* Debug */ = {
			isa = XCBuildConfiguration;
			buildSettings = {
				ALWAYS_SEARCH_USER_PATHS = NO;
				CLANG_ANALYZER_NONNULL = YES;
				CLANG_ANALYZER_NUMBER_OBJECT_CONVERSION = YES_AGGRESSIVE;
				CLANG_CXX_LANGUAGE_STANDARD = "gnu++0x";
				CLANG_CXX_LIBRARY = "libc++";
				CLANG_ENABLE_MODULES = YES;
				CLANG_ENABLE_OBJC_ARC = YES;
				CLANG_WARN_BOOL_CONVERSION = YES;
				CLANG_WARN_CONSTANT_CONVERSION = YES;
				CLANG_WARN_DIRECT_OBJC_ISA_USAGE = YES_ERROR;
				CLANG_WARN_DOCUMENTATION_COMMENTS = YES;
				CLANG_WARN_EMPTY_BODY = YES;
				CLANG_WARN_ENUM_CONVERSION = YES;
				CLANG_WARN_INFINITE_RECURSION = YES;
				CLANG_WARN_INT_CONVERSION = YES;
				CLANG_WARN_OBJC_ROOT_CLASS = YES_ERROR;
				CLANG_WARN_SUSPICIOUS_MOVE = YES;
				CLANG_WARN_UNREACHABLE_CODE = YES;
				CLANG_WARN__DUPLICATE_METHOD_MATCH = YES;
				"CODE_SIGN_IDENTITY[sdk=iphoneos*]" = "iPhone Developer";
				COPY_PHASE_STRIP = NO;
				CURRENT_PROJECT_VERSION = 1;
				DEBUG_INFORMATION_FORMAT = dwarf;
				ENABLE_STRICT_OBJC_MSGSEND = YES;
				ENABLE_TESTABILITY = YES;
				GCC_C_LANGUAGE_STANDARD = gnu99;
				GCC_DYNAMIC_NO_PIC = NO;
				GCC_NO_COMMON_BLOCKS = YES;
				GCC_OPTIMIZATION_LEVEL = 0;
				GCC_PREPROCESSOR_DEFINITIONS = (
					"DEBUG=1",
					"$(inherited)",
				);
				GCC_WARN_64_TO_32_BIT_CONVERSION = YES;
				GCC_WARN_ABOUT_RETURN_TYPE = YES_ERROR;
				GCC_WARN_UNDECLARED_SELECTOR = YES;
				GCC_WARN_UNINITIALIZED_AUTOS = YES_AGGRESSIVE;
				GCC_WARN_UNUSED_FUNCTION = YES;
				GCC_WARN_UNUSED_VARIABLE = YES;
				IPHONEOS_DEPLOYMENT_TARGET = 10.3;
				MTL_ENABLE_DEBUG_INFO = YES;
				ONLY_ACTIVE_ARCH = YES;
				PRODUCT_NAME = Feathers;
				SDKROOT = iphoneos;
				SWIFT_ACTIVE_COMPILATION_CONDITIONS = DEBUG;
				SWIFT_OPTIMIZATION_LEVEL = "-Onone";
				TARGETED_DEVICE_FAMILY = "1,2";
				VERSIONING_SYSTEM = "apple-generic";
				VERSION_INFO_PREFIX = "";
			};
			name = Debug;
		};
		EA452A7A1EA2B14300427CEF /* Release */ = {
			isa = XCBuildConfiguration;
			buildSettings = {
				ALWAYS_SEARCH_USER_PATHS = NO;
				CLANG_ANALYZER_NONNULL = YES;
				CLANG_ANALYZER_NUMBER_OBJECT_CONVERSION = YES_AGGRESSIVE;
				CLANG_CXX_LANGUAGE_STANDARD = "gnu++0x";
				CLANG_CXX_LIBRARY = "libc++";
				CLANG_ENABLE_MODULES = YES;
				CLANG_ENABLE_OBJC_ARC = YES;
				CLANG_WARN_BOOL_CONVERSION = YES;
				CLANG_WARN_CONSTANT_CONVERSION = YES;
				CLANG_WARN_DIRECT_OBJC_ISA_USAGE = YES_ERROR;
				CLANG_WARN_DOCUMENTATION_COMMENTS = YES;
				CLANG_WARN_EMPTY_BODY = YES;
				CLANG_WARN_ENUM_CONVERSION = YES;
				CLANG_WARN_INFINITE_RECURSION = YES;
				CLANG_WARN_INT_CONVERSION = YES;
				CLANG_WARN_OBJC_ROOT_CLASS = YES_ERROR;
				CLANG_WARN_SUSPICIOUS_MOVE = YES;
				CLANG_WARN_UNREACHABLE_CODE = YES;
				CLANG_WARN__DUPLICATE_METHOD_MATCH = YES;
				"CODE_SIGN_IDENTITY[sdk=iphoneos*]" = "iPhone Developer";
				COPY_PHASE_STRIP = NO;
				CURRENT_PROJECT_VERSION = 1;
				DEBUG_INFORMATION_FORMAT = "dwarf-with-dsym";
				ENABLE_NS_ASSERTIONS = NO;
				ENABLE_STRICT_OBJC_MSGSEND = YES;
				GCC_C_LANGUAGE_STANDARD = gnu99;
				GCC_NO_COMMON_BLOCKS = YES;
				GCC_WARN_64_TO_32_BIT_CONVERSION = YES;
				GCC_WARN_ABOUT_RETURN_TYPE = YES_ERROR;
				GCC_WARN_UNDECLARED_SELECTOR = YES;
				GCC_WARN_UNINITIALIZED_AUTOS = YES_AGGRESSIVE;
				GCC_WARN_UNUSED_FUNCTION = YES;
				GCC_WARN_UNUSED_VARIABLE = YES;
				IPHONEOS_DEPLOYMENT_TARGET = 10.3;
				MTL_ENABLE_DEBUG_INFO = NO;
				PRODUCT_NAME = Feathers;
				SDKROOT = iphoneos;
				SWIFT_OPTIMIZATION_LEVEL = "-Owholemodule";
				TARGETED_DEVICE_FAMILY = "1,2";
				VALIDATE_PRODUCT = YES;
				VERSIONING_SYSTEM = "apple-generic";
				VERSION_INFO_PREFIX = "";
			};
			name = Release;
		};
		EA452A7C1EA2B14300427CEF /* Debug */ = {
			isa = XCBuildConfiguration;
			buildSettings = {
				CLANG_ENABLE_MODULES = YES;
				CODE_SIGN_IDENTITY = "";
				DEFINES_MODULE = YES;
				DEVELOPMENT_TEAM = 8959XVXX2J;
				DYLIB_COMPATIBILITY_VERSION = 1;
				DYLIB_CURRENT_VERSION = 1;
				DYLIB_INSTALL_NAME_BASE = "@rpath";
				FRAMEWORK_SEARCH_PATHS = (
					"$(inherited)",
					"$(PROJECT_DIR)/Carthage/Build/iOS",
				);
				INFOPLIST_FILE = Feathers/Info.plist;
				INSTALL_PATH = "$(LOCAL_LIBRARY_DIR)/Frameworks";
				IPHONEOS_DEPLOYMENT_TARGET = 8.0;
				LD_RUNPATH_SEARCH_PATHS = "$(inherited) @executable_path/Frameworks @loader_path/Frameworks";
				MACOSX_DEPLOYMENT_TARGET = 10.10;
				PRODUCT_BUNDLE_IDENTIFIER = com.feathersjs.Feathers;
				PRODUCT_NAME = Feathers;
				SKIP_INSTALL = YES;
				SWIFT_OPTIMIZATION_LEVEL = "-Onone";
				SWIFT_VERSION = 3.0;
				TVOS_DEPLOYMENT_TARGET = 9.0;
			};
			name = Debug;
		};
		EA452A7D1EA2B14300427CEF /* Release */ = {
			isa = XCBuildConfiguration;
			buildSettings = {
				CLANG_ENABLE_MODULES = YES;
				CODE_SIGN_IDENTITY = "";
				DEFINES_MODULE = YES;
				DEVELOPMENT_TEAM = 8959XVXX2J;
				DYLIB_COMPATIBILITY_VERSION = 1;
				DYLIB_CURRENT_VERSION = 1;
				DYLIB_INSTALL_NAME_BASE = "@rpath";
				FRAMEWORK_SEARCH_PATHS = (
					"$(inherited)",
					"$(PROJECT_DIR)/Carthage/Build/iOS",
				);
				INFOPLIST_FILE = Feathers/Info.plist;
				INSTALL_PATH = "$(LOCAL_LIBRARY_DIR)/Frameworks";
				IPHONEOS_DEPLOYMENT_TARGET = 8.0;
				LD_RUNPATH_SEARCH_PATHS = "$(inherited) @executable_path/Frameworks @loader_path/Frameworks";
				MACOSX_DEPLOYMENT_TARGET = 10.10;
				PRODUCT_BUNDLE_IDENTIFIER = com.feathersjs.Feathers;
				PRODUCT_NAME = Feathers;
				SKIP_INSTALL = YES;
				SWIFT_VERSION = 3.0;
				TVOS_DEPLOYMENT_TARGET = 9.0;
			};
			name = Release;
		};
		EABBADDD1EBF94E800522603 /* Debug */ = {
			isa = XCBuildConfiguration;
			buildSettings = {
				CLANG_ENABLE_MODULES = YES;
				DEVELOPMENT_TEAM = 8959XVXX2J;
				FRAMEWORK_SEARCH_PATHS = (
					"$(inherited)",
					"$(PROJECT_DIR)/Carthage/Build/iOS",
				);
				INFOPLIST_FILE = FeathersTests/Info.plist;
				IPHONEOS_DEPLOYMENT_TARGET = 8.0;
				LD_RUNPATH_SEARCH_PATHS = "$(inherited) @executable_path/Frameworks @loader_path/Frameworks";
				MACOSX_DEPLOYMENT_TARGET = 10.10;
				PRODUCT_BUNDLE_IDENTIFIER = "com.swoopystudios.FeathersTests-iOS";
				PRODUCT_NAME = "$(TARGET_NAME)";
				SWIFT_OPTIMIZATION_LEVEL = "-Onone";
				SWIFT_VERSION = 3.0;
				TVOS_DEPLOYMENT_TARGET = 9.0;
			};
			name = Debug;
		};
		EABBADDE1EBF94E800522603 /* Release */ = {
			isa = XCBuildConfiguration;
			buildSettings = {
				CLANG_ENABLE_MODULES = YES;
				DEVELOPMENT_TEAM = 8959XVXX2J;
				FRAMEWORK_SEARCH_PATHS = (
					"$(inherited)",
					"$(PROJECT_DIR)/Carthage/Build/iOS",
				);
				INFOPLIST_FILE = FeathersTests/Info.plist;
				IPHONEOS_DEPLOYMENT_TARGET = 8.0;
				LD_RUNPATH_SEARCH_PATHS = "$(inherited) @executable_path/Frameworks @loader_path/Frameworks";
				MACOSX_DEPLOYMENT_TARGET = 10.10;
				PRODUCT_BUNDLE_IDENTIFIER = "com.swoopystudios.FeathersTests-iOS";
				PRODUCT_NAME = "$(TARGET_NAME)";
				SWIFT_VERSION = 3.0;
				TVOS_DEPLOYMENT_TARGET = 9.0;
			};
			name = Release;
		};
/* End XCBuildConfiguration section */

/* Begin XCConfigurationList section */
		EA2ABD421EA2BA6F0099A091 /* Build configuration list for PBXNativeTarget "Feathers-macOS" */ = {
			isa = XCConfigurationList;
			buildConfigurations = (
				EA2ABD431EA2BA6F0099A091 /* Debug */,
				EA2ABD441EA2BA6F0099A091 /* Release */,
			);
			defaultConfigurationIsVisible = 0;
			defaultConfigurationName = Release;
		};
		EA2ABD5E1EA2BA8A0099A091 /* Build configuration list for PBXNativeTarget "Feathers-tvOS" */ = {
			isa = XCConfigurationList;
			buildConfigurations = (
				EA2ABD5F1EA2BA8A0099A091 /* Debug */,
				EA2ABD601EA2BA8A0099A091 /* Release */,
			);
			defaultConfigurationIsVisible = 0;
			defaultConfigurationName = Release;
		};
		EA301A971EC8BCD500114F19 /* Build configuration list for PBXNativeTarget "FeathersTests-macOS" */ = {
			isa = XCConfigurationList;
			buildConfigurations = (
				EA301A981EC8BCD500114F19 /* Debug */,
				EA301A991EC8BCD500114F19 /* Release */,
			);
			defaultConfigurationIsVisible = 0;
			defaultConfigurationName = Release;
		};
		EA301AA91EC8BD7300114F19 /* Build configuration list for PBXNativeTarget "FeathersTests-tvOS" */ = {
			isa = XCConfigurationList;
			buildConfigurations = (
				EA301AAA1EC8BD7300114F19 /* Debug */,
				EA301AAB1EC8BD7300114F19 /* Release */,
			);
			defaultConfigurationIsVisible = 0;
			defaultConfigurationName = Release;
		};
		EA452A611EA2B14300427CEF /* Build configuration list for PBXProject "Feathers" */ = {
			isa = XCConfigurationList;
			buildConfigurations = (
				EA452A791EA2B14300427CEF /* Debug */,
				EA452A7A1EA2B14300427CEF /* Release */,
			);
			defaultConfigurationIsVisible = 0;
			defaultConfigurationName = Release;
		};
		EA452A7B1EA2B14300427CEF /* Build configuration list for PBXNativeTarget "Feathers-iOS" */ = {
			isa = XCConfigurationList;
			buildConfigurations = (
				EA452A7C1EA2B14300427CEF /* Debug */,
				EA452A7D1EA2B14300427CEF /* Release */,
			);
			defaultConfigurationIsVisible = 0;
			defaultConfigurationName = Release;
		};
		EABBADDC1EBF94E800522603 /* Build configuration list for PBXNativeTarget "FeathersTests-iOS" */ = {
			isa = XCConfigurationList;
			buildConfigurations = (
				EABBADDD1EBF94E800522603 /* Debug */,
				EABBADDE1EBF94E800522603 /* Release */,
			);
			defaultConfigurationIsVisible = 0;
			defaultConfigurationName = Release;
		};
/* End XCConfigurationList section */
	};
	rootObject = EA452A5E1EA2B14300427CEF /* Project object */;
}
