// !$*UTF8*$!
{
	archiveVersion = 1;
	classes = {
	};
	objectVersion = 46;
	objects = {

/* Begin PBXBuildFile section */
		EA0F0C7C1ED0B25F000517A4 /* Feathers.framework in Frameworks */ = {isa = PBXBuildFile; fileRef = EA0F0C731ED0B25E000517A4 /* Feathers.framework */; };
		EA0F0C8D1ED0B2D0000517A4 /* KeychainSwift.framework in Frameworks */ = {isa = PBXBuildFile; fileRef = EA0F0C8A1ED0B2D0000517A4 /* KeychainSwift.framework */; };
		EA0F0C8E1ED0B2D0000517A4 /* ReactiveSwift.framework in Frameworks */ = {isa = PBXBuildFile; fileRef = EA0F0C8B1ED0B2D0000517A4 /* ReactiveSwift.framework */; };
		EA0F0C8F1ED0B2D0000517A4 /* Result.framework in Frameworks */ = {isa = PBXBuildFile; fileRef = EA0F0C8C1ED0B2D0000517A4 /* Result.framework */; };
		EA0F0C901ED0B2DD000517A4 /* KeychainSwift.framework in Frameworks */ = {isa = PBXBuildFile; fileRef = EA0F0C8A1ED0B2D0000517A4 /* KeychainSwift.framework */; };
		EA0F0C911ED0B2DD000517A4 /* ReactiveSwift.framework in Frameworks */ = {isa = PBXBuildFile; fileRef = EA0F0C8B1ED0B2D0000517A4 /* ReactiveSwift.framework */; };
		EA0F0C921ED0B2DD000517A4 /* Result.framework in Frameworks */ = {isa = PBXBuildFile; fileRef = EA0F0C8C1ED0B2D0000517A4 /* Result.framework */; };
		EA0F0C951ED0B2E1000517A4 /* Nimble.framework in Frameworks */ = {isa = PBXBuildFile; fileRef = EA0F0C931ED0B2E1000517A4 /* Nimble.framework */; };
		EA0F0C961ED0B2E1000517A4 /* Quick.framework in Frameworks */ = {isa = PBXBuildFile; fileRef = EA0F0C941ED0B2E1000517A4 /* Quick.framework */; };
		EA0F0C9C1ED0B2EA000517A4 /* KeychainSwift.framework in Copy Files */ = {isa = PBXBuildFile; fileRef = EA0F0C971ED0B2EA000517A4 /* KeychainSwift.framework */; settings = {ATTRIBUTES = (CodeSignOnCopy, RemoveHeadersOnCopy, ); }; };
		EA0F0C9D1ED0B2EA000517A4 /* Nimble.framework in Copy Files */ = {isa = PBXBuildFile; fileRef = EA0F0C981ED0B2EA000517A4 /* Nimble.framework */; settings = {ATTRIBUTES = (CodeSignOnCopy, RemoveHeadersOnCopy, ); }; };
		EA0F0C9E1ED0B2EA000517A4 /* Quick.framework in Copy Files */ = {isa = PBXBuildFile; fileRef = EA0F0C991ED0B2EA000517A4 /* Quick.framework */; settings = {ATTRIBUTES = (CodeSignOnCopy, RemoveHeadersOnCopy, ); }; };
		EA0F0C9F1ED0B2EA000517A4 /* ReactiveSwift.framework in Copy Files */ = {isa = PBXBuildFile; fileRef = EA0F0C9A1ED0B2EA000517A4 /* ReactiveSwift.framework */; settings = {ATTRIBUTES = (CodeSignOnCopy, RemoveHeadersOnCopy, ); }; };
		EA0F0CA01ED0B2EA000517A4 /* Result.framework in Copy Files */ = {isa = PBXBuildFile; fileRef = EA0F0C9B1ED0B2EA000517A4 /* Result.framework */; settings = {ATTRIBUTES = (CodeSignOnCopy, RemoveHeadersOnCopy, ); }; };
		EA0F0CA41ED0B318000517A4 /* KeychainSwift.framework in Frameworks */ = {isa = PBXBuildFile; fileRef = EA0F0CA11ED0B318000517A4 /* KeychainSwift.framework */; };
		EA0F0CA51ED0B318000517A4 /* ReactiveSwift.framework in Frameworks */ = {isa = PBXBuildFile; fileRef = EA0F0CA21ED0B318000517A4 /* ReactiveSwift.framework */; };
		EA0F0CA61ED0B318000517A4 /* Result.framework in Frameworks */ = {isa = PBXBuildFile; fileRef = EA0F0CA31ED0B318000517A4 /* Result.framework */; };
		EA0F0CAC1ED0B38B000517A4 /* KeychainSwift.framework.dSYM in CopyFiles */ = {isa = PBXBuildFile; fileRef = EA0F0CA91ED0B38B000517A4 /* KeychainSwift.framework.dSYM */; };
		EA0F0CAD1ED0B38B000517A4 /* ReactiveSwift.framework.dSYM in CopyFiles */ = {isa = PBXBuildFile; fileRef = EA0F0CAA1ED0B38B000517A4 /* ReactiveSwift.framework.dSYM */; };
		EA0F0CAE1ED0B38B000517A4 /* Result.framework.dSYM in CopyFiles */ = {isa = PBXBuildFile; fileRef = EA0F0CAB1ED0B38B000517A4 /* Result.framework.dSYM */; };
		EA0F0CB31ED0B3E2000517A4 /* Hooks.swift in Sources */ = {isa = PBXBuildFile; fileRef = EA3017131EC7867E00114F19 /* Hooks.swift */; };
		EA0F0CB41ED0B3E2000517A4 /* LoggerHooks.swift in Sources */ = {isa = PBXBuildFile; fileRef = EA954C771EC9BEEC0094FF43 /* LoggerHooks.swift */; };
		EA0F0CB51ED0B3E2000517A4 /* Service.swift in Sources */ = {isa = PBXBuildFile; fileRef = EABBAE121EBFA6A400522603 /* Service.swift */; };
		EA0F0CB61ED0B3E2000517A4 /* AuthenticationConfiguration.swift in Sources */ = {isa = PBXBuildFile; fileRef = EABBAE0A1EBFA6A400522603 /* AuthenticationConfiguration.swift */; };
		EA0F0CB71ED0B3E2000517A4 /* AuthenticationStorage.swift in Sources */ = {isa = PBXBuildFile; fileRef = EABBAE0B1EBFA6A400522603 /* AuthenticationStorage.swift */; };
		EA0F0CB81ED0B3E2000517A4 /* Feathers.swift in Sources */ = {isa = PBXBuildFile; fileRef = EABBAE0C1EBFA6A400522603 /* Feathers.swift */; };
		EA0F0CB91ED0B3E2000517A4 /* FeathersError.swift in Sources */ = {isa = PBXBuildFile; fileRef = EABBAE0D1EBFA6A400522603 /* FeathersError.swift */; };
		EA0F0CBA1ED0B3E2000517A4 /* Provider.swift in Sources */ = {isa = PBXBuildFile; fileRef = EABBAE0F1EBFA6A400522603 /* Provider.swift */; };
		EA0F0CBB1ED0B3E2000517A4 /* Response.swift in Sources */ = {isa = PBXBuildFile; fileRef = EABBAE101EBFA6A400522603 /* Response.swift */; };
		EA0F0CBC1ED0B3E2000517A4 /* Endpoint.swift in Sources */ = {isa = PBXBuildFile; fileRef = EAE05D691EBFDB0000DA55BF /* Endpoint.swift */; };
		EA0F0CBD1ED0B400000517A4 /* KeychainSwift.framework in Frameworks */ = {isa = PBXBuildFile; fileRef = EA0F0CA11ED0B318000517A4 /* KeychainSwift.framework */; };
		EA0F0CBE1ED0B400000517A4 /* ReactiveSwift.framework in Frameworks */ = {isa = PBXBuildFile; fileRef = EA0F0CA21ED0B318000517A4 /* ReactiveSwift.framework */; };
		EA0F0CBF1ED0B400000517A4 /* Result.framework in Frameworks */ = {isa = PBXBuildFile; fileRef = EA0F0CA31ED0B318000517A4 /* Result.framework */; };
		EA0F0CC21ED0B400000517A4 /* Nimble.framework in Frameworks */ = {isa = PBXBuildFile; fileRef = EA0F0CC01ED0B400000517A4 /* Nimble.framework */; };
		EA0F0CC31ED0B400000517A4 /* Quick.framework in Frameworks */ = {isa = PBXBuildFile; fileRef = EA0F0CC11ED0B400000517A4 /* Quick.framework */; };
		EA0F0CCA1ED0B413000517A4 /* KeychainSwift.framework in CopyFiles */ = {isa = PBXBuildFile; fileRef = EA0F0CC51ED0B413000517A4 /* KeychainSwift.framework */; settings = {ATTRIBUTES = (CodeSignOnCopy, RemoveHeadersOnCopy, ); }; };
		EA0F0CCB1ED0B413000517A4 /* Nimble.framework in CopyFiles */ = {isa = PBXBuildFile; fileRef = EA0F0CC61ED0B413000517A4 /* Nimble.framework */; settings = {ATTRIBUTES = (CodeSignOnCopy, RemoveHeadersOnCopy, ); }; };
		EA0F0CCC1ED0B413000517A4 /* Quick.framework in CopyFiles */ = {isa = PBXBuildFile; fileRef = EA0F0CC71ED0B413000517A4 /* Quick.framework */; settings = {ATTRIBUTES = (CodeSignOnCopy, RemoveHeadersOnCopy, ); }; };
		EA0F0CCD1ED0B413000517A4 /* ReactiveSwift.framework in CopyFiles */ = {isa = PBXBuildFile; fileRef = EA0F0CC81ED0B413000517A4 /* ReactiveSwift.framework */; settings = {ATTRIBUTES = (CodeSignOnCopy, RemoveHeadersOnCopy, ); }; };
		EA0F0CCE1ED0B413000517A4 /* Result.framework in CopyFiles */ = {isa = PBXBuildFile; fileRef = EA0F0CC91ED0B413000517A4 /* Result.framework */; settings = {ATTRIBUTES = (CodeSignOnCopy, RemoveHeadersOnCopy, ); }; };
		EA0F0CDD1ED0B448000517A4 /* Feathers.framework in Frameworks */ = {isa = PBXBuildFile; fileRef = EA0F0CD41ED0B448000517A4 /* Feathers.framework */; };
		EA0F0CEB1ED0B46B000517A4 /* Hooks.swift in Sources */ = {isa = PBXBuildFile; fileRef = EA3017131EC7867E00114F19 /* Hooks.swift */; };
		EA0F0CEC1ED0B46B000517A4 /* LoggerHooks.swift in Sources */ = {isa = PBXBuildFile; fileRef = EA954C771EC9BEEC0094FF43 /* LoggerHooks.swift */; };
		EA0F0CED1ED0B46B000517A4 /* Service.swift in Sources */ = {isa = PBXBuildFile; fileRef = EABBAE121EBFA6A400522603 /* Service.swift */; };
		EA0F0CEE1ED0B46B000517A4 /* AuthenticationConfiguration.swift in Sources */ = {isa = PBXBuildFile; fileRef = EABBAE0A1EBFA6A400522603 /* AuthenticationConfiguration.swift */; };
		EA0F0CEF1ED0B46B000517A4 /* AuthenticationStorage.swift in Sources */ = {isa = PBXBuildFile; fileRef = EABBAE0B1EBFA6A400522603 /* AuthenticationStorage.swift */; };
		EA0F0CF01ED0B46B000517A4 /* Feathers.swift in Sources */ = {isa = PBXBuildFile; fileRef = EABBAE0C1EBFA6A400522603 /* Feathers.swift */; };
		EA0F0CF11ED0B46B000517A4 /* FeathersError.swift in Sources */ = {isa = PBXBuildFile; fileRef = EABBAE0D1EBFA6A400522603 /* FeathersError.swift */; };
		EA0F0CF21ED0B46B000517A4 /* Provider.swift in Sources */ = {isa = PBXBuildFile; fileRef = EABBAE0F1EBFA6A400522603 /* Provider.swift */; };
		EA0F0CF31ED0B46B000517A4 /* Response.swift in Sources */ = {isa = PBXBuildFile; fileRef = EABBAE101EBFA6A400522603 /* Response.swift */; };
		EA0F0CF41ED0B46B000517A4 /* Endpoint.swift in Sources */ = {isa = PBXBuildFile; fileRef = EAE05D691EBFDB0000DA55BF /* Endpoint.swift */; };
		EA0F0CFC1ED0B48C000517A4 /* KeychainSwift.framework in Frameworks */ = {isa = PBXBuildFile; fileRef = EA0F0CF91ED0B48C000517A4 /* KeychainSwift.framework */; };
		EA0F0CFD1ED0B48C000517A4 /* ReactiveSwift.framework in Frameworks */ = {isa = PBXBuildFile; fileRef = EA0F0CFA1ED0B48C000517A4 /* ReactiveSwift.framework */; };
		EA0F0CFE1ED0B48C000517A4 /* Result.framework in Frameworks */ = {isa = PBXBuildFile; fileRef = EA0F0CFB1ED0B48C000517A4 /* Result.framework */; };
		EA0F0D001ED0B4C7000517A4 /* KeychainSwift.framework in Frameworks */ = {isa = PBXBuildFile; fileRef = EA0F0CF91ED0B48C000517A4 /* KeychainSwift.framework */; };
		EA0F0D011ED0B4C7000517A4 /* ReactiveSwift.framework in Frameworks */ = {isa = PBXBuildFile; fileRef = EA0F0CFA1ED0B48C000517A4 /* ReactiveSwift.framework */; };
		EA0F0D021ED0B4C7000517A4 /* Result.framework in Frameworks */ = {isa = PBXBuildFile; fileRef = EA0F0CFB1ED0B48C000517A4 /* Result.framework */; };
		EA0F0D051ED0B4C7000517A4 /* Nimble.framework in Frameworks */ = {isa = PBXBuildFile; fileRef = EA0F0D031ED0B4C7000517A4 /* Nimble.framework */; };
		EA0F0D061ED0B4C7000517A4 /* Quick.framework in Frameworks */ = {isa = PBXBuildFile; fileRef = EA0F0D041ED0B4C7000517A4 /* Quick.framework */; };
		EA0F0D0D1ED0B4D7000517A4 /* KeychainSwift.framework in CopyFiles */ = {isa = PBXBuildFile; fileRef = EA0F0D081ED0B4D7000517A4 /* KeychainSwift.framework */; settings = {ATTRIBUTES = (CodeSignOnCopy, RemoveHeadersOnCopy, ); }; };
		EA0F0D0E1ED0B4D7000517A4 /* Nimble.framework in CopyFiles */ = {isa = PBXBuildFile; fileRef = EA0F0D091ED0B4D7000517A4 /* Nimble.framework */; settings = {ATTRIBUTES = (CodeSignOnCopy, RemoveHeadersOnCopy, ); }; };
		EA0F0D0F1ED0B4D7000517A4 /* Quick.framework in CopyFiles */ = {isa = PBXBuildFile; fileRef = EA0F0D0A1ED0B4D7000517A4 /* Quick.framework */; settings = {ATTRIBUTES = (CodeSignOnCopy, RemoveHeadersOnCopy, ); }; };
		EA0F0D101ED0B4D7000517A4 /* ReactiveSwift.framework in CopyFiles */ = {isa = PBXBuildFile; fileRef = EA0F0D0B1ED0B4D7000517A4 /* ReactiveSwift.framework */; settings = {ATTRIBUTES = (CodeSignOnCopy, RemoveHeadersOnCopy, ); }; };
		EA0F0D111ED0B4D7000517A4 /* Result.framework in CopyFiles */ = {isa = PBXBuildFile; fileRef = EA0F0D0C1ED0B4D7000517A4 /* Result.framework */; settings = {ATTRIBUTES = (CodeSignOnCopy, RemoveHeadersOnCopy, ); }; };
		EA0F0D221ED0B535000517A4 /* KeychainSwift.framework in Frameworks */ = {isa = PBXBuildFile; fileRef = EA0F0D1F1ED0B535000517A4 /* KeychainSwift.framework */; };
		EA0F0D231ED0B535000517A4 /* ReactiveSwift.framework in Frameworks */ = {isa = PBXBuildFile; fileRef = EA0F0D201ED0B535000517A4 /* ReactiveSwift.framework */; };
		EA0F0D241ED0B535000517A4 /* Result.framework in Frameworks */ = {isa = PBXBuildFile; fileRef = EA0F0D211ED0B535000517A4 /* Result.framework */; };
		EA0F0D251ED0B539000517A4 /* Hooks.swift in Sources */ = {isa = PBXBuildFile; fileRef = EA3017131EC7867E00114F19 /* Hooks.swift */; };
		EA0F0D261ED0B539000517A4 /* LoggerHooks.swift in Sources */ = {isa = PBXBuildFile; fileRef = EA954C771EC9BEEC0094FF43 /* LoggerHooks.swift */; };
		EA0F0D271ED0B539000517A4 /* Service.swift in Sources */ = {isa = PBXBuildFile; fileRef = EABBAE121EBFA6A400522603 /* Service.swift */; };
		EA0F0D281ED0B539000517A4 /* AuthenticationConfiguration.swift in Sources */ = {isa = PBXBuildFile; fileRef = EABBAE0A1EBFA6A400522603 /* AuthenticationConfiguration.swift */; };
		EA0F0D291ED0B539000517A4 /* AuthenticationStorage.swift in Sources */ = {isa = PBXBuildFile; fileRef = EABBAE0B1EBFA6A400522603 /* AuthenticationStorage.swift */; };
		EA0F0D2A1ED0B539000517A4 /* Feathers.swift in Sources */ = {isa = PBXBuildFile; fileRef = EABBAE0C1EBFA6A400522603 /* Feathers.swift */; };
		EA0F0D2B1ED0B539000517A4 /* FeathersError.swift in Sources */ = {isa = PBXBuildFile; fileRef = EABBAE0D1EBFA6A400522603 /* FeathersError.swift */; };
		EA0F0D2C1ED0B539000517A4 /* Provider.swift in Sources */ = {isa = PBXBuildFile; fileRef = EABBAE0F1EBFA6A400522603 /* Provider.swift */; };
		EA0F0D2D1ED0B539000517A4 /* Response.swift in Sources */ = {isa = PBXBuildFile; fileRef = EABBAE101EBFA6A400522603 /* Response.swift */; };
		EA0F0D2E1ED0B539000517A4 /* Endpoint.swift in Sources */ = {isa = PBXBuildFile; fileRef = EAE05D691EBFDB0000DA55BF /* Endpoint.swift */; };
		EA0F0D311ED290EF000517A4 /* ServiceType.swift in Sources */ = {isa = PBXBuildFile; fileRef = EA0F0D301ED290EF000517A4 /* ServiceType.swift */; };
		EA0F0D321ED290EF000517A4 /* ServiceType.swift in Sources */ = {isa = PBXBuildFile; fileRef = EA0F0D301ED290EF000517A4 /* ServiceType.swift */; };
		EA0F0D331ED290EF000517A4 /* ServiceType.swift in Sources */ = {isa = PBXBuildFile; fileRef = EA0F0D301ED290EF000517A4 /* ServiceType.swift */; };
		EA0F0D341ED290EF000517A4 /* ServiceType.swift in Sources */ = {isa = PBXBuildFile; fileRef = EA0F0D301ED290EF000517A4 /* ServiceType.swift */; };
		EA0F0D3B1ED2AA49000517A4 /* ServiceWrapper.swift in Sources */ = {isa = PBXBuildFile; fileRef = EA0F0D3A1ED2AA49000517A4 /* ServiceWrapper.swift */; };
		EA0F0D3C1ED2AA49000517A4 /* ServiceWrapper.swift in Sources */ = {isa = PBXBuildFile; fileRef = EA0F0D3A1ED2AA49000517A4 /* ServiceWrapper.swift */; };
		EA0F0D3D1ED2AA49000517A4 /* ServiceWrapper.swift in Sources */ = {isa = PBXBuildFile; fileRef = EA0F0D3A1ED2AA49000517A4 /* ServiceWrapper.swift */; };
		EA0F0D3E1ED2AA49000517A4 /* ServiceWrapper.swift in Sources */ = {isa = PBXBuildFile; fileRef = EA0F0D3A1ED2AA49000517A4 /* ServiceWrapper.swift */; };
		EA0F0D401ED2AB99000517A4 /* ProviderService.swift in Sources */ = {isa = PBXBuildFile; fileRef = EA0F0D3F1ED2AB99000517A4 /* ProviderService.swift */; };
		EA0F0D411ED2AB99000517A4 /* ProviderService.swift in Sources */ = {isa = PBXBuildFile; fileRef = EA0F0D3F1ED2AB99000517A4 /* ProviderService.swift */; };
		EA0F0D421ED2AB99000517A4 /* ProviderService.swift in Sources */ = {isa = PBXBuildFile; fileRef = EA0F0D3F1ED2AB99000517A4 /* ProviderService.swift */; };
		EA0F0D431ED2AB99000517A4 /* ProviderService.swift in Sources */ = {isa = PBXBuildFile; fileRef = EA0F0D3F1ED2AB99000517A4 /* ProviderService.swift */; };
		EA0F0D461ED3F87F000517A4 /* SignalProducer+Convenience.swift in Sources */ = {isa = PBXBuildFile; fileRef = EA0F0D451ED3F87F000517A4 /* SignalProducer+Convenience.swift */; };
		EA0F0D471ED3F87F000517A4 /* SignalProducer+Convenience.swift in Sources */ = {isa = PBXBuildFile; fileRef = EA0F0D451ED3F87F000517A4 /* SignalProducer+Convenience.swift */; };
		EA0F0D481ED3F87F000517A4 /* SignalProducer+Convenience.swift in Sources */ = {isa = PBXBuildFile; fileRef = EA0F0D451ED3F87F000517A4 /* SignalProducer+Convenience.swift */; };
		EA0F0D491ED3F87F000517A4 /* SignalProducer+Convenience.swift in Sources */ = {isa = PBXBuildFile; fileRef = EA0F0D451ED3F87F000517A4 /* SignalProducer+Convenience.swift */; };
		EA12E0631ECE950100A0DCF7 /* Feathers.framework in Frameworks */ = {isa = PBXBuildFile; fileRef = EAC0BCD21EC90FDB0049FB13 /* Feathers.framework */; };
		EA35F8E620D0345400B69B6A /* QuerySpec.swift in Sources */ = {isa = PBXBuildFile; fileRef = EA35F8E020D0345400B69B6A /* QuerySpec.swift */; };
		EA35F8E720D0345400B69B6A /* QuerySpec.swift in Sources */ = {isa = PBXBuildFile; fileRef = EA35F8E020D0345400B69B6A /* QuerySpec.swift */; };
		EA35F8E820D0345400B69B6A /* QuerySpec.swift in Sources */ = {isa = PBXBuildFile; fileRef = EA35F8E020D0345400B69B6A /* QuerySpec.swift */; };
		EA35F8E920D0345400B69B6A /* Hooks.swift in Sources */ = {isa = PBXBuildFile; fileRef = EA35F8E120D0345400B69B6A /* Hooks.swift */; };
		EA35F8EA20D0345400B69B6A /* Hooks.swift in Sources */ = {isa = PBXBuildFile; fileRef = EA35F8E120D0345400B69B6A /* Hooks.swift */; };
		EA35F8EB20D0345400B69B6A /* Hooks.swift in Sources */ = {isa = PBXBuildFile; fileRef = EA35F8E120D0345400B69B6A /* Hooks.swift */; };
		EA35F8EC20D0345400B69B6A /* Info.plist in Resources */ = {isa = PBXBuildFile; fileRef = EA35F8E220D0345400B69B6A /* Info.plist */; };
		EA35F8ED20D0345400B69B6A /* Info.plist in Resources */ = {isa = PBXBuildFile; fileRef = EA35F8E220D0345400B69B6A /* Info.plist */; };
		EA35F8EE20D0345400B69B6A /* Info.plist in Resources */ = {isa = PBXBuildFile; fileRef = EA35F8E220D0345400B69B6A /* Info.plist */; };
		EA35F8EF20D0345400B69B6A /* FeathersSpec.swift in Sources */ = {isa = PBXBuildFile; fileRef = EA35F8E320D0345400B69B6A /* FeathersSpec.swift */; };
		EA35F8F020D0345400B69B6A /* FeathersSpec.swift in Sources */ = {isa = PBXBuildFile; fileRef = EA35F8E320D0345400B69B6A /* FeathersSpec.swift */; };
		EA35F8F120D0345400B69B6A /* FeathersSpec.swift in Sources */ = {isa = PBXBuildFile; fileRef = EA35F8E320D0345400B69B6A /* FeathersSpec.swift */; };
		EA35F8F220D0345400B69B6A /* ServiceSpec.swift in Sources */ = {isa = PBXBuildFile; fileRef = EA35F8E420D0345400B69B6A /* ServiceSpec.swift */; };
		EA35F8F320D0345400B69B6A /* ServiceSpec.swift in Sources */ = {isa = PBXBuildFile; fileRef = EA35F8E420D0345400B69B6A /* ServiceSpec.swift */; };
		EA35F8F420D0345400B69B6A /* ServiceSpec.swift in Sources */ = {isa = PBXBuildFile; fileRef = EA35F8E420D0345400B69B6A /* ServiceSpec.swift */; };
		EA35F8F520D0345400B69B6A /* StubProvider.swift in Sources */ = {isa = PBXBuildFile; fileRef = EA35F8E520D0345400B69B6A /* StubProvider.swift */; };
		EA35F8F620D0345400B69B6A /* StubProvider.swift in Sources */ = {isa = PBXBuildFile; fileRef = EA35F8E520D0345400B69B6A /* StubProvider.swift */; };
		EA35F8F720D0345400B69B6A /* StubProvider.swift in Sources */ = {isa = PBXBuildFile; fileRef = EA35F8E520D0345400B69B6A /* StubProvider.swift */; };
		EA8CE0EC1ED7DC2800EA04F4 /* Query.swift in Sources */ = {isa = PBXBuildFile; fileRef = EA8CE0EB1ED7DC2800EA04F4 /* Query.swift */; };
		EA8CE0ED1ED7DC2800EA04F4 /* Query.swift in Sources */ = {isa = PBXBuildFile; fileRef = EA8CE0EB1ED7DC2800EA04F4 /* Query.swift */; };
		EA8CE0EE1ED7DC2800EA04F4 /* Query.swift in Sources */ = {isa = PBXBuildFile; fileRef = EA8CE0EB1ED7DC2800EA04F4 /* Query.swift */; };
		EA8CE0EF1ED7DC2800EA04F4 /* Query.swift in Sources */ = {isa = PBXBuildFile; fileRef = EA8CE0EB1ED7DC2800EA04F4 /* Query.swift */; };
		EA954C781EC9BEEC0094FF43 /* LoggerHooks.swift in Sources */ = {isa = PBXBuildFile; fileRef = EA954C771EC9BEEC0094FF43 /* LoggerHooks.swift */; };
		EAC0BCE91EC90FF30049FB13 /* Service.swift in Sources */ = {isa = PBXBuildFile; fileRef = EABBAE121EBFA6A400522603 /* Service.swift */; };
		EAC0BCEA1EC90FF30049FB13 /* AuthenticationConfiguration.swift in Sources */ = {isa = PBXBuildFile; fileRef = EABBAE0A1EBFA6A400522603 /* AuthenticationConfiguration.swift */; };
		EAC0BCEB1EC90FF30049FB13 /* AuthenticationStorage.swift in Sources */ = {isa = PBXBuildFile; fileRef = EABBAE0B1EBFA6A400522603 /* AuthenticationStorage.swift */; };
		EAC0BCEC1EC90FF30049FB13 /* Feathers.swift in Sources */ = {isa = PBXBuildFile; fileRef = EABBAE0C1EBFA6A400522603 /* Feathers.swift */; };
		EAC0BCED1EC90FF30049FB13 /* FeathersError.swift in Sources */ = {isa = PBXBuildFile; fileRef = EABBAE0D1EBFA6A400522603 /* FeathersError.swift */; };
		EAC0BCEF1EC90FF30049FB13 /* Provider.swift in Sources */ = {isa = PBXBuildFile; fileRef = EABBAE0F1EBFA6A400522603 /* Provider.swift */; };
		EAC0BCF01EC90FF30049FB13 /* Response.swift in Sources */ = {isa = PBXBuildFile; fileRef = EABBAE101EBFA6A400522603 /* Response.swift */; };
		EAC0BCF31EC90FF30049FB13 /* Endpoint.swift in Sources */ = {isa = PBXBuildFile; fileRef = EAE05D691EBFDB0000DA55BF /* Endpoint.swift */; };
		EAC0BCF41EC90FF30049FB13 /* Hooks.swift in Sources */ = {isa = PBXBuildFile; fileRef = EA3017131EC7867E00114F19 /* Hooks.swift */; };
/* End PBXBuildFile section */

/* Begin PBXContainerItemProxy section */
		EA0F0C7D1ED0B25F000517A4 /* PBXContainerItemProxy */ = {
			isa = PBXContainerItemProxy;
			containerPortal = EA452A5E1EA2B14300427CEF /* Project object */;
			proxyType = 1;
			remoteGlobalIDString = EA0F0C721ED0B25E000517A4;
			remoteInfo = "Feathers-macOS";
		};
		EA0F0CDE1ED0B448000517A4 /* PBXContainerItemProxy */ = {
			isa = PBXContainerItemProxy;
			containerPortal = EA452A5E1EA2B14300427CEF /* Project object */;
			proxyType = 1;
			remoteGlobalIDString = EA0F0CD31ED0B448000517A4;
			remoteInfo = "Feathers-tvOS";
		};
		EA12E0641ECE950100A0DCF7 /* PBXContainerItemProxy */ = {
			isa = PBXContainerItemProxy;
			containerPortal = EA452A5E1EA2B14300427CEF /* Project object */;
			proxyType = 1;
			remoteGlobalIDString = EAC0BCD11EC90FDB0049FB13;
			remoteInfo = "Feathers-iOS";
		};
/* End PBXContainerItemProxy section */

/* Begin PBXCopyFilesBuildPhase section */
		EA0F0BC01ED0ABA4000517A4 /* Copy Files */ = {
			isa = PBXCopyFilesBuildPhase;
			buildActionMask = 2147483647;
			dstPath = "";
			dstSubfolderSpec = 10;
			files = (
				EA0F0C9C1ED0B2EA000517A4 /* KeychainSwift.framework in Copy Files */,
				EA0F0C9D1ED0B2EA000517A4 /* Nimble.framework in Copy Files */,
				EA0F0C9E1ED0B2EA000517A4 /* Quick.framework in Copy Files */,
				EA0F0C9F1ED0B2EA000517A4 /* ReactiveSwift.framework in Copy Files */,
				EA0F0CA01ED0B2EA000517A4 /* Result.framework in Copy Files */,
			);
			name = "Copy Files";
			runOnlyForDeploymentPostprocessing = 0;
		};
		EA0F0CA81ED0B380000517A4 /* CopyFiles */ = {
			isa = PBXCopyFilesBuildPhase;
			buildActionMask = 2147483647;
			dstPath = "";
			dstSubfolderSpec = 16;
			files = (
				EA0F0CAC1ED0B38B000517A4 /* KeychainSwift.framework.dSYM in CopyFiles */,
				EA0F0CAD1ED0B38B000517A4 /* ReactiveSwift.framework.dSYM in CopyFiles */,
				EA0F0CAE1ED0B38B000517A4 /* Result.framework.dSYM in CopyFiles */,
			);
			runOnlyForDeploymentPostprocessing = 0;
		};
		EA0F0CC41ED0B403000517A4 /* CopyFiles */ = {
			isa = PBXCopyFilesBuildPhase;
			buildActionMask = 2147483647;
			dstPath = "";
			dstSubfolderSpec = 10;
			files = (
				EA0F0CCA1ED0B413000517A4 /* KeychainSwift.framework in CopyFiles */,
				EA0F0CCB1ED0B413000517A4 /* Nimble.framework in CopyFiles */,
				EA0F0CCC1ED0B413000517A4 /* Quick.framework in CopyFiles */,
				EA0F0CCD1ED0B413000517A4 /* ReactiveSwift.framework in CopyFiles */,
				EA0F0CCE1ED0B413000517A4 /* Result.framework in CopyFiles */,
			);
			runOnlyForDeploymentPostprocessing = 0;
		};
		EA0F0D071ED0B4CC000517A4 /* CopyFiles */ = {
			isa = PBXCopyFilesBuildPhase;
			buildActionMask = 2147483647;
			dstPath = "";
			dstSubfolderSpec = 10;
			files = (
				EA0F0D0D1ED0B4D7000517A4 /* KeychainSwift.framework in CopyFiles */,
				EA0F0D0E1ED0B4D7000517A4 /* Nimble.framework in CopyFiles */,
				EA0F0D0F1ED0B4D7000517A4 /* Quick.framework in CopyFiles */,
				EA0F0D101ED0B4D7000517A4 /* ReactiveSwift.framework in CopyFiles */,
				EA0F0D111ED0B4D7000517A4 /* Result.framework in CopyFiles */,
			);
			runOnlyForDeploymentPostprocessing = 0;
		};
/* End PBXCopyFilesBuildPhase section */

/* Begin PBXFileReference section */
		EA0F0C731ED0B25E000517A4 /* Feathers.framework */ = {isa = PBXFileReference; explicitFileType = wrapper.framework; includeInIndex = 0; path = Feathers.framework; sourceTree = BUILT_PRODUCTS_DIR; };
		EA0F0C7B1ED0B25F000517A4 /* Feathers-macOSTests.xctest */ = {isa = PBXFileReference; explicitFileType = wrapper.cfbundle; includeInIndex = 0; path = "Feathers-macOSTests.xctest"; sourceTree = BUILT_PRODUCTS_DIR; };
		EA0F0C8A1ED0B2D0000517A4 /* KeychainSwift.framework */ = {isa = PBXFileReference; lastKnownFileType = wrapper.framework; name = KeychainSwift.framework; path = Carthage/Build/iOS/KeychainSwift.framework; sourceTree = "<group>"; };
		EA0F0C8B1ED0B2D0000517A4 /* ReactiveSwift.framework */ = {isa = PBXFileReference; lastKnownFileType = wrapper.framework; name = ReactiveSwift.framework; path = Carthage/Build/iOS/ReactiveSwift.framework; sourceTree = "<group>"; };
		EA0F0C8C1ED0B2D0000517A4 /* Result.framework */ = {isa = PBXFileReference; lastKnownFileType = wrapper.framework; name = Result.framework; path = Carthage/Build/iOS/Result.framework; sourceTree = "<group>"; };
		EA0F0C931ED0B2E1000517A4 /* Nimble.framework */ = {isa = PBXFileReference; lastKnownFileType = wrapper.framework; name = Nimble.framework; path = Carthage/Build/iOS/Nimble.framework; sourceTree = "<group>"; };
		EA0F0C941ED0B2E1000517A4 /* Quick.framework */ = {isa = PBXFileReference; lastKnownFileType = wrapper.framework; name = Quick.framework; path = Carthage/Build/iOS/Quick.framework; sourceTree = "<group>"; };
		EA0F0C971ED0B2EA000517A4 /* KeychainSwift.framework */ = {isa = PBXFileReference; lastKnownFileType = wrapper.framework; name = KeychainSwift.framework; path = Carthage/Build/iOS/KeychainSwift.framework; sourceTree = "<group>"; };
		EA0F0C981ED0B2EA000517A4 /* Nimble.framework */ = {isa = PBXFileReference; lastKnownFileType = wrapper.framework; name = Nimble.framework; path = Carthage/Build/iOS/Nimble.framework; sourceTree = "<group>"; };
		EA0F0C991ED0B2EA000517A4 /* Quick.framework */ = {isa = PBXFileReference; lastKnownFileType = wrapper.framework; name = Quick.framework; path = Carthage/Build/iOS/Quick.framework; sourceTree = "<group>"; };
		EA0F0C9A1ED0B2EA000517A4 /* ReactiveSwift.framework */ = {isa = PBXFileReference; lastKnownFileType = wrapper.framework; name = ReactiveSwift.framework; path = Carthage/Build/iOS/ReactiveSwift.framework; sourceTree = "<group>"; };
		EA0F0C9B1ED0B2EA000517A4 /* Result.framework */ = {isa = PBXFileReference; lastKnownFileType = wrapper.framework; name = Result.framework; path = Carthage/Build/iOS/Result.framework; sourceTree = "<group>"; };
		EA0F0CA11ED0B318000517A4 /* KeychainSwift.framework */ = {isa = PBXFileReference; lastKnownFileType = wrapper.framework; name = KeychainSwift.framework; path = Carthage/Build/Mac/KeychainSwift.framework; sourceTree = "<group>"; };
		EA0F0CA21ED0B318000517A4 /* ReactiveSwift.framework */ = {isa = PBXFileReference; lastKnownFileType = wrapper.framework; name = ReactiveSwift.framework; path = Carthage/Build/Mac/ReactiveSwift.framework; sourceTree = "<group>"; };
		EA0F0CA31ED0B318000517A4 /* Result.framework */ = {isa = PBXFileReference; lastKnownFileType = wrapper.framework; name = Result.framework; path = Carthage/Build/Mac/Result.framework; sourceTree = "<group>"; };
		EA0F0CA91ED0B38B000517A4 /* KeychainSwift.framework.dSYM */ = {isa = PBXFileReference; lastKnownFileType = wrapper.dsym; name = KeychainSwift.framework.dSYM; path = Carthage/Build/Mac/KeychainSwift.framework.dSYM; sourceTree = "<group>"; };
		EA0F0CAA1ED0B38B000517A4 /* ReactiveSwift.framework.dSYM */ = {isa = PBXFileReference; lastKnownFileType = wrapper.dsym; name = ReactiveSwift.framework.dSYM; path = Carthage/Build/Mac/ReactiveSwift.framework.dSYM; sourceTree = "<group>"; };
		EA0F0CAB1ED0B38B000517A4 /* Result.framework.dSYM */ = {isa = PBXFileReference; lastKnownFileType = wrapper.dsym; name = Result.framework.dSYM; path = Carthage/Build/Mac/Result.framework.dSYM; sourceTree = "<group>"; };
		EA0F0CC01ED0B400000517A4 /* Nimble.framework */ = {isa = PBXFileReference; lastKnownFileType = wrapper.framework; name = Nimble.framework; path = Carthage/Build/Mac/Nimble.framework; sourceTree = "<group>"; };
		EA0F0CC11ED0B400000517A4 /* Quick.framework */ = {isa = PBXFileReference; lastKnownFileType = wrapper.framework; name = Quick.framework; path = Carthage/Build/Mac/Quick.framework; sourceTree = "<group>"; };
		EA0F0CC51ED0B413000517A4 /* KeychainSwift.framework */ = {isa = PBXFileReference; lastKnownFileType = wrapper.framework; name = KeychainSwift.framework; path = Carthage/Build/Mac/KeychainSwift.framework; sourceTree = "<group>"; };
		EA0F0CC61ED0B413000517A4 /* Nimble.framework */ = {isa = PBXFileReference; lastKnownFileType = wrapper.framework; name = Nimble.framework; path = Carthage/Build/Mac/Nimble.framework; sourceTree = "<group>"; };
		EA0F0CC71ED0B413000517A4 /* Quick.framework */ = {isa = PBXFileReference; lastKnownFileType = wrapper.framework; name = Quick.framework; path = Carthage/Build/Mac/Quick.framework; sourceTree = "<group>"; };
		EA0F0CC81ED0B413000517A4 /* ReactiveSwift.framework */ = {isa = PBXFileReference; lastKnownFileType = wrapper.framework; name = ReactiveSwift.framework; path = Carthage/Build/Mac/ReactiveSwift.framework; sourceTree = "<group>"; };
		EA0F0CC91ED0B413000517A4 /* Result.framework */ = {isa = PBXFileReference; lastKnownFileType = wrapper.framework; name = Result.framework; path = Carthage/Build/Mac/Result.framework; sourceTree = "<group>"; };
		EA0F0CD41ED0B448000517A4 /* Feathers.framework */ = {isa = PBXFileReference; explicitFileType = wrapper.framework; includeInIndex = 0; path = Feathers.framework; sourceTree = BUILT_PRODUCTS_DIR; };
		EA0F0CDC1ED0B448000517A4 /* Feathers-tvOSTests.xctest */ = {isa = PBXFileReference; explicitFileType = wrapper.cfbundle; includeInIndex = 0; path = "Feathers-tvOSTests.xctest"; sourceTree = BUILT_PRODUCTS_DIR; };
		EA0F0CF91ED0B48C000517A4 /* KeychainSwift.framework */ = {isa = PBXFileReference; lastKnownFileType = wrapper.framework; name = KeychainSwift.framework; path = Carthage/Build/tvOS/KeychainSwift.framework; sourceTree = "<group>"; };
		EA0F0CFA1ED0B48C000517A4 /* ReactiveSwift.framework */ = {isa = PBXFileReference; lastKnownFileType = wrapper.framework; name = ReactiveSwift.framework; path = Carthage/Build/tvOS/ReactiveSwift.framework; sourceTree = "<group>"; };
		EA0F0CFB1ED0B48C000517A4 /* Result.framework */ = {isa = PBXFileReference; lastKnownFileType = wrapper.framework; name = Result.framework; path = Carthage/Build/tvOS/Result.framework; sourceTree = "<group>"; };
		EA0F0D031ED0B4C7000517A4 /* Nimble.framework */ = {isa = PBXFileReference; lastKnownFileType = wrapper.framework; name = Nimble.framework; path = Carthage/Build/tvOS/Nimble.framework; sourceTree = "<group>"; };
		EA0F0D041ED0B4C7000517A4 /* Quick.framework */ = {isa = PBXFileReference; lastKnownFileType = wrapper.framework; name = Quick.framework; path = Carthage/Build/tvOS/Quick.framework; sourceTree = "<group>"; };
		EA0F0D081ED0B4D7000517A4 /* KeychainSwift.framework */ = {isa = PBXFileReference; lastKnownFileType = wrapper.framework; name = KeychainSwift.framework; path = Carthage/Build/tvOS/KeychainSwift.framework; sourceTree = "<group>"; };
		EA0F0D091ED0B4D7000517A4 /* Nimble.framework */ = {isa = PBXFileReference; lastKnownFileType = wrapper.framework; name = Nimble.framework; path = Carthage/Build/tvOS/Nimble.framework; sourceTree = "<group>"; };
		EA0F0D0A1ED0B4D7000517A4 /* Quick.framework */ = {isa = PBXFileReference; lastKnownFileType = wrapper.framework; name = Quick.framework; path = Carthage/Build/tvOS/Quick.framework; sourceTree = "<group>"; };
		EA0F0D0B1ED0B4D7000517A4 /* ReactiveSwift.framework */ = {isa = PBXFileReference; lastKnownFileType = wrapper.framework; name = ReactiveSwift.framework; path = Carthage/Build/tvOS/ReactiveSwift.framework; sourceTree = "<group>"; };
		EA0F0D0C1ED0B4D7000517A4 /* Result.framework */ = {isa = PBXFileReference; lastKnownFileType = wrapper.framework; name = Result.framework; path = Carthage/Build/tvOS/Result.framework; sourceTree = "<group>"; };
		EA0F0D171ED0B50D000517A4 /* Feathers.framework */ = {isa = PBXFileReference; explicitFileType = wrapper.framework; includeInIndex = 0; path = Feathers.framework; sourceTree = BUILT_PRODUCTS_DIR; };
		EA0F0D1F1ED0B535000517A4 /* KeychainSwift.framework */ = {isa = PBXFileReference; lastKnownFileType = wrapper.framework; name = KeychainSwift.framework; path = Carthage/Build/watchOS/KeychainSwift.framework; sourceTree = "<group>"; };
		EA0F0D201ED0B535000517A4 /* ReactiveSwift.framework */ = {isa = PBXFileReference; lastKnownFileType = wrapper.framework; name = ReactiveSwift.framework; path = Carthage/Build/watchOS/ReactiveSwift.framework; sourceTree = "<group>"; };
		EA0F0D211ED0B535000517A4 /* Result.framework */ = {isa = PBXFileReference; lastKnownFileType = wrapper.framework; name = Result.framework; path = Carthage/Build/watchOS/Result.framework; sourceTree = "<group>"; };
		EA0F0D301ED290EF000517A4 /* ServiceType.swift */ = {isa = PBXFileReference; fileEncoding = 4; lastKnownFileType = sourcecode.swift; name = ServiceType.swift; path = Core/ServiceType.swift; sourceTree = "<group>"; };
		EA0F0D3A1ED2AA49000517A4 /* ServiceWrapper.swift */ = {isa = PBXFileReference; fileEncoding = 4; lastKnownFileType = sourcecode.swift; name = ServiceWrapper.swift; path = Core/ServiceWrapper.swift; sourceTree = "<group>"; };
		EA0F0D3F1ED2AB99000517A4 /* ProviderService.swift */ = {isa = PBXFileReference; fileEncoding = 4; lastKnownFileType = sourcecode.swift; name = ProviderService.swift; path = Core/ProviderService.swift; sourceTree = "<group>"; };
		EA0F0D451ED3F87F000517A4 /* SignalProducer+Convenience.swift */ = {isa = PBXFileReference; fileEncoding = 4; lastKnownFileType = sourcecode.swift; name = "SignalProducer+Convenience.swift"; path = "Core/SignalProducer+Convenience.swift"; sourceTree = "<group>"; };
		EA12E05E1ECE950000A0DCF7 /* Feathers-iOSTests.xctest */ = {isa = PBXFileReference; explicitFileType = wrapper.cfbundle; includeInIndex = 0; path = "Feathers-iOSTests.xctest"; sourceTree = BUILT_PRODUCTS_DIR; };
		EA3017131EC7867E00114F19 /* Hooks.swift */ = {isa = PBXFileReference; fileEncoding = 4; lastKnownFileType = sourcecode.swift; name = Hooks.swift; path = Core/Hooks.swift; sourceTree = "<group>"; };
		EA35F8E020D0345400B69B6A /* QuerySpec.swift */ = {isa = PBXFileReference; fileEncoding = 4; lastKnownFileType = sourcecode.swift; path = QuerySpec.swift; sourceTree = "<group>"; };
		EA35F8E120D0345400B69B6A /* Hooks.swift */ = {isa = PBXFileReference; fileEncoding = 4; lastKnownFileType = sourcecode.swift; path = Hooks.swift; sourceTree = "<group>"; };
		EA35F8E220D0345400B69B6A /* Info.plist */ = {isa = PBXFileReference; fileEncoding = 4; lastKnownFileType = text.plist.xml; path = Info.plist; sourceTree = "<group>"; };
		EA35F8E320D0345400B69B6A /* FeathersSpec.swift */ = {isa = PBXFileReference; fileEncoding = 4; lastKnownFileType = sourcecode.swift; path = FeathersSpec.swift; sourceTree = "<group>"; };
		EA35F8E420D0345400B69B6A /* ServiceSpec.swift */ = {isa = PBXFileReference; fileEncoding = 4; lastKnownFileType = sourcecode.swift; path = ServiceSpec.swift; sourceTree = "<group>"; };
		EA35F8E520D0345400B69B6A /* StubProvider.swift */ = {isa = PBXFileReference; fileEncoding = 4; lastKnownFileType = sourcecode.swift; path = StubProvider.swift; sourceTree = "<group>"; };
		EA452A6A1EA2B14300427CEF /* Feathers.h */ = {isa = PBXFileReference; lastKnownFileType = sourcecode.c.h; path = Feathers.h; sourceTree = "<group>"; };
		EA452A6B1EA2B14300427CEF /* Info.plist */ = {isa = PBXFileReference; lastKnownFileType = text.plist.xml; path = Info.plist; sourceTree = "<group>"; };
		EA8CE0EB1ED7DC2800EA04F4 /* Query.swift */ = {isa = PBXFileReference; fileEncoding = 4; lastKnownFileType = sourcecode.swift; name = Query.swift; path = Core/Query.swift; sourceTree = "<group>"; };
		EA954C771EC9BEEC0094FF43 /* LoggerHooks.swift */ = {isa = PBXFileReference; fileEncoding = 4; lastKnownFileType = sourcecode.swift; name = LoggerHooks.swift; path = Core/LoggerHooks.swift; sourceTree = "<group>"; };
		EABBAE0A1EBFA6A400522603 /* AuthenticationConfiguration.swift */ = {isa = PBXFileReference; fileEncoding = 4; lastKnownFileType = sourcecode.swift; name = AuthenticationConfiguration.swift; path = Core/AuthenticationConfiguration.swift; sourceTree = "<group>"; };
		EABBAE0B1EBFA6A400522603 /* AuthenticationStorage.swift */ = {isa = PBXFileReference; fileEncoding = 4; lastKnownFileType = sourcecode.swift; name = AuthenticationStorage.swift; path = Core/AuthenticationStorage.swift; sourceTree = "<group>"; };
		EABBAE0C1EBFA6A400522603 /* Feathers.swift */ = {isa = PBXFileReference; fileEncoding = 4; lastKnownFileType = sourcecode.swift; name = Feathers.swift; path = Core/Feathers.swift; sourceTree = "<group>"; };
		EABBAE0D1EBFA6A400522603 /* FeathersError.swift */ = {isa = PBXFileReference; fileEncoding = 4; lastKnownFileType = sourcecode.swift; name = FeathersError.swift; path = Core/FeathersError.swift; sourceTree = "<group>"; };
		EABBAE0F1EBFA6A400522603 /* Provider.swift */ = {isa = PBXFileReference; fileEncoding = 4; lastKnownFileType = sourcecode.swift; name = Provider.swift; path = Core/Provider.swift; sourceTree = "<group>"; };
		EABBAE101EBFA6A400522603 /* Response.swift */ = {isa = PBXFileReference; fileEncoding = 4; lastKnownFileType = sourcecode.swift; name = Response.swift; path = Core/Response.swift; sourceTree = "<group>"; };
		EABBAE121EBFA6A400522603 /* Service.swift */ = {isa = PBXFileReference; fileEncoding = 4; lastKnownFileType = sourcecode.swift; name = Service.swift; path = Core/Service.swift; sourceTree = "<group>"; };
		EAC0BCD21EC90FDB0049FB13 /* Feathers.framework */ = {isa = PBXFileReference; explicitFileType = wrapper.framework; includeInIndex = 0; path = Feathers.framework; sourceTree = BUILT_PRODUCTS_DIR; };
		EAE05D691EBFDB0000DA55BF /* Endpoint.swift */ = {isa = PBXFileReference; fileEncoding = 4; lastKnownFileType = sourcecode.swift; name = Endpoint.swift; path = Core/Endpoint.swift; sourceTree = "<group>"; };
/* End PBXFileReference section */

/* Begin PBXFrameworksBuildPhase section */
		EA0F0C6F1ED0B25E000517A4 /* Frameworks */ = {
			isa = PBXFrameworksBuildPhase;
			buildActionMask = 2147483647;
			files = (
				EA0F0CA41ED0B318000517A4 /* KeychainSwift.framework in Frameworks */,
				EA0F0CA51ED0B318000517A4 /* ReactiveSwift.framework in Frameworks */,
				EA0F0CA61ED0B318000517A4 /* Result.framework in Frameworks */,
			);
			runOnlyForDeploymentPostprocessing = 0;
		};
		EA0F0C781ED0B25F000517A4 /* Frameworks */ = {
			isa = PBXFrameworksBuildPhase;
			buildActionMask = 2147483647;
			files = (
				EA0F0C7C1ED0B25F000517A4 /* Feathers.framework in Frameworks */,
				EA0F0CC21ED0B400000517A4 /* Nimble.framework in Frameworks */,
				EA0F0CC31ED0B400000517A4 /* Quick.framework in Frameworks */,
				EA0F0CBD1ED0B400000517A4 /* KeychainSwift.framework in Frameworks */,
				EA0F0CBE1ED0B400000517A4 /* ReactiveSwift.framework in Frameworks */,
				EA0F0CBF1ED0B400000517A4 /* Result.framework in Frameworks */,
			);
			runOnlyForDeploymentPostprocessing = 0;
		};
		EA0F0CD01ED0B448000517A4 /* Frameworks */ = {
			isa = PBXFrameworksBuildPhase;
			buildActionMask = 2147483647;
			files = (
				EA0F0CFC1ED0B48C000517A4 /* KeychainSwift.framework in Frameworks */,
				EA0F0CFD1ED0B48C000517A4 /* ReactiveSwift.framework in Frameworks */,
				EA0F0CFE1ED0B48C000517A4 /* Result.framework in Frameworks */,
			);
			runOnlyForDeploymentPostprocessing = 0;
		};
		EA0F0CD91ED0B448000517A4 /* Frameworks */ = {
			isa = PBXFrameworksBuildPhase;
			buildActionMask = 2147483647;
			files = (
				EA0F0CDD1ED0B448000517A4 /* Feathers.framework in Frameworks */,
				EA0F0D051ED0B4C7000517A4 /* Nimble.framework in Frameworks */,
				EA0F0D061ED0B4C7000517A4 /* Quick.framework in Frameworks */,
				EA0F0D001ED0B4C7000517A4 /* KeychainSwift.framework in Frameworks */,
				EA0F0D011ED0B4C7000517A4 /* ReactiveSwift.framework in Frameworks */,
				EA0F0D021ED0B4C7000517A4 /* Result.framework in Frameworks */,
			);
			runOnlyForDeploymentPostprocessing = 0;
		};
		EA0F0D131ED0B50D000517A4 /* Frameworks */ = {
			isa = PBXFrameworksBuildPhase;
			buildActionMask = 2147483647;
			files = (
				EA0F0D221ED0B535000517A4 /* KeychainSwift.framework in Frameworks */,
				EA0F0D231ED0B535000517A4 /* ReactiveSwift.framework in Frameworks */,
				EA0F0D241ED0B535000517A4 /* Result.framework in Frameworks */,
			);
			runOnlyForDeploymentPostprocessing = 0;
		};
		EA12E05B1ECE950000A0DCF7 /* Frameworks */ = {
			isa = PBXFrameworksBuildPhase;
			buildActionMask = 2147483647;
			files = (
				EA12E0631ECE950100A0DCF7 /* Feathers.framework in Frameworks */,
				EA0F0C901ED0B2DD000517A4 /* KeychainSwift.framework in Frameworks */,
				EA0F0C911ED0B2DD000517A4 /* ReactiveSwift.framework in Frameworks */,
				EA0F0C921ED0B2DD000517A4 /* Result.framework in Frameworks */,
				EA0F0C951ED0B2E1000517A4 /* Nimble.framework in Frameworks */,
				EA0F0C961ED0B2E1000517A4 /* Quick.framework in Frameworks */,
			);
			runOnlyForDeploymentPostprocessing = 0;
		};
		EAC0BCCE1EC90FDB0049FB13 /* Frameworks */ = {
			isa = PBXFrameworksBuildPhase;
			buildActionMask = 2147483647;
			files = (
				EA0F0C8D1ED0B2D0000517A4 /* KeychainSwift.framework in Frameworks */,
				EA0F0C8E1ED0B2D0000517A4 /* ReactiveSwift.framework in Frameworks */,
				EA0F0C8F1ED0B2D0000517A4 /* Result.framework in Frameworks */,
			);
			runOnlyForDeploymentPostprocessing = 0;
		};
/* End PBXFrameworksBuildPhase section */

/* Begin PBXGroup section */
		E6F86BE4240DD808800C3F09 /* Frameworks */ = {
			isa = PBXGroup;
			children = (
				EA0F0D1F1ED0B535000517A4 /* KeychainSwift.framework */,
				EA0F0D201ED0B535000517A4 /* ReactiveSwift.framework */,
				EA0F0D211ED0B535000517A4 /* Result.framework */,
				EA0F0D081ED0B4D7000517A4 /* KeychainSwift.framework */,
				EA0F0D091ED0B4D7000517A4 /* Nimble.framework */,
				EA0F0D0A1ED0B4D7000517A4 /* Quick.framework */,
				EA0F0D0B1ED0B4D7000517A4 /* ReactiveSwift.framework */,
				EA0F0D0C1ED0B4D7000517A4 /* Result.framework */,
				EA0F0D031ED0B4C7000517A4 /* Nimble.framework */,
				EA0F0D041ED0B4C7000517A4 /* Quick.framework */,
				EA0F0CF91ED0B48C000517A4 /* KeychainSwift.framework */,
				EA0F0CFA1ED0B48C000517A4 /* ReactiveSwift.framework */,
				EA0F0CFB1ED0B48C000517A4 /* Result.framework */,
				EA0F0CC51ED0B413000517A4 /* KeychainSwift.framework */,
				EA0F0CC61ED0B413000517A4 /* Nimble.framework */,
				EA0F0CC71ED0B413000517A4 /* Quick.framework */,
				EA0F0CC81ED0B413000517A4 /* ReactiveSwift.framework */,
				EA0F0CC91ED0B413000517A4 /* Result.framework */,
				EA0F0CC01ED0B400000517A4 /* Nimble.framework */,
				EA0F0CC11ED0B400000517A4 /* Quick.framework */,
				EA0F0CA91ED0B38B000517A4 /* KeychainSwift.framework.dSYM */,
				EA0F0CAA1ED0B38B000517A4 /* ReactiveSwift.framework.dSYM */,
				EA0F0CAB1ED0B38B000517A4 /* Result.framework.dSYM */,
				EA0F0C971ED0B2EA000517A4 /* KeychainSwift.framework */,
				EA0F0C981ED0B2EA000517A4 /* Nimble.framework */,
				EA0F0C991ED0B2EA000517A4 /* Quick.framework */,
				EA0F0C9A1ED0B2EA000517A4 /* ReactiveSwift.framework */,
				EA0F0C9B1ED0B2EA000517A4 /* Result.framework */,
				EA0F0CA11ED0B318000517A4 /* KeychainSwift.framework */,
				EA0F0CA21ED0B318000517A4 /* ReactiveSwift.framework */,
				EA0F0CA31ED0B318000517A4 /* Result.framework */,
				EA0F0C931ED0B2E1000517A4 /* Nimble.framework */,
				EA0F0C941ED0B2E1000517A4 /* Quick.framework */,
				EA0F0C8A1ED0B2D0000517A4 /* KeychainSwift.framework */,
				EA0F0C8B1ED0B2D0000517A4 /* ReactiveSwift.framework */,
				EA0F0C8C1ED0B2D0000517A4 /* Result.framework */,
			);
			name = Frameworks;
			sourceTree = "<group>";
		};
		EA0F0D441ED3F85A000517A4 /* Extensions */ = {
			isa = PBXGroup;
			children = (
				EA0F0D451ED3F87F000517A4 /* SignalProducer+Convenience.swift */,
			);
			name = Extensions;
			sourceTree = "<group>";
		};
		EA35F8DF20D0345400B69B6A /* FeathersTests */ = {
			isa = PBXGroup;
			children = (
				EA35F8E020D0345400B69B6A /* QuerySpec.swift */,
				EA35F8E120D0345400B69B6A /* Hooks.swift */,
				EA35F8E220D0345400B69B6A /* Info.plist */,
				EA35F8E320D0345400B69B6A /* FeathersSpec.swift */,
				EA35F8E420D0345400B69B6A /* ServiceSpec.swift */,
				EA35F8E520D0345400B69B6A /* StubProvider.swift */,
			);
			path = FeathersTests;
			sourceTree = "<group>";
		};
		EA452A5D1EA2B14300427CEF = {
			isa = PBXGroup;
			children = (
				EA452A691EA2B14300427CEF /* Feathers */,
				EABBADB01EBE77C900522603 /* Tests */,
				EA452A681EA2B14300427CEF /* Products */,
				E6F86BE4240DD808800C3F09 /* Frameworks */,
			);
			sourceTree = "<group>";
		};
		EA452A681EA2B14300427CEF /* Products */ = {
			isa = PBXGroup;
			children = (
				EAC0BCD21EC90FDB0049FB13 /* Feathers.framework */,
				EA12E05E1ECE950000A0DCF7 /* Feathers-iOSTests.xctest */,
				EA0F0C731ED0B25E000517A4 /* Feathers.framework */,
				EA0F0C7B1ED0B25F000517A4 /* Feathers-macOSTests.xctest */,
				EA0F0CD41ED0B448000517A4 /* Feathers.framework */,
				EA0F0CDC1ED0B448000517A4 /* Feathers-tvOSTests.xctest */,
				EA0F0D171ED0B50D000517A4 /* Feathers.framework */,
			);
			name = Products;
			sourceTree = "<group>";
		};
		EA452A691EA2B14300427CEF /* Feathers */ = {
			isa = PBXGroup;
			children = (
				EABBAE091EBFA69C00522603 /* Core */,
				EA452A6A1EA2B14300427CEF /* Feathers.h */,
				EA452A6B1EA2B14300427CEF /* Info.plist */,
			);
			path = Feathers;
			sourceTree = "<group>";
		};
		EABBADB01EBE77C900522603 /* Tests */ = {
			isa = PBXGroup;
			children = (
				EA35F8DF20D0345400B69B6A /* FeathersTests */,
			);
			path = Tests;
			sourceTree = "<group>";
		};
		EABBAE091EBFA69C00522603 /* Core */ = {
			isa = PBXGroup;
			children = (
				EA0F0D441ED3F85A000517A4 /* Extensions */,
				EA3017131EC7867E00114F19 /* Hooks.swift */,
				EA954C771EC9BEEC0094FF43 /* LoggerHooks.swift */,
				EABBAE121EBFA6A400522603 /* Service.swift */,
				EABBAE0A1EBFA6A400522603 /* AuthenticationConfiguration.swift */,
				EABBAE0B1EBFA6A400522603 /* AuthenticationStorage.swift */,
				EABBAE0C1EBFA6A400522603 /* Feathers.swift */,
				EA0F0D3F1ED2AB99000517A4 /* ProviderService.swift */,
				EABBAE0D1EBFA6A400522603 /* FeathersError.swift */,
				EABBAE0F1EBFA6A400522603 /* Provider.swift */,
				EABBAE101EBFA6A400522603 /* Response.swift */,
				EAE05D691EBFDB0000DA55BF /* Endpoint.swift */,
				EA0F0D301ED290EF000517A4 /* ServiceType.swift */,
				EA0F0D3A1ED2AA49000517A4 /* ServiceWrapper.swift */,
				EA8CE0EB1ED7DC2800EA04F4 /* Query.swift */,
			);
			name = Core;
			sourceTree = "<group>";
		};
/* End PBXGroup section */

/* Begin PBXHeadersBuildPhase section */
		EA0F0C701ED0B25E000517A4 /* Headers */ = {
			isa = PBXHeadersBuildPhase;
			buildActionMask = 2147483647;
			files = (
			);
			runOnlyForDeploymentPostprocessing = 0;
		};
		EA0F0CD11ED0B448000517A4 /* Headers */ = {
			isa = PBXHeadersBuildPhase;
			buildActionMask = 2147483647;
			files = (
			);
			runOnlyForDeploymentPostprocessing = 0;
		};
		EA0F0D141ED0B50D000517A4 /* Headers */ = {
			isa = PBXHeadersBuildPhase;
			buildActionMask = 2147483647;
			files = (
			);
			runOnlyForDeploymentPostprocessing = 0;
		};
		EAC0BCCF1EC90FDB0049FB13 /* Headers */ = {
			isa = PBXHeadersBuildPhase;
			buildActionMask = 2147483647;
			files = (
			);
			runOnlyForDeploymentPostprocessing = 0;
		};
/* End PBXHeadersBuildPhase section */

/* Begin PBXNativeTarget section */
		EA0F0C721ED0B25E000517A4 /* Feathers-macOS */ = {
			isa = PBXNativeTarget;
			buildConfigurationList = EA0F0C841ED0B25F000517A4 /* Build configuration list for PBXNativeTarget "Feathers-macOS" */;
			buildPhases = (
				EA0F0C6E1ED0B25E000517A4 /* Sources */,
				EA0F0C6F1ED0B25E000517A4 /* Frameworks */,
				EA0F0C701ED0B25E000517A4 /* Headers */,
				EA0F0C711ED0B25E000517A4 /* Resources */,
				EA0F0CA71ED0B31F000517A4 /* Carthage */,
				EA0F0CA81ED0B380000517A4 /* CopyFiles */,
			);
			buildRules = (
			);
			dependencies = (
			);
			name = "Feathers-macOS";
			productName = "Feathers-macOS";
			productReference = EA0F0C731ED0B25E000517A4 /* Feathers.framework */;
			productType = "com.apple.product-type.framework";
		};
		EA0F0C7A1ED0B25F000517A4 /* Feathers-macOSTests */ = {
			isa = PBXNativeTarget;
			buildConfigurationList = EA0F0C871ED0B25F000517A4 /* Build configuration list for PBXNativeTarget "Feathers-macOSTests" */;
			buildPhases = (
				EA0F0C771ED0B25F000517A4 /* Sources */,
				EA0F0C781ED0B25F000517A4 /* Frameworks */,
				EA0F0C791ED0B25F000517A4 /* Resources */,
				EA0F0CC41ED0B403000517A4 /* CopyFiles */,
			);
			buildRules = (
			);
			dependencies = (
				EA0F0C7E1ED0B25F000517A4 /* PBXTargetDependency */,
			);
			name = "Feathers-macOSTests";
			productName = "Feathers-macOSTests";
			productReference = EA0F0C7B1ED0B25F000517A4 /* Feathers-macOSTests.xctest */;
			productType = "com.apple.product-type.bundle.unit-test";
		};
		EA0F0CD31ED0B448000517A4 /* Feathers-tvOS */ = {
			isa = PBXNativeTarget;
			buildConfigurationList = EA0F0CE51ED0B448000517A4 /* Build configuration list for PBXNativeTarget "Feathers-tvOS" */;
			buildPhases = (
				EA0F0CCF1ED0B448000517A4 /* Sources */,
				EA0F0CD01ED0B448000517A4 /* Frameworks */,
				EA0F0CD11ED0B448000517A4 /* Headers */,
				EA0F0CD21ED0B448000517A4 /* Resources */,
				EA0F0CFF1ED0B499000517A4 /* Carthage */,
			);
			buildRules = (
			);
			dependencies = (
			);
			name = "Feathers-tvOS";
			productName = "Feathers-tvOS";
			productReference = EA0F0CD41ED0B448000517A4 /* Feathers.framework */;
			productType = "com.apple.product-type.framework";
		};
		EA0F0CDB1ED0B448000517A4 /* Feathers-tvOSTests */ = {
			isa = PBXNativeTarget;
			buildConfigurationList = EA0F0CE81ED0B448000517A4 /* Build configuration list for PBXNativeTarget "Feathers-tvOSTests" */;
			buildPhases = (
				EA0F0CD81ED0B448000517A4 /* Sources */,
				EA0F0CD91ED0B448000517A4 /* Frameworks */,
				EA0F0CDA1ED0B448000517A4 /* Resources */,
				EA0F0D071ED0B4CC000517A4 /* CopyFiles */,
			);
			buildRules = (
			);
			dependencies = (
				EA0F0CDF1ED0B448000517A4 /* PBXTargetDependency */,
			);
			name = "Feathers-tvOSTests";
			productName = "Feathers-tvOSTests";
			productReference = EA0F0CDC1ED0B448000517A4 /* Feathers-tvOSTests.xctest */;
			productType = "com.apple.product-type.bundle.unit-test";
		};
		EA0F0D161ED0B50D000517A4 /* Feathers-watchOS */ = {
			isa = PBXNativeTarget;
			buildConfigurationList = EA0F0D1C1ED0B50D000517A4 /* Build configuration list for PBXNativeTarget "Feathers-watchOS" */;
			buildPhases = (
				EA0F0D121ED0B50D000517A4 /* Sources */,
				EA0F0D131ED0B50D000517A4 /* Frameworks */,
				EA0F0D141ED0B50D000517A4 /* Headers */,
				EA0F0D151ED0B50D000517A4 /* Resources */,
				EA0F0D2F1ED0B545000517A4 /* Carthage */,
			);
			buildRules = (
			);
			dependencies = (
			);
			name = "Feathers-watchOS";
			productName = "Feathers-watchOS";
			productReference = EA0F0D171ED0B50D000517A4 /* Feathers.framework */;
			productType = "com.apple.product-type.framework";
		};
		EA12E05D1ECE950000A0DCF7 /* Feathers-iOSTests */ = {
			isa = PBXNativeTarget;
			buildConfigurationList = EA12E0661ECE950100A0DCF7 /* Build configuration list for PBXNativeTarget "Feathers-iOSTests" */;
			buildPhases = (
				EA12E05A1ECE950000A0DCF7 /* Sources */,
				EA12E05B1ECE950000A0DCF7 /* Frameworks */,
				EA12E05C1ECE950000A0DCF7 /* Resources */,
				EA0F0BC01ED0ABA4000517A4 /* Copy Files */,
			);
			buildRules = (
			);
			dependencies = (
				EA12E0651ECE950100A0DCF7 /* PBXTargetDependency */,
			);
			name = "Feathers-iOSTests";
			productName = "FeathersTests-iOS";
			productReference = EA12E05E1ECE950000A0DCF7 /* Feathers-iOSTests.xctest */;
			productType = "com.apple.product-type.bundle.unit-test";
		};
		EAC0BCD11EC90FDB0049FB13 /* Feathers-iOS */ = {
			isa = PBXNativeTarget;
			buildConfigurationList = EAC0BCE31EC90FDB0049FB13 /* Build configuration list for PBXNativeTarget "Feathers-iOS" */;
			buildPhases = (
				EAC0BCCD1EC90FDB0049FB13 /* Sources */,
				EAC0BCCE1EC90FDB0049FB13 /* Frameworks */,
				EAC0BCCF1EC90FDB0049FB13 /* Headers */,
				EAC0BCD01EC90FDB0049FB13 /* Resources */,
				EA0F0BBB1ED0AB03000517A4 /* Carthage */,
			);
			buildRules = (
			);
			dependencies = (
			);
			name = "Feathers-iOS";
			productName = "Feathers-iOS";
			productReference = EAC0BCD21EC90FDB0049FB13 /* Feathers.framework */;
			productType = "com.apple.product-type.framework";
		};
/* End PBXNativeTarget section */

/* Begin PBXProject section */
		EA452A5E1EA2B14300427CEF /* Project object */ = {
			isa = PBXProject;
			attributes = {
				LastSwiftUpdateCheck = 0830;
				LastUpgradeCheck = 0920;
				ORGANIZATIONNAME = "Swoopy Studios";
				TargetAttributes = {
					EA0F0C721ED0B25E000517A4 = {
						CreatedOnToolsVersion = 8.3.2;
						LastSwiftMigration = 0920;
						ProvisioningStyle = Automatic;
					};
					EA0F0C7A1ED0B25F000517A4 = {
						CreatedOnToolsVersion = 8.3.2;
						LastSwiftMigration = 0920;
						ProvisioningStyle = Automatic;
					};
					EA0F0CD31ED0B448000517A4 = {
						CreatedOnToolsVersion = 8.3.2;
						LastSwiftMigration = 0920;
						ProvisioningStyle = Automatic;
					};
					EA0F0CDB1ED0B448000517A4 = {
						CreatedOnToolsVersion = 8.3.2;
						LastSwiftMigration = 0920;
						ProvisioningStyle = Automatic;
					};
					EA0F0D161ED0B50D000517A4 = {
						CreatedOnToolsVersion = 8.3.2;
						LastSwiftMigration = 0920;
						ProvisioningStyle = Automatic;
					};
					EA12E05D1ECE950000A0DCF7 = {
						CreatedOnToolsVersion = 8.3.2;
						LastSwiftMigration = 0920;
						ProvisioningStyle = Automatic;
					};
					EAC0BCD11EC90FDB0049FB13 = {
						CreatedOnToolsVersion = 8.3.2;
						LastSwiftMigration = 0920;
						ProvisioningStyle = Automatic;
					};
				};
			};
			buildConfigurationList = EA452A611EA2B14300427CEF /* Build configuration list for PBXProject "Feathers" */;
			compatibilityVersion = "Xcode 3.2";
			developmentRegion = English;
			hasScannedForEncodings = 0;
			knownRegions = (
				en,
				Base,
			);
			mainGroup = EA452A5D1EA2B14300427CEF;
			productRefGroup = EA452A681EA2B14300427CEF /* Products */;
			projectDirPath = "";
			projectRoot = "";
			targets = (
				EAC0BCD11EC90FDB0049FB13 /* Feathers-iOS */,
				EA12E05D1ECE950000A0DCF7 /* Feathers-iOSTests */,
				EA0F0C721ED0B25E000517A4 /* Feathers-macOS */,
				EA0F0C7A1ED0B25F000517A4 /* Feathers-macOSTests */,
				EA0F0CD31ED0B448000517A4 /* Feathers-tvOS */,
				EA0F0CDB1ED0B448000517A4 /* Feathers-tvOSTests */,
				EA0F0D161ED0B50D000517A4 /* Feathers-watchOS */,
			);
		};
/* End PBXProject section */

/* Begin PBXResourcesBuildPhase section */
		EA0F0C711ED0B25E000517A4 /* Resources */ = {
			isa = PBXResourcesBuildPhase;
			buildActionMask = 2147483647;
			files = (
			);
			runOnlyForDeploymentPostprocessing = 0;
		};
		EA0F0C791ED0B25F000517A4 /* Resources */ = {
			isa = PBXResourcesBuildPhase;
			buildActionMask = 2147483647;
			files = (
				EA35F8ED20D0345400B69B6A /* Info.plist in Resources */,
			);
			runOnlyForDeploymentPostprocessing = 0;
		};
		EA0F0CD21ED0B448000517A4 /* Resources */ = {
			isa = PBXResourcesBuildPhase;
			buildActionMask = 2147483647;
			files = (
			);
			runOnlyForDeploymentPostprocessing = 0;
		};
		EA0F0CDA1ED0B448000517A4 /* Resources */ = {
			isa = PBXResourcesBuildPhase;
			buildActionMask = 2147483647;
			files = (
				EA35F8EE20D0345400B69B6A /* Info.plist in Resources */,
			);
			runOnlyForDeploymentPostprocessing = 0;
		};
		EA0F0D151ED0B50D000517A4 /* Resources */ = {
			isa = PBXResourcesBuildPhase;
			buildActionMask = 2147483647;
			files = (
			);
			runOnlyForDeploymentPostprocessing = 0;
		};
		EA12E05C1ECE950000A0DCF7 /* Resources */ = {
			isa = PBXResourcesBuildPhase;
			buildActionMask = 2147483647;
			files = (
				EA35F8EC20D0345400B69B6A /* Info.plist in Resources */,
			);
			runOnlyForDeploymentPostprocessing = 0;
		};
		EAC0BCD01EC90FDB0049FB13 /* Resources */ = {
			isa = PBXResourcesBuildPhase;
			buildActionMask = 2147483647;
			files = (
			);
			runOnlyForDeploymentPostprocessing = 0;
		};
/* End PBXResourcesBuildPhase section */

/* Begin PBXShellScriptBuildPhase section */
		EA0F0BBB1ED0AB03000517A4 /* Carthage */ = {
			isa = PBXShellScriptBuildPhase;
			buildActionMask = 2147483647;
			files = (
			);
			inputPaths = (
				"$(SRCROOT)/Carthage/Build/iOS/Result.framework",
				"$(SRCROOT)/Carthage/Build/iOS/ReactiveSwift.framework",
				"$(SRCROOT)/Carthage/Build/iOS/KeychainSwift.framework",
			);
			name = Carthage;
			outputPaths = (
			);
			runOnlyForDeploymentPostprocessing = 0;
			shellPath = /bin/sh;
			shellScript = "/usr/local/bin/carthage copy-frameworks\n";
		};
		EA0F0CA71ED0B31F000517A4 /* Carthage */ = {
			isa = PBXShellScriptBuildPhase;
			buildActionMask = 2147483647;
			files = (
			);
			inputPaths = (
				"$(SRCROOT)/Carthage/Build/Mac/Result.framework",
				"$(SRCROOT)/Carthage/Build/Mac/KeychainSwift.framework",
				"$(SRCROOT)/Carthage/Build/Mac/ReactiveSwift.framework",
			);
			name = Carthage;
			outputPaths = (
			);
			runOnlyForDeploymentPostprocessing = 0;
			shellPath = /bin/sh;
			shellScript = "/usr/local/bin/carthage copy-frameworks\n";
		};
		EA0F0CFF1ED0B499000517A4 /* Carthage */ = {
			isa = PBXShellScriptBuildPhase;
			buildActionMask = 2147483647;
			files = (
			);
			inputPaths = (
				"$(SRCROOT)/Carthage/Build/tvOS/Result.framework",
				"$(SRCROOT)/Carthage/Build/tvOS/KeychainSwift.framework",
				"$(SRCROOT)/Carthage/Build/tvOS/ReactiveSwift.framework",
			);
			name = Carthage;
			outputPaths = (
			);
			runOnlyForDeploymentPostprocessing = 0;
			shellPath = /bin/sh;
			shellScript = "/usr/local/bin/carthage copy-frameworks\n";
		};
		EA0F0D2F1ED0B545000517A4 /* Carthage */ = {
			isa = PBXShellScriptBuildPhase;
			buildActionMask = 2147483647;
			files = (
			);
			inputPaths = (
				"$(SRCROOT)/Carthage/Build/watchOS/Result.framework",
				"$(SRCROOT)/Carthage/Build/watchOS/ReactiveSwift.framework",
				"$(SRCROOT)/Carthage/Build/watchOS/KeychainSwift.framework",
			);
			name = Carthage;
			outputPaths = (
			);
			runOnlyForDeploymentPostprocessing = 0;
			shellPath = /bin/sh;
			shellScript = "/usr/local/bin/carthage copy-frameworks\n";
		};
/* End PBXShellScriptBuildPhase section */

/* Begin PBXSourcesBuildPhase section */
		EA0F0C6E1ED0B25E000517A4 /* Sources */ = {
			isa = PBXSourcesBuildPhase;
			buildActionMask = 2147483647;
			files = (
				EA0F0CB61ED0B3E2000517A4 /* AuthenticationConfiguration.swift in Sources */,
				EA0F0CB91ED0B3E2000517A4 /* FeathersError.swift in Sources */,
				EA0F0D411ED2AB99000517A4 /* ProviderService.swift in Sources */,
				EA0F0CB81ED0B3E2000517A4 /* Feathers.swift in Sources */,
				EA0F0CB71ED0B3E2000517A4 /* AuthenticationStorage.swift in Sources */,
				EA0F0CBC1ED0B3E2000517A4 /* Endpoint.swift in Sources */,
				EA0F0CBB1ED0B3E2000517A4 /* Response.swift in Sources */,
				EA0F0CBA1ED0B3E2000517A4 /* Provider.swift in Sources */,
				EA0F0CB41ED0B3E2000517A4 /* LoggerHooks.swift in Sources */,
				EA0F0CB31ED0B3E2000517A4 /* Hooks.swift in Sources */,
				EA8CE0ED1ED7DC2800EA04F4 /* Query.swift in Sources */,
				EA0F0D471ED3F87F000517A4 /* SignalProducer+Convenience.swift in Sources */,
				EA0F0D3C1ED2AA49000517A4 /* ServiceWrapper.swift in Sources */,
				EA0F0D321ED290EF000517A4 /* ServiceType.swift in Sources */,
				EA0F0CB51ED0B3E2000517A4 /* Service.swift in Sources */,
			);
			runOnlyForDeploymentPostprocessing = 0;
		};
		EA0F0C771ED0B25F000517A4 /* Sources */ = {
			isa = PBXSourcesBuildPhase;
			buildActionMask = 2147483647;
			files = (
				EA35F8F620D0345400B69B6A /* StubProvider.swift in Sources */,
				EA35F8EA20D0345400B69B6A /* Hooks.swift in Sources */,
				EA35F8F320D0345400B69B6A /* ServiceSpec.swift in Sources */,
				EA35F8F020D0345400B69B6A /* FeathersSpec.swift in Sources */,
				EA35F8E720D0345400B69B6A /* QuerySpec.swift in Sources */,
			);
			runOnlyForDeploymentPostprocessing = 0;
		};
		EA0F0CCF1ED0B448000517A4 /* Sources */ = {
			isa = PBXSourcesBuildPhase;
			buildActionMask = 2147483647;
			files = (
				EA0F0CEE1ED0B46B000517A4 /* AuthenticationConfiguration.swift in Sources */,
				EA0F0CF11ED0B46B000517A4 /* FeathersError.swift in Sources */,
				EA0F0D421ED2AB99000517A4 /* ProviderService.swift in Sources */,
				EA0F0CF01ED0B46B000517A4 /* Feathers.swift in Sources */,
				EA0F0CEF1ED0B46B000517A4 /* AuthenticationStorage.swift in Sources */,
				EA0F0CF41ED0B46B000517A4 /* Endpoint.swift in Sources */,
				EA0F0CF31ED0B46B000517A4 /* Response.swift in Sources */,
				EA0F0CF21ED0B46B000517A4 /* Provider.swift in Sources */,
				EA0F0CEC1ED0B46B000517A4 /* LoggerHooks.swift in Sources */,
				EA0F0CEB1ED0B46B000517A4 /* Hooks.swift in Sources */,
				EA8CE0EE1ED7DC2800EA04F4 /* Query.swift in Sources */,
				EA0F0D481ED3F87F000517A4 /* SignalProducer+Convenience.swift in Sources */,
				EA0F0D3D1ED2AA49000517A4 /* ServiceWrapper.swift in Sources */,
				EA0F0D331ED290EF000517A4 /* ServiceType.swift in Sources */,
				EA0F0CED1ED0B46B000517A4 /* Service.swift in Sources */,
			);
			runOnlyForDeploymentPostprocessing = 0;
		};
		EA0F0CD81ED0B448000517A4 /* Sources */ = {
			isa = PBXSourcesBuildPhase;
			buildActionMask = 2147483647;
			files = (
				EA35F8F720D0345400B69B6A /* StubProvider.swift in Sources */,
				EA35F8EB20D0345400B69B6A /* Hooks.swift in Sources */,
				EA35F8F420D0345400B69B6A /* ServiceSpec.swift in Sources */,
				EA35F8F120D0345400B69B6A /* FeathersSpec.swift in Sources */,
				EA35F8E820D0345400B69B6A /* QuerySpec.swift in Sources */,
			);
			runOnlyForDeploymentPostprocessing = 0;
		};
		EA0F0D121ED0B50D000517A4 /* Sources */ = {
			isa = PBXSourcesBuildPhase;
			buildActionMask = 2147483647;
			files = (
				EA0F0D281ED0B539000517A4 /* AuthenticationConfiguration.swift in Sources */,
				EA0F0D2B1ED0B539000517A4 /* FeathersError.swift in Sources */,
				EA0F0D431ED2AB99000517A4 /* ProviderService.swift in Sources */,
				EA0F0D2A1ED0B539000517A4 /* Feathers.swift in Sources */,
				EA0F0D291ED0B539000517A4 /* AuthenticationStorage.swift in Sources */,
				EA0F0D2E1ED0B539000517A4 /* Endpoint.swift in Sources */,
				EA0F0D2D1ED0B539000517A4 /* Response.swift in Sources */,
				EA0F0D2C1ED0B539000517A4 /* Provider.swift in Sources */,
				EA0F0D261ED0B539000517A4 /* LoggerHooks.swift in Sources */,
				EA0F0D251ED0B539000517A4 /* Hooks.swift in Sources */,
				EA8CE0EF1ED7DC2800EA04F4 /* Query.swift in Sources */,
				EA0F0D491ED3F87F000517A4 /* SignalProducer+Convenience.swift in Sources */,
				EA0F0D3E1ED2AA49000517A4 /* ServiceWrapper.swift in Sources */,
				EA0F0D341ED290EF000517A4 /* ServiceType.swift in Sources */,
				EA0F0D271ED0B539000517A4 /* Service.swift in Sources */,
			);
			runOnlyForDeploymentPostprocessing = 0;
		};
		EA12E05A1ECE950000A0DCF7 /* Sources */ = {
			isa = PBXSourcesBuildPhase;
			buildActionMask = 2147483647;
			files = (
				EA35F8F520D0345400B69B6A /* StubProvider.swift in Sources */,
				EA35F8E920D0345400B69B6A /* Hooks.swift in Sources */,
				EA35F8F220D0345400B69B6A /* ServiceSpec.swift in Sources */,
				EA35F8EF20D0345400B69B6A /* FeathersSpec.swift in Sources */,
				EA35F8E620D0345400B69B6A /* QuerySpec.swift in Sources */,
			);
			runOnlyForDeploymentPostprocessing = 0;
		};
		EAC0BCCD1EC90FDB0049FB13 /* Sources */ = {
			isa = PBXSourcesBuildPhase;
			buildActionMask = 2147483647;
			files = (
				EA954C781EC9BEEC0094FF43 /* LoggerHooks.swift in Sources */,
				EAC0BCF01EC90FF30049FB13 /* Response.swift in Sources */,
				EA0F0D401ED2AB99000517A4 /* ProviderService.swift in Sources */,
				EAC0BCEB1EC90FF30049FB13 /* AuthenticationStorage.swift in Sources */,
				EAC0BCEF1EC90FF30049FB13 /* Provider.swift in Sources */,
				EAC0BCEA1EC90FF30049FB13 /* AuthenticationConfiguration.swift in Sources */,
				EAC0BCE91EC90FF30049FB13 /* Service.swift in Sources */,
				EAC0BCF41EC90FF30049FB13 /* Hooks.swift in Sources */,
				EAC0BCED1EC90FF30049FB13 /* FeathersError.swift in Sources */,
				EAC0BCEC1EC90FF30049FB13 /* Feathers.swift in Sources */,
				EA8CE0EC1ED7DC2800EA04F4 /* Query.swift in Sources */,
				EA0F0D461ED3F87F000517A4 /* SignalProducer+Convenience.swift in Sources */,
				EA0F0D3B1ED2AA49000517A4 /* ServiceWrapper.swift in Sources */,
				EA0F0D311ED290EF000517A4 /* ServiceType.swift in Sources */,
				EAC0BCF31EC90FF30049FB13 /* Endpoint.swift in Sources */,
			);
			runOnlyForDeploymentPostprocessing = 0;
		};
/* End PBXSourcesBuildPhase section */

/* Begin PBXTargetDependency section */
		EA0F0C7E1ED0B25F000517A4 /* PBXTargetDependency */ = {
			isa = PBXTargetDependency;
			target = EA0F0C721ED0B25E000517A4 /* Feathers-macOS */;
			targetProxy = EA0F0C7D1ED0B25F000517A4 /* PBXContainerItemProxy */;
		};
		EA0F0CDF1ED0B448000517A4 /* PBXTargetDependency */ = {
			isa = PBXTargetDependency;
			target = EA0F0CD31ED0B448000517A4 /* Feathers-tvOS */;
			targetProxy = EA0F0CDE1ED0B448000517A4 /* PBXContainerItemProxy */;
		};
		EA12E0651ECE950100A0DCF7 /* PBXTargetDependency */ = {
			isa = PBXTargetDependency;
			target = EAC0BCD11EC90FDB0049FB13 /* Feathers-iOS */;
			targetProxy = EA12E0641ECE950100A0DCF7 /* PBXContainerItemProxy */;
		};
/* End PBXTargetDependency section */

/* Begin XCBuildConfiguration section */
		EA0F0C851ED0B25F000517A4 /* Debug */ = {
			isa = XCBuildConfiguration;
			buildSettings = {
				CODE_SIGN_IDENTITY = "-";
				COMBINE_HIDPI_IMAGES = YES;
				DEFINES_MODULE = YES;
				DYLIB_COMPATIBILITY_VERSION = 1;
				DYLIB_CURRENT_VERSION = 1;
				DYLIB_INSTALL_NAME_BASE = "@rpath";
				FRAMEWORK_SEARCH_PATHS = (
					"$(inherited)",
					"$(PROJECT_DIR)/Carthage/Build/Mac",
				);
				FRAMEWORK_VERSION = A;
				INFOPLIST_FILE = Feathers/Info.plist;
				INSTALL_PATH = "$(LOCAL_LIBRARY_DIR)/Frameworks";
				LD_RUNPATH_SEARCH_PATHS = "$(inherited) @executable_path/../Frameworks @loader_path/Frameworks";
				MACOSX_DEPLOYMENT_TARGET = 10.10;
				PRODUCT_BUNDLE_IDENTIFIER = "com.feathersjs.Feathers-macOS";
				PRODUCT_NAME = Feathers;
				SDKROOT = macosx;
				SKIP_INSTALL = YES;
				SWIFT_SWIFT3_OBJC_INFERENCE = Default;
				SWIFT_VERSION = 4.0;
				TVOS_DEPLOYMENT_TARGET = 9.0;
				WATCHOS_DEPLOYMENT_TARGET = 2.0;
			};
			name = Debug;
		};
		EA0F0C861ED0B25F000517A4 /* Release */ = {
			isa = XCBuildConfiguration;
			buildSettings = {
				CODE_SIGN_IDENTITY = "-";
				COMBINE_HIDPI_IMAGES = YES;
				DEFINES_MODULE = YES;
				DYLIB_COMPATIBILITY_VERSION = 1;
				DYLIB_CURRENT_VERSION = 1;
				DYLIB_INSTALL_NAME_BASE = "@rpath";
				FRAMEWORK_SEARCH_PATHS = (
					"$(inherited)",
					"$(PROJECT_DIR)/Carthage/Build/Mac",
				);
				FRAMEWORK_VERSION = A;
				INFOPLIST_FILE = Feathers/Info.plist;
				INSTALL_PATH = "$(LOCAL_LIBRARY_DIR)/Frameworks";
				LD_RUNPATH_SEARCH_PATHS = "$(inherited) @executable_path/../Frameworks @loader_path/Frameworks";
				MACOSX_DEPLOYMENT_TARGET = 10.10;
				PRODUCT_BUNDLE_IDENTIFIER = "com.feathersjs.Feathers-macOS";
				PRODUCT_NAME = Feathers;
				SDKROOT = macosx;
				SKIP_INSTALL = YES;
				SWIFT_SWIFT3_OBJC_INFERENCE = Default;
				SWIFT_VERSION = 4.0;
				TVOS_DEPLOYMENT_TARGET = 9.0;
				WATCHOS_DEPLOYMENT_TARGET = 2.0;
			};
			name = Release;
		};
		EA0F0C881ED0B25F000517A4 /* Debug */ = {
			isa = XCBuildConfiguration;
			buildSettings = {
				ALWAYS_EMBED_SWIFT_STANDARD_LIBRARIES = YES;
				CODE_SIGN_IDENTITY = "-";
				COMBINE_HIDPI_IMAGES = YES;
				FRAMEWORK_SEARCH_PATHS = (
					"$(inherited)",
					"$(PROJECT_DIR)/Carthage/Build/Mac",
				);
				INFOPLIST_FILE = FeathersTests/Info.plist;
				LD_RUNPATH_SEARCH_PATHS = "$(inherited) @executable_path/../Frameworks @loader_path/../Frameworks";
				MACOSX_DEPLOYMENT_TARGET = 10.12;
				PRODUCT_BUNDLE_IDENTIFIER = "com.feathersjs.Feathers-macOSTests";
				PRODUCT_NAME = "$(TARGET_NAME)";
				SDKROOT = macosx;
				SWIFT_SWIFT3_OBJC_INFERENCE = Default;
				SWIFT_VERSION = 4.0;
			};
			name = Debug;
		};
		EA0F0C891ED0B25F000517A4 /* Release */ = {
			isa = XCBuildConfiguration;
			buildSettings = {
				ALWAYS_EMBED_SWIFT_STANDARD_LIBRARIES = YES;
				CODE_SIGN_IDENTITY = "-";
				COMBINE_HIDPI_IMAGES = YES;
				FRAMEWORK_SEARCH_PATHS = (
					"$(inherited)",
					"$(PROJECT_DIR)/Carthage/Build/Mac",
				);
				INFOPLIST_FILE = FeathersTests/Info.plist;
				LD_RUNPATH_SEARCH_PATHS = "$(inherited) @executable_path/../Frameworks @loader_path/../Frameworks";
				MACOSX_DEPLOYMENT_TARGET = 10.12;
				PRODUCT_BUNDLE_IDENTIFIER = "com.feathersjs.Feathers-macOSTests";
				PRODUCT_NAME = "$(TARGET_NAME)";
				SDKROOT = macosx;
				SWIFT_SWIFT3_OBJC_INFERENCE = Default;
				SWIFT_VERSION = 4.0;
			};
			name = Release;
		};
		EA0F0CE61ED0B448000517A4 /* Debug */ = {
			isa = XCBuildConfiguration;
			buildSettings = {
				CODE_SIGN_IDENTITY = "";
				DEFINES_MODULE = YES;
				DYLIB_COMPATIBILITY_VERSION = 1;
				DYLIB_CURRENT_VERSION = 1;
				DYLIB_INSTALL_NAME_BASE = "@rpath";
				FRAMEWORK_SEARCH_PATHS = (
					"$(inherited)",
					"$(PROJECT_DIR)/Carthage/Build/tvOS",
				);
				INFOPLIST_FILE = Feathers/Info.plist;
				INSTALL_PATH = "$(LOCAL_LIBRARY_DIR)/Frameworks";
				LD_RUNPATH_SEARCH_PATHS = "$(inherited) @executable_path/Frameworks @loader_path/Frameworks";
				PRODUCT_BUNDLE_IDENTIFIER = "com.feathersjs.Feathers-tvOS";
				PRODUCT_NAME = Feathers;
				SDKROOT = appletvos;
				SKIP_INSTALL = YES;
				SWIFT_SWIFT3_OBJC_INFERENCE = Default;
				SWIFT_VERSION = 4.0;
				TARGETED_DEVICE_FAMILY = 3;
				TVOS_DEPLOYMENT_TARGET = 9.0;
				WATCHOS_DEPLOYMENT_TARGET = 2.0;
			};
			name = Debug;
		};
		EA0F0CE71ED0B448000517A4 /* Release */ = {
			isa = XCBuildConfiguration;
			buildSettings = {
				CODE_SIGN_IDENTITY = "";
				DEFINES_MODULE = YES;
				DYLIB_COMPATIBILITY_VERSION = 1;
				DYLIB_CURRENT_VERSION = 1;
				DYLIB_INSTALL_NAME_BASE = "@rpath";
				FRAMEWORK_SEARCH_PATHS = (
					"$(inherited)",
					"$(PROJECT_DIR)/Carthage/Build/tvOS",
				);
				INFOPLIST_FILE = Feathers/Info.plist;
				INSTALL_PATH = "$(LOCAL_LIBRARY_DIR)/Frameworks";
				LD_RUNPATH_SEARCH_PATHS = "$(inherited) @executable_path/Frameworks @loader_path/Frameworks";
				PRODUCT_BUNDLE_IDENTIFIER = "com.feathersjs.Feathers-tvOS";
				PRODUCT_NAME = Feathers;
				SDKROOT = appletvos;
				SKIP_INSTALL = YES;
				SWIFT_SWIFT3_OBJC_INFERENCE = Default;
				SWIFT_VERSION = 4.0;
				TARGETED_DEVICE_FAMILY = 3;
				TVOS_DEPLOYMENT_TARGET = 9.0;
				WATCHOS_DEPLOYMENT_TARGET = 2.0;
			};
			name = Release;
		};
		EA0F0CE91ED0B448000517A4 /* Debug */ = {
			isa = XCBuildConfiguration;
			buildSettings = {
				ALWAYS_EMBED_SWIFT_STANDARD_LIBRARIES = YES;
				FRAMEWORK_SEARCH_PATHS = (
					"$(inherited)",
					"$(PROJECT_DIR)/Carthage/Build/tvOS",
				);
				INFOPLIST_FILE = FeathersTests/Info.plist;
				LD_RUNPATH_SEARCH_PATHS = "$(inherited) @executable_path/Frameworks @loader_path/Frameworks";
				PRODUCT_BUNDLE_IDENTIFIER = "com.feathersjs.Feathers-tvOSTests";
				PRODUCT_NAME = "$(TARGET_NAME)";
				SDKROOT = appletvos;
				SWIFT_SWIFT3_OBJC_INFERENCE = Default;
				SWIFT_VERSION = 4.0;
				TVOS_DEPLOYMENT_TARGET = 10.2;
			};
			name = Debug;
		};
		EA0F0CEA1ED0B448000517A4 /* Release */ = {
			isa = XCBuildConfiguration;
			buildSettings = {
				ALWAYS_EMBED_SWIFT_STANDARD_LIBRARIES = YES;
				FRAMEWORK_SEARCH_PATHS = (
					"$(inherited)",
					"$(PROJECT_DIR)/Carthage/Build/tvOS",
				);
				INFOPLIST_FILE = FeathersTests/Info.plist;
				LD_RUNPATH_SEARCH_PATHS = "$(inherited) @executable_path/Frameworks @loader_path/Frameworks";
				PRODUCT_BUNDLE_IDENTIFIER = "com.feathersjs.Feathers-tvOSTests";
				PRODUCT_NAME = "$(TARGET_NAME)";
				SDKROOT = appletvos;
				SWIFT_SWIFT3_OBJC_INFERENCE = Default;
				SWIFT_VERSION = 4.0;
				TVOS_DEPLOYMENT_TARGET = 10.2;
			};
			name = Release;
		};
		EA0F0D1D1ED0B50D000517A4 /* Debug */ = {
			isa = XCBuildConfiguration;
			buildSettings = {
				APPLICATION_EXTENSION_API_ONLY = YES;
				CODE_SIGN_IDENTITY = "";
				DEFINES_MODULE = YES;
				DYLIB_COMPATIBILITY_VERSION = 1;
				DYLIB_CURRENT_VERSION = 1;
				DYLIB_INSTALL_NAME_BASE = "@rpath";
				FRAMEWORK_SEARCH_PATHS = (
					"$(inherited)",
					"$(PROJECT_DIR)/Carthage/Build/watchOS",
				);
				INFOPLIST_FILE = Feathers/Info.plist;
				INSTALL_PATH = "$(LOCAL_LIBRARY_DIR)/Frameworks";
				LD_RUNPATH_SEARCH_PATHS = "$(inherited) @executable_path/Frameworks @loader_path/Frameworks";
				PRODUCT_BUNDLE_IDENTIFIER = "com.feathersjs.Feathers-watchOS";
				PRODUCT_NAME = Feathers;
				SDKROOT = watchos;
				SKIP_INSTALL = YES;
				SWIFT_SWIFT3_OBJC_INFERENCE = Default;
				SWIFT_VERSION = 4.0;
				TARGETED_DEVICE_FAMILY = 4;
				TVOS_DEPLOYMENT_TARGET = 9.0;
				WATCHOS_DEPLOYMENT_TARGET = 2.0;
			};
			name = Debug;
		};
		EA0F0D1E1ED0B50D000517A4 /* Release */ = {
			isa = XCBuildConfiguration;
			buildSettings = {
				APPLICATION_EXTENSION_API_ONLY = YES;
				CODE_SIGN_IDENTITY = "";
				DEFINES_MODULE = YES;
				DYLIB_COMPATIBILITY_VERSION = 1;
				DYLIB_CURRENT_VERSION = 1;
				DYLIB_INSTALL_NAME_BASE = "@rpath";
				FRAMEWORK_SEARCH_PATHS = (
					"$(inherited)",
					"$(PROJECT_DIR)/Carthage/Build/watchOS",
				);
				INFOPLIST_FILE = Feathers/Info.plist;
				INSTALL_PATH = "$(LOCAL_LIBRARY_DIR)/Frameworks";
				LD_RUNPATH_SEARCH_PATHS = "$(inherited) @executable_path/Frameworks @loader_path/Frameworks";
				PRODUCT_BUNDLE_IDENTIFIER = "com.feathersjs.Feathers-watchOS";
				PRODUCT_NAME = Feathers;
				SDKROOT = watchos;
				SKIP_INSTALL = YES;
				SWIFT_SWIFT3_OBJC_INFERENCE = Default;
				SWIFT_VERSION = 4.0;
				TARGETED_DEVICE_FAMILY = 4;
				TVOS_DEPLOYMENT_TARGET = 9.0;
				WATCHOS_DEPLOYMENT_TARGET = 2.0;
			};
			name = Release;
		};
		EA12E0671ECE950100A0DCF7 /* Debug */ = {
			isa = XCBuildConfiguration;
			buildSettings = {
				FRAMEWORK_SEARCH_PATHS = (
					"$(inherited)",
					"$(PROJECT_DIR)/Carthage/Build/iOS",
				);
				INFOPLIST_FILE = FeathersTests/Info.plist;
				LD_RUNPATH_SEARCH_PATHS = "$(inherited) @executable_path/Frameworks @loader_path/Frameworks";
				PRODUCT_BUNDLE_IDENTIFIER = "com.feathersjs.FeathersTests-iOS";
				PRODUCT_NAME = "$(TARGET_NAME)";
				SWIFT_SWIFT3_OBJC_INFERENCE = Default;
				SWIFT_VERSION = 4.0;
			};
			name = Debug;
		};
		EA12E0681ECE950100A0DCF7 /* Release */ = {
			isa = XCBuildConfiguration;
			buildSettings = {
				FRAMEWORK_SEARCH_PATHS = (
					"$(inherited)",
					"$(PROJECT_DIR)/Carthage/Build/iOS",
				);
				INFOPLIST_FILE = FeathersTests/Info.plist;
				LD_RUNPATH_SEARCH_PATHS = "$(inherited) @executable_path/Frameworks @loader_path/Frameworks";
				PRODUCT_BUNDLE_IDENTIFIER = "com.feathersjs.FeathersTests-iOS";
				PRODUCT_NAME = "$(TARGET_NAME)";
				SWIFT_SWIFT3_OBJC_INFERENCE = Default;
				SWIFT_VERSION = 4.0;
			};
			name = Release;
		};
		EA452A791EA2B14300427CEF /* Debug */ = {
			isa = XCBuildConfiguration;
			buildSettings = {
				ALWAYS_SEARCH_USER_PATHS = NO;
				CLANG_ANALYZER_NONNULL = YES;
				CLANG_ANALYZER_NUMBER_OBJECT_CONVERSION = YES_AGGRESSIVE;
				CLANG_CXX_LANGUAGE_STANDARD = "gnu++0x";
				CLANG_CXX_LIBRARY = "libc++";
				CLANG_ENABLE_MODULES = YES;
				CLANG_ENABLE_OBJC_ARC = YES;
				CLANG_WARN_BLOCK_CAPTURE_AUTORELEASING = YES;
				CLANG_WARN_BOOL_CONVERSION = YES;
				CLANG_WARN_COMMA = YES;
				CLANG_WARN_CONSTANT_CONVERSION = YES;
				CLANG_WARN_DIRECT_OBJC_ISA_USAGE = YES_ERROR;
				CLANG_WARN_DOCUMENTATION_COMMENTS = YES;
				CLANG_WARN_EMPTY_BODY = YES;
				CLANG_WARN_ENUM_CONVERSION = YES;
				CLANG_WARN_INFINITE_RECURSION = YES;
				CLANG_WARN_INT_CONVERSION = YES;
				CLANG_WARN_NON_LITERAL_NULL_CONVERSION = YES;
				CLANG_WARN_OBJC_LITERAL_CONVERSION = YES;
				CLANG_WARN_OBJC_ROOT_CLASS = YES_ERROR;
				CLANG_WARN_RANGE_LOOP_ANALYSIS = YES;
				CLANG_WARN_STRICT_PROTOTYPES = YES;
				CLANG_WARN_SUSPICIOUS_MOVE = YES;
				CLANG_WARN_UNREACHABLE_CODE = YES;
				CLANG_WARN__DUPLICATE_METHOD_MATCH = YES;
				"CODE_SIGN_IDENTITY[sdk=iphoneos*]" = "iPhone Developer";
				COPY_PHASE_STRIP = NO;
				CURRENT_PROJECT_VERSION = 1;
				DEBUG_INFORMATION_FORMAT = dwarf;
				ENABLE_STRICT_OBJC_MSGSEND = YES;
				ENABLE_TESTABILITY = YES;
				GCC_C_LANGUAGE_STANDARD = gnu99;
				GCC_DYNAMIC_NO_PIC = NO;
				GCC_NO_COMMON_BLOCKS = YES;
				GCC_OPTIMIZATION_LEVEL = 0;
				GCC_PREPROCESSOR_DEFINITIONS = (
					"DEBUG=1",
					"$(inherited)",
				);
				GCC_WARN_64_TO_32_BIT_CONVERSION = YES;
				GCC_WARN_ABOUT_RETURN_TYPE = YES_ERROR;
				GCC_WARN_UNDECLARED_SELECTOR = YES;
				GCC_WARN_UNINITIALIZED_AUTOS = YES_AGGRESSIVE;
				GCC_WARN_UNUSED_FUNCTION = YES;
				GCC_WARN_UNUSED_VARIABLE = YES;
				IPHONEOS_DEPLOYMENT_TARGET = 8.0;
				MACOSX_DEPLOYMENT_TARGET = 10.10;
				MTL_ENABLE_DEBUG_INFO = YES;
				ONLY_ACTIVE_ARCH = YES;
				PRODUCT_NAME = Feathers;
				SDKROOT = iphoneos;
				SWIFT_ACTIVE_COMPILATION_CONDITIONS = DEBUG;
				SWIFT_OPTIMIZATION_LEVEL = "-Onone";
				TARGETED_DEVICE_FAMILY = "1,2";
				VERSIONING_SYSTEM = "apple-generic";
				VERSION_INFO_PREFIX = "";
			};
			name = Debug;
		};
		EA452A7A1EA2B14300427CEF /* Release */ = {
			isa = XCBuildConfiguration;
			buildSettings = {
				ALWAYS_SEARCH_USER_PATHS = NO;
				CLANG_ANALYZER_NONNULL = YES;
				CLANG_ANALYZER_NUMBER_OBJECT_CONVERSION = YES_AGGRESSIVE;
				CLANG_CXX_LANGUAGE_STANDARD = "gnu++0x";
				CLANG_CXX_LIBRARY = "libc++";
				CLANG_ENABLE_MODULES = YES;
				CLANG_ENABLE_OBJC_ARC = YES;
				CLANG_WARN_BLOCK_CAPTURE_AUTORELEASING = YES;
				CLANG_WARN_BOOL_CONVERSION = YES;
				CLANG_WARN_COMMA = YES;
				CLANG_WARN_CONSTANT_CONVERSION = YES;
				CLANG_WARN_DIRECT_OBJC_ISA_USAGE = YES_ERROR;
				CLANG_WARN_DOCUMENTATION_COMMENTS = YES;
				CLANG_WARN_EMPTY_BODY = YES;
				CLANG_WARN_ENUM_CONVERSION = YES;
				CLANG_WARN_INFINITE_RECURSION = YES;
				CLANG_WARN_INT_CONVERSION = YES;
				CLANG_WARN_NON_LITERAL_NULL_CONVERSION = YES;
				CLANG_WARN_OBJC_LITERAL_CONVERSION = YES;
				CLANG_WARN_OBJC_ROOT_CLASS = YES_ERROR;
				CLANG_WARN_RANGE_LOOP_ANALYSIS = YES;
				CLANG_WARN_STRICT_PROTOTYPES = YES;
				CLANG_WARN_SUSPICIOUS_MOVE = YES;
				CLANG_WARN_UNREACHABLE_CODE = YES;
				CLANG_WARN__DUPLICATE_METHOD_MATCH = YES;
				"CODE_SIGN_IDENTITY[sdk=iphoneos*]" = "iPhone Developer";
				COPY_PHASE_STRIP = NO;
				CURRENT_PROJECT_VERSION = 1;
				DEBUG_INFORMATION_FORMAT = "dwarf-with-dsym";
				ENABLE_NS_ASSERTIONS = NO;
				ENABLE_STRICT_OBJC_MSGSEND = YES;
				GCC_C_LANGUAGE_STANDARD = gnu99;
				GCC_NO_COMMON_BLOCKS = YES;
				GCC_WARN_64_TO_32_BIT_CONVERSION = YES;
				GCC_WARN_ABOUT_RETURN_TYPE = YES_ERROR;
				GCC_WARN_UNDECLARED_SELECTOR = YES;
				GCC_WARN_UNINITIALIZED_AUTOS = YES_AGGRESSIVE;
				GCC_WARN_UNUSED_FUNCTION = YES;
				GCC_WARN_UNUSED_VARIABLE = YES;
				IPHONEOS_DEPLOYMENT_TARGET = 8.0;
				MACOSX_DEPLOYMENT_TARGET = 10.10;
				MTL_ENABLE_DEBUG_INFO = NO;
				PRODUCT_NAME = Feathers;
				SDKROOT = iphoneos;
				SWIFT_OPTIMIZATION_LEVEL = "-Owholemodule";
				TARGETED_DEVICE_FAMILY = "1,2";
				VALIDATE_PRODUCT = YES;
				VERSIONING_SYSTEM = "apple-generic";
				VERSION_INFO_PREFIX = "";
			};
			name = Release;
		};
		EAC0BCE41EC90FDB0049FB13 /* Debug */ = {
			isa = XCBuildConfiguration;
			buildSettings = {
				ALWAYS_EMBED_SWIFT_STANDARD_LIBRARIES = "$(inherited)";
				CODE_SIGN_IDENTITY = "";
				DEFINES_MODULE = YES;
				DYLIB_COMPATIBILITY_VERSION = 1;
				DYLIB_CURRENT_VERSION = 1;
				DYLIB_INSTALL_NAME_BASE = "@rpath";
				FRAMEWORK_SEARCH_PATHS = (
					"$(inherited)",
					"$(PROJECT_DIR)/Carthage/Build/iOS",
				);
				INFOPLIST_FILE = Feathers/Info.plist;
				INSTALL_PATH = "$(LOCAL_LIBRARY_DIR)/Frameworks";
				IPHONEOS_DEPLOYMENT_TARGET = 8.0;
				LD_RUNPATH_SEARCH_PATHS = "$(inherited) @executable_path/Frameworks @loader_path/Frameworks";
				OTHER_LDFLAGS = "$(inherited)";
				PRODUCT_BUNDLE_IDENTIFIER = "com.swoopystudios.Feathers-iOS";
				PRODUCT_NAME = Feathers;
				SKIP_INSTALL = YES;
				SWIFT_SWIFT3_OBJC_INFERENCE = Default;
				SWIFT_VERSION = 4.0;
				TVOS_DEPLOYMENT_TARGET = 9.0;
				WATCHOS_DEPLOYMENT_TARGET = 2.0;
			};
			name = Debug;
		};
		EAC0BCE51EC90FDB0049FB13 /* Release */ = {
			isa = XCBuildConfiguration;
			buildSettings = {
				ALWAYS_EMBED_SWIFT_STANDARD_LIBRARIES = "$(inherited)";
				CODE_SIGN_IDENTITY = "";
				DEFINES_MODULE = YES;
				DYLIB_COMPATIBILITY_VERSION = 1;
				DYLIB_CURRENT_VERSION = 1;
				DYLIB_INSTALL_NAME_BASE = "@rpath";
				FRAMEWORK_SEARCH_PATHS = (
					"$(inherited)",
					"$(PROJECT_DIR)/Carthage/Build/iOS",
				);
				INFOPLIST_FILE = Feathers/Info.plist;
				INSTALL_PATH = "$(LOCAL_LIBRARY_DIR)/Frameworks";
				IPHONEOS_DEPLOYMENT_TARGET = 8.0;
				LD_RUNPATH_SEARCH_PATHS = "$(inherited) @executable_path/Frameworks @loader_path/Frameworks";
				OTHER_LDFLAGS = "$(inherited)";
				PRODUCT_BUNDLE_IDENTIFIER = "com.swoopystudios.Feathers-iOS";
				PRODUCT_NAME = Feathers;
				SKIP_INSTALL = YES;
				SWIFT_SWIFT3_OBJC_INFERENCE = Default;
				SWIFT_VERSION = 4.0;
				TVOS_DEPLOYMENT_TARGET = 9.0;
				WATCHOS_DEPLOYMENT_TARGET = 2.0;
			};
			name = Release;
		};
/* End XCBuildConfiguration section */

/* Begin XCConfigurationList section */
		EA0F0C841ED0B25F000517A4 /* Build configuration list for PBXNativeTarget "Feathers-macOS" */ = {
			isa = XCConfigurationList;
			buildConfigurations = (
				EA0F0C851ED0B25F000517A4 /* Debug */,
				EA0F0C861ED0B25F000517A4 /* Release */,
			);
			defaultConfigurationIsVisible = 0;
			defaultConfigurationName = Release;
		};
		EA0F0C871ED0B25F000517A4 /* Build configuration list for PBXNativeTarget "Feathers-macOSTests" */ = {
			isa = XCConfigurationList;
			buildConfigurations = (
				EA0F0C881ED0B25F000517A4 /* Debug */,
				EA0F0C891ED0B25F000517A4 /* Release */,
			);
			defaultConfigurationIsVisible = 0;
			defaultConfigurationName = Release;
		};
		EA0F0CE51ED0B448000517A4 /* Build configuration list for PBXNativeTarget "Feathers-tvOS" */ = {
			isa = XCConfigurationList;
			buildConfigurations = (
				EA0F0CE61ED0B448000517A4 /* Debug */,
				EA0F0CE71ED0B448000517A4 /* Release */,
			);
			defaultConfigurationIsVisible = 0;
			defaultConfigurationName = Release;
		};
		EA0F0CE81ED0B448000517A4 /* Build configuration list for PBXNativeTarget "Feathers-tvOSTests" */ = {
			isa = XCConfigurationList;
			buildConfigurations = (
				EA0F0CE91ED0B448000517A4 /* Debug */,
				EA0F0CEA1ED0B448000517A4 /* Release */,
			);
			defaultConfigurationIsVisible = 0;
			defaultConfigurationName = Release;
		};
		EA0F0D1C1ED0B50D000517A4 /* Build configuration list for PBXNativeTarget "Feathers-watchOS" */ = {
			isa = XCConfigurationList;
			buildConfigurations = (
				EA0F0D1D1ED0B50D000517A4 /* Debug */,
				EA0F0D1E1ED0B50D000517A4 /* Release */,
			);
			defaultConfigurationIsVisible = 0;
			defaultConfigurationName = Release;
		};
		EA12E0661ECE950100A0DCF7 /* Build configuration list for PBXNativeTarget "Feathers-iOSTests" */ = {
			isa = XCConfigurationList;
			buildConfigurations = (
				EA12E0671ECE950100A0DCF7 /* Debug */,
				EA12E0681ECE950100A0DCF7 /* Release */,
			);
			defaultConfigurationIsVisible = 0;
			defaultConfigurationName = Release;
		};
		EA452A611EA2B14300427CEF /* Build configuration list for PBXProject "Feathers" */ = {
			isa = XCConfigurationList;
			buildConfigurations = (
				EA452A791EA2B14300427CEF /* Debug */,
				EA452A7A1EA2B14300427CEF /* Release */,
			);
			defaultConfigurationIsVisible = 0;
			defaultConfigurationName = Release;
		};
		EAC0BCE31EC90FDB0049FB13 /* Build configuration list for PBXNativeTarget "Feathers-iOS" */ = {
			isa = XCConfigurationList;
			buildConfigurations = (
				EAC0BCE41EC90FDB0049FB13 /* Debug */,
				EAC0BCE51EC90FDB0049FB13 /* Release */,
			);
			defaultConfigurationIsVisible = 0;
			defaultConfigurationName = Release;
		};
/* End XCConfigurationList section */
	};
	rootObject = EA452A5E1EA2B14300427CEF /* Project object */;
}
