// !$*UTF8*$!
{
	archiveVersion = 1;
	classes = {
	};
	objectVersion = 46;
	objects = {

/* Begin PBXBuildFile section */
		EA0F0BB21ED0A6C9000517A4 /* FeathersSpec.swift in Sources */ = {isa = PBXBuildFile; fileRef = EA0F0BB11ED0A6C9000517A4 /* FeathersSpec.swift */; };
		EA0F0BB81ED0AAEA000517A4 /* KeychainSwift.framework in Frameworks */ = {isa = PBXBuildFile; fileRef = EA0F0BB51ED0AAEA000517A4 /* KeychainSwift.framework */; };
		EA0F0BBA1ED0AAEA000517A4 /* Result.framework in Frameworks */ = {isa = PBXBuildFile; fileRef = EA0F0BB71ED0AAEA000517A4 /* Result.framework */; };
		EA0F0BBE1ED0ABA1000517A4 /* Nimble.framework in Frameworks */ = {isa = PBXBuildFile; fileRef = EA0F0BBC1ED0ABA1000517A4 /* Nimble.framework */; };
		EA0F0BBF1ED0ABA1000517A4 /* Quick.framework in Frameworks */ = {isa = PBXBuildFile; fileRef = EA0F0BBD1ED0ABA1000517A4 /* Quick.framework */; };
		EA0F0BC31ED0ABBC000517A4 /* Nimble.framework in Copy Files */ = {isa = PBXBuildFile; fileRef = EA0F0BC11ED0ABBC000517A4 /* Nimble.framework */; settings = {ATTRIBUTES = (CodeSignOnCopy, RemoveHeadersOnCopy, ); }; };
		EA0F0BC41ED0ABBC000517A4 /* Quick.framework in Copy Files */ = {isa = PBXBuildFile; fileRef = EA0F0BC21ED0ABBC000517A4 /* Quick.framework */; settings = {ATTRIBUTES = (CodeSignOnCopy, RemoveHeadersOnCopy, ); }; };
		EA0F0C231ED0AF3D000517A4 /* ReactiveSwift.framework in Frameworks */ = {isa = PBXBuildFile; fileRef = EA0F0BB61ED0AAEA000517A4 /* ReactiveSwift.framework */; };
		EA0F0C651ED0B16C000517A4 /* KeychainSwift.framework in Frameworks */ = {isa = PBXBuildFile; fileRef = EA0F0BB51ED0AAEA000517A4 /* KeychainSwift.framework */; };
		EA0F0C661ED0B16C000517A4 /* ReactiveSwift.framework in Frameworks */ = {isa = PBXBuildFile; fileRef = EA0F0BB61ED0AAEA000517A4 /* ReactiveSwift.framework */; };
		EA0F0C671ED0B16C000517A4 /* Result.framework in Frameworks */ = {isa = PBXBuildFile; fileRef = EA0F0BB71ED0AAEA000517A4 /* Result.framework */; };
		EA0F0C6B1ED0B19B000517A4 /* KeychainSwift.framework in Copy Files */ = {isa = PBXBuildFile; fileRef = EA0F0C681ED0B19B000517A4 /* KeychainSwift.framework */; settings = {ATTRIBUTES = (CodeSignOnCopy, RemoveHeadersOnCopy, ); }; };
		EA0F0C6C1ED0B19B000517A4 /* ReactiveSwift.framework in Copy Files */ = {isa = PBXBuildFile; fileRef = EA0F0C691ED0B19B000517A4 /* ReactiveSwift.framework */; settings = {ATTRIBUTES = (CodeSignOnCopy, RemoveHeadersOnCopy, ); }; };
		EA0F0C6D1ED0B19B000517A4 /* Result.framework in Copy Files */ = {isa = PBXBuildFile; fileRef = EA0F0C6A1ED0B19B000517A4 /* Result.framework */; settings = {ATTRIBUTES = (CodeSignOnCopy, RemoveHeadersOnCopy, ); }; };
		EA12E0631ECE950100A0DCF7 /* Feathers.framework in Frameworks */ = {isa = PBXBuildFile; fileRef = EAC0BCD21EC90FDB0049FB13 /* Feathers.framework */; };
		EA12E0691ECE950C00A0DCF7 /* ServiceSpec.swift in Sources */ = {isa = PBXBuildFile; fileRef = EA52954B1ECE912C0014F156 /* ServiceSpec.swift */; };
		EA12E06A1ECE952400A0DCF7 /* StubProvider.swift in Sources */ = {isa = PBXBuildFile; fileRef = EA301AB91EC8CD0400114F19 /* StubProvider.swift */; };
		EA12E06B1ECE952400A0DCF7 /* Hooks.swift in Sources */ = {isa = PBXBuildFile; fileRef = EA301AB41EC8BEBD00114F19 /* Hooks.swift */; };
		EA954C781EC9BEEC0094FF43 /* LoggerHooks.swift in Sources */ = {isa = PBXBuildFile; fileRef = EA954C771EC9BEEC0094FF43 /* LoggerHooks.swift */; };
		EAC0BCE91EC90FF30049FB13 /* Service.swift in Sources */ = {isa = PBXBuildFile; fileRef = EABBAE121EBFA6A400522603 /* Service.swift */; };
		EAC0BCEA1EC90FF30049FB13 /* AuthenticationConfiguration.swift in Sources */ = {isa = PBXBuildFile; fileRef = EABBAE0A1EBFA6A400522603 /* AuthenticationConfiguration.swift */; };
		EAC0BCEB1EC90FF30049FB13 /* AuthenticationStorage.swift in Sources */ = {isa = PBXBuildFile; fileRef = EABBAE0B1EBFA6A400522603 /* AuthenticationStorage.swift */; };
		EAC0BCEC1EC90FF30049FB13 /* Feathers.swift in Sources */ = {isa = PBXBuildFile; fileRef = EABBAE0C1EBFA6A400522603 /* Feathers.swift */; };
		EAC0BCED1EC90FF30049FB13 /* FeathersError.swift in Sources */ = {isa = PBXBuildFile; fileRef = EABBAE0D1EBFA6A400522603 /* FeathersError.swift */; };
		EAC0BCEF1EC90FF30049FB13 /* Provider.swift in Sources */ = {isa = PBXBuildFile; fileRef = EABBAE0F1EBFA6A400522603 /* Provider.swift */; };
		EAC0BCF01EC90FF30049FB13 /* Response.swift in Sources */ = {isa = PBXBuildFile; fileRef = EABBAE101EBFA6A400522603 /* Response.swift */; };
		EAC0BCF31EC90FF30049FB13 /* Endpoint.swift in Sources */ = {isa = PBXBuildFile; fileRef = EAE05D691EBFDB0000DA55BF /* Endpoint.swift */; };
		EAC0BCF41EC90FF30049FB13 /* Hooks.swift in Sources */ = {isa = PBXBuildFile; fileRef = EA3017131EC7867E00114F19 /* Hooks.swift */; };
/* End PBXBuildFile section */

/* Begin PBXContainerItemProxy section */
		EA12E0641ECE950100A0DCF7 /* PBXContainerItemProxy */ = {
			isa = PBXContainerItemProxy;
			containerPortal = EA452A5E1EA2B14300427CEF /* Project object */;
			proxyType = 1;
			remoteGlobalIDString = EAC0BCD11EC90FDB0049FB13;
			remoteInfo = "Feathers-iOS";
		};
/* End PBXContainerItemProxy section */

/* Begin PBXCopyFilesBuildPhase section */
		EA0F0BC01ED0ABA4000517A4 /* Copy Files */ = {
			isa = PBXCopyFilesBuildPhase;
			buildActionMask = 2147483647;
			dstPath = "";
			dstSubfolderSpec = 10;
			files = (
				EA0F0BC31ED0ABBC000517A4 /* Nimble.framework in Copy Files */,
				EA0F0BC41ED0ABBC000517A4 /* Quick.framework in Copy Files */,
				EA0F0C6B1ED0B19B000517A4 /* KeychainSwift.framework in Copy Files */,
				EA0F0C6C1ED0B19B000517A4 /* ReactiveSwift.framework in Copy Files */,
				EA0F0C6D1ED0B19B000517A4 /* Result.framework in Copy Files */,
			);
			name = "Copy Files";
			runOnlyForDeploymentPostprocessing = 0;
		};
/* End PBXCopyFilesBuildPhase section */

/* Begin PBXFileReference section */
		EA0F0BB11ED0A6C9000517A4 /* FeathersSpec.swift */ = {isa = PBXFileReference; fileEncoding = 4; lastKnownFileType = sourcecode.swift; name = FeathersSpec.swift; path = FeathersTests/FeathersSpec.swift; sourceTree = SOURCE_ROOT; };
		EA0F0BB51ED0AAEA000517A4 /* KeychainSwift.framework */ = {isa = PBXFileReference; lastKnownFileType = wrapper.framework; name = KeychainSwift.framework; path = Carthage/Build/iOS/KeychainSwift.framework; sourceTree = "<group>"; };
		EA0F0BB61ED0AAEA000517A4 /* ReactiveSwift.framework */ = {isa = PBXFileReference; lastKnownFileType = wrapper.framework; name = ReactiveSwift.framework; path = Carthage/Build/iOS/ReactiveSwift.framework; sourceTree = "<group>"; };
		EA0F0BB71ED0AAEA000517A4 /* Result.framework */ = {isa = PBXFileReference; lastKnownFileType = wrapper.framework; name = Result.framework; path = Carthage/Build/iOS/Result.framework; sourceTree = "<group>"; };
		EA0F0BBC1ED0ABA1000517A4 /* Nimble.framework */ = {isa = PBXFileReference; lastKnownFileType = wrapper.framework; name = Nimble.framework; path = Carthage/Build/iOS/Nimble.framework; sourceTree = "<group>"; };
		EA0F0BBD1ED0ABA1000517A4 /* Quick.framework */ = {isa = PBXFileReference; lastKnownFileType = wrapper.framework; name = Quick.framework; path = Carthage/Build/iOS/Quick.framework; sourceTree = "<group>"; };
		EA0F0BC11ED0ABBC000517A4 /* Nimble.framework */ = {isa = PBXFileReference; lastKnownFileType = wrapper.framework; name = Nimble.framework; path = Carthage/Build/iOS/Nimble.framework; sourceTree = "<group>"; };
		EA0F0BC21ED0ABBC000517A4 /* Quick.framework */ = {isa = PBXFileReference; lastKnownFileType = wrapper.framework; name = Quick.framework; path = Carthage/Build/iOS/Quick.framework; sourceTree = "<group>"; };
		EA0F0BCA1ED0AC51000517A4 /* KeychainSwift.framework.dSYM */ = {isa = PBXFileReference; lastKnownFileType = wrapper.dsym; name = KeychainSwift.framework.dSYM; path = Carthage/Build/Mac/KeychainSwift.framework.dSYM; sourceTree = "<group>"; };
		EA0F0BCB1ED0AC51000517A4 /* ReactiveSwift.framework.dSYM */ = {isa = PBXFileReference; lastKnownFileType = wrapper.dsym; name = ReactiveSwift.framework.dSYM; path = Carthage/Build/Mac/ReactiveSwift.framework.dSYM; sourceTree = "<group>"; };
		EA0F0BCC1ED0AC51000517A4 /* Result.framework.dSYM */ = {isa = PBXFileReference; lastKnownFileType = wrapper.dsym; name = Result.framework.dSYM; path = Carthage/Build/Mac/Result.framework.dSYM; sourceTree = "<group>"; };
		EA0F0BD01ED0AC86000517A4 /* Nimble.framework */ = {isa = PBXFileReference; lastKnownFileType = wrapper.framework; name = Nimble.framework; path = Carthage/Build/Mac/Nimble.framework; sourceTree = "<group>"; };
		EA0F0BD11ED0AC86000517A4 /* Quick.framework */ = {isa = PBXFileReference; lastKnownFileType = wrapper.framework; name = Quick.framework; path = Carthage/Build/Mac/Quick.framework; sourceTree = "<group>"; };
		EA0F0BD51ED0AC9A000517A4 /* Nimble.framework */ = {isa = PBXFileReference; lastKnownFileType = wrapper.framework; name = Nimble.framework; path = Carthage/Build/Mac/Nimble.framework; sourceTree = "<group>"; };
		EA0F0BD61ED0AC9A000517A4 /* Quick.framework */ = {isa = PBXFileReference; lastKnownFileType = wrapper.framework; name = Quick.framework; path = Carthage/Build/Mac/Quick.framework; sourceTree = "<group>"; };
		EA0F0BD91ED0ACD0000517A4 /* KeychainSwift.framework */ = {isa = PBXFileReference; lastKnownFileType = wrapper.framework; name = KeychainSwift.framework; path = Carthage/Build/Mac/KeychainSwift.framework; sourceTree = "<group>"; };
		EA0F0BDA1ED0ACD0000517A4 /* ReactiveSwift.framework */ = {isa = PBXFileReference; lastKnownFileType = wrapper.framework; name = ReactiveSwift.framework; path = Carthage/Build/Mac/ReactiveSwift.framework; sourceTree = "<group>"; };
		EA0F0BDB1ED0ACD0000517A4 /* Result.framework */ = {isa = PBXFileReference; lastKnownFileType = wrapper.framework; name = Result.framework; path = Carthage/Build/Mac/Result.framework; sourceTree = "<group>"; };
		EA0F0C4E1ED0B061000517A4 /* ReactiveSwift.framework */ = {isa = PBXFileReference; lastKnownFileType = wrapper.framework; name = ReactiveSwift.framework; path = Carthage/Build/Mac/ReactiveSwift.framework; sourceTree = "<group>"; };
		EA0F0C511ED0B080000517A4 /* Result.framework */ = {isa = PBXFileReference; lastKnownFileType = wrapper.framework; name = Result.framework; path = Carthage/Build/Mac/Result.framework; sourceTree = "<group>"; };
		EA0F0C531ED0B09F000517A4 /* KeychainSwift.framework */ = {isa = PBXFileReference; lastKnownFileType = wrapper.framework; name = KeychainSwift.framework; path = Carthage/Build/Mac/KeychainSwift.framework; sourceTree = "<group>"; };
		EA0F0C591ED0B0DE000517A4 /* KeychainSwift.framework.dSYM */ = {isa = PBXFileReference; lastKnownFileType = wrapper.dsym; name = KeychainSwift.framework.dSYM; path = Carthage/Build/Mac/KeychainSwift.framework.dSYM; sourceTree = "<group>"; };
		EA0F0C5A1ED0B0DE000517A4 /* ReactiveSwift.framework.dSYM */ = {isa = PBXFileReference; lastKnownFileType = wrapper.dsym; name = ReactiveSwift.framework.dSYM; path = Carthage/Build/Mac/ReactiveSwift.framework.dSYM; sourceTree = "<group>"; };
		EA0F0C5B1ED0B0DE000517A4 /* Result.framework.dSYM */ = {isa = PBXFileReference; lastKnownFileType = wrapper.dsym; name = Result.framework.dSYM; path = Carthage/Build/Mac/Result.framework.dSYM; sourceTree = "<group>"; };
		EA0F0C5F1ED0B144000517A4 /* KeychainSwift.framework */ = {isa = PBXFileReference; lastKnownFileType = wrapper.framework; name = KeychainSwift.framework; path = Carthage/Build/Mac/KeychainSwift.framework; sourceTree = "<group>"; };
		EA0F0C601ED0B144000517A4 /* ReactiveSwift.framework */ = {isa = PBXFileReference; lastKnownFileType = wrapper.framework; name = ReactiveSwift.framework; path = Carthage/Build/Mac/ReactiveSwift.framework; sourceTree = "<group>"; };
		EA0F0C611ED0B144000517A4 /* Result.framework */ = {isa = PBXFileReference; lastKnownFileType = wrapper.framework; name = Result.framework; path = Carthage/Build/Mac/Result.framework; sourceTree = "<group>"; };
		EA0F0C681ED0B19B000517A4 /* KeychainSwift.framework */ = {isa = PBXFileReference; lastKnownFileType = wrapper.framework; name = KeychainSwift.framework; path = Carthage/Build/iOS/KeychainSwift.framework; sourceTree = "<group>"; };
		EA0F0C691ED0B19B000517A4 /* ReactiveSwift.framework */ = {isa = PBXFileReference; lastKnownFileType = wrapper.framework; name = ReactiveSwift.framework; path = Carthage/Build/iOS/ReactiveSwift.framework; sourceTree = "<group>"; };
		EA0F0C6A1ED0B19B000517A4 /* Result.framework */ = {isa = PBXFileReference; lastKnownFileType = wrapper.framework; name = Result.framework; path = Carthage/Build/iOS/Result.framework; sourceTree = "<group>"; };
		EA12E05E1ECE950000A0DCF7 /* Feathers-iOSTests.xctest */ = {isa = PBXFileReference; explicitFileType = wrapper.cfbundle; includeInIndex = 0; path = "Feathers-iOSTests.xctest"; sourceTree = BUILT_PRODUCTS_DIR; };
		EA3017131EC7867E00114F19 /* Hooks.swift */ = {isa = PBXFileReference; fileEncoding = 4; lastKnownFileType = sourcecode.swift; name = Hooks.swift; path = Core/Hooks.swift; sourceTree = "<group>"; };
		EA301AB41EC8BEBD00114F19 /* Hooks.swift */ = {isa = PBXFileReference; fileEncoding = 4; lastKnownFileType = sourcecode.swift; name = Hooks.swift; path = FeathersTests/Hooks.swift; sourceTree = SOURCE_ROOT; };
		EA301AB91EC8CD0400114F19 /* StubProvider.swift */ = {isa = PBXFileReference; fileEncoding = 4; lastKnownFileType = sourcecode.swift; name = StubProvider.swift; path = FeathersTests/StubProvider.swift; sourceTree = SOURCE_ROOT; };
		EA452A6A1EA2B14300427CEF /* Feathers.h */ = {isa = PBXFileReference; lastKnownFileType = sourcecode.c.h; path = Feathers.h; sourceTree = "<group>"; };
		EA452A6B1EA2B14300427CEF /* Info.plist */ = {isa = PBXFileReference; lastKnownFileType = text.plist.xml; path = Info.plist; sourceTree = "<group>"; };
		EA52954B1ECE912C0014F156 /* ServiceSpec.swift */ = {isa = PBXFileReference; fileEncoding = 4; lastKnownFileType = sourcecode.swift; name = ServiceSpec.swift; path = FeathersTests/ServiceSpec.swift; sourceTree = SOURCE_ROOT; };
		EA954C771EC9BEEC0094FF43 /* LoggerHooks.swift */ = {isa = PBXFileReference; fileEncoding = 4; lastKnownFileType = sourcecode.swift; name = LoggerHooks.swift; path = Core/LoggerHooks.swift; sourceTree = "<group>"; };
		EABBAE0A1EBFA6A400522603 /* AuthenticationConfiguration.swift */ = {isa = PBXFileReference; fileEncoding = 4; lastKnownFileType = sourcecode.swift; name = AuthenticationConfiguration.swift; path = Core/AuthenticationConfiguration.swift; sourceTree = "<group>"; };
		EABBAE0B1EBFA6A400522603 /* AuthenticationStorage.swift */ = {isa = PBXFileReference; fileEncoding = 4; lastKnownFileType = sourcecode.swift; name = AuthenticationStorage.swift; path = Core/AuthenticationStorage.swift; sourceTree = "<group>"; };
		EABBAE0C1EBFA6A400522603 /* Feathers.swift */ = {isa = PBXFileReference; fileEncoding = 4; lastKnownFileType = sourcecode.swift; name = Feathers.swift; path = Core/Feathers.swift; sourceTree = "<group>"; };
		EABBAE0D1EBFA6A400522603 /* FeathersError.swift */ = {isa = PBXFileReference; fileEncoding = 4; lastKnownFileType = sourcecode.swift; name = FeathersError.swift; path = Core/FeathersError.swift; sourceTree = "<group>"; };
		EABBAE0F1EBFA6A400522603 /* Provider.swift */ = {isa = PBXFileReference; fileEncoding = 4; lastKnownFileType = sourcecode.swift; name = Provider.swift; path = Core/Provider.swift; sourceTree = "<group>"; };
		EABBAE101EBFA6A400522603 /* Response.swift */ = {isa = PBXFileReference; fileEncoding = 4; lastKnownFileType = sourcecode.swift; name = Response.swift; path = Core/Response.swift; sourceTree = "<group>"; };
		EABBAE121EBFA6A400522603 /* Service.swift */ = {isa = PBXFileReference; fileEncoding = 4; lastKnownFileType = sourcecode.swift; name = Service.swift; path = Core/Service.swift; sourceTree = "<group>"; };
		EAC0BC821EC90A600049FB13 /* Info.plist */ = {isa = PBXFileReference; fileEncoding = 4; lastKnownFileType = text.plist.xml; name = Info.plist; path = FeathersTests/Info.plist; sourceTree = SOURCE_ROOT; };
		EAC0BCD21EC90FDB0049FB13 /* Feathers.framework */ = {isa = PBXFileReference; explicitFileType = wrapper.framework; includeInIndex = 0; path = Feathers.framework; sourceTree = BUILT_PRODUCTS_DIR; };
		EAE05D691EBFDB0000DA55BF /* Endpoint.swift */ = {isa = PBXFileReference; fileEncoding = 4; lastKnownFileType = sourcecode.swift; name = Endpoint.swift; path = Core/Endpoint.swift; sourceTree = "<group>"; };
/* End PBXFileReference section */

/* Begin PBXFrameworksBuildPhase section */
		EA12E05B1ECE950000A0DCF7 /* Frameworks */ = {
			isa = PBXFrameworksBuildPhase;
			buildActionMask = 2147483647;
			files = (
				EA0F0C651ED0B16C000517A4 /* KeychainSwift.framework in Frameworks */,
				EA0F0C661ED0B16C000517A4 /* ReactiveSwift.framework in Frameworks */,
				EA0F0C671ED0B16C000517A4 /* Result.framework in Frameworks */,
				EA0F0BBE1ED0ABA1000517A4 /* Nimble.framework in Frameworks */,
				EA0F0BBF1ED0ABA1000517A4 /* Quick.framework in Frameworks */,
				EA12E0631ECE950100A0DCF7 /* Feathers.framework in Frameworks */,
			);
			runOnlyForDeploymentPostprocessing = 0;
		};
		EAC0BCCE1EC90FDB0049FB13 /* Frameworks */ = {
			isa = PBXFrameworksBuildPhase;
			buildActionMask = 2147483647;
			files = (
				EA0F0C231ED0AF3D000517A4 /* ReactiveSwift.framework in Frameworks */,
				EA0F0BB81ED0AAEA000517A4 /* KeychainSwift.framework in Frameworks */,
				EA0F0BBA1ED0AAEA000517A4 /* Result.framework in Frameworks */,
			);
			runOnlyForDeploymentPostprocessing = 0;
		};
/* End PBXFrameworksBuildPhase section */

/* Begin PBXGroup section */
		E6F86BE4240DD808800C3F09 /* Frameworks */ = {
			isa = PBXGroup;
			children = (
				EA0F0BD51ED0AC9A000517A4 /* Nimble.framework */,
				EA0F0BD61ED0AC9A000517A4 /* Quick.framework */,
				EA0F0BCA1ED0AC51000517A4 /* KeychainSwift.framework.dSYM */,
				EA0F0BCB1ED0AC51000517A4 /* ReactiveSwift.framework.dSYM */,
				EA0F0BCC1ED0AC51000517A4 /* Result.framework.dSYM */,
				EA0F0BD91ED0ACD0000517A4 /* KeychainSwift.framework */,
				EA0F0BDA1ED0ACD0000517A4 /* ReactiveSwift.framework */,
				EA0F0BDB1ED0ACD0000517A4 /* Result.framework */,
				EA0F0BD01ED0AC86000517A4 /* Nimble.framework */,
				EA0F0BD11ED0AC86000517A4 /* Quick.framework */,
				EA0F0BC11ED0ABBC000517A4 /* Nimble.framework */,
				EA0F0BC21ED0ABBC000517A4 /* Quick.framework */,
				EA0F0BBC1ED0ABA1000517A4 /* Nimble.framework */,
				EA0F0BBD1ED0ABA1000517A4 /* Quick.framework */,
				EA0F0BB51ED0AAEA000517A4 /* KeychainSwift.framework */,
				EA0F0BB61ED0AAEA000517A4 /* ReactiveSwift.framework */,
				EA0F0BB71ED0AAEA000517A4 /* Result.framework */,
			);
			name = Frameworks;
			sourceTree = "<group>";
		};
		EA301AB31EC8BEAF00114F19 /* Fakes */ = {
			isa = PBXGroup;
			children = (
				EA301AB41EC8BEBD00114F19 /* Hooks.swift */,
			);
			name = Fakes;
			sourceTree = "<group>";
		};
		EA301ABD1EC8CD0B00114F19 /* Stubs */ = {
			isa = PBXGroup;
			children = (
				EA301AB91EC8CD0400114F19 /* StubProvider.swift */,
			);
			name = Stubs;
			sourceTree = "<group>";
		};
		EA452A5D1EA2B14300427CEF = {
			isa = PBXGroup;
			children = (
				EA0F0C681ED0B19B000517A4 /* KeychainSwift.framework */,
				EA0F0C691ED0B19B000517A4 /* ReactiveSwift.framework */,
				EA0F0C6A1ED0B19B000517A4 /* Result.framework */,
				EA0F0C5F1ED0B144000517A4 /* KeychainSwift.framework */,
				EA0F0C601ED0B144000517A4 /* ReactiveSwift.framework */,
				EA0F0C611ED0B144000517A4 /* Result.framework */,
				EA0F0C591ED0B0DE000517A4 /* KeychainSwift.framework.dSYM */,
				EA0F0C5A1ED0B0DE000517A4 /* ReactiveSwift.framework.dSYM */,
				EA0F0C5B1ED0B0DE000517A4 /* Result.framework.dSYM */,
				EA0F0C531ED0B09F000517A4 /* KeychainSwift.framework */,
				EA0F0C511ED0B080000517A4 /* Result.framework */,
				EA0F0C4E1ED0B061000517A4 /* ReactiveSwift.framework */,
				EA452A691EA2B14300427CEF /* Feathers */,
				EABBADB01EBE77C900522603 /* FeathersTests */,
				EA452A681EA2B14300427CEF /* Products */,
				E6F86BE4240DD808800C3F09 /* Frameworks */,
			);
			sourceTree = "<group>";
		};
		EA452A681EA2B14300427CEF /* Products */ = {
			isa = PBXGroup;
			children = (
				EAC0BCD21EC90FDB0049FB13 /* Feathers.framework */,
				EA12E05E1ECE950000A0DCF7 /* Feathers-iOSTests.xctest */,
			);
			name = Products;
			sourceTree = "<group>";
		};
		EA452A691EA2B14300427CEF /* Feathers */ = {
			isa = PBXGroup;
			children = (
				EABBAE091EBFA69C00522603 /* Core */,
				EA452A6A1EA2B14300427CEF /* Feathers.h */,
				EA452A6B1EA2B14300427CEF /* Info.plist */,
			);
			path = Feathers;
			sourceTree = "<group>";
		};
		EA954C6E1EC9A4990094FF43 /* Hooks */ = {
			isa = PBXGroup;
			children = (
				EA3017131EC7867E00114F19 /* Hooks.swift */,
				EA954C771EC9BEEC0094FF43 /* LoggerHooks.swift */,
			);
			name = Hooks;
			sourceTree = "<group>";
		};
		EABBADB01EBE77C900522603 /* FeathersTests */ = {
			isa = PBXGroup;
			children = (
				EA301ABD1EC8CD0B00114F19 /* Stubs */,
				EA301AB31EC8BEAF00114F19 /* Fakes */,
				EAC0BC821EC90A600049FB13 /* Info.plist */,
				EA52954B1ECE912C0014F156 /* ServiceSpec.swift */,
				EA0F0BB11ED0A6C9000517A4 /* FeathersSpec.swift */,
			);
			name = FeathersTests;
			path = "FeathersTests-iOS";
			sourceTree = "<group>";
		};
		EABBAE091EBFA69C00522603 /* Core */ = {
			isa = PBXGroup;
			children = (
				EA954C6E1EC9A4990094FF43 /* Hooks */,
				EABBAE121EBFA6A400522603 /* Service.swift */,
				EABBAE0A1EBFA6A400522603 /* AuthenticationConfiguration.swift */,
				EABBAE0B1EBFA6A400522603 /* AuthenticationStorage.swift */,
				EABBAE0C1EBFA6A400522603 /* Feathers.swift */,
				EABBAE0D1EBFA6A400522603 /* FeathersError.swift */,
				EABBAE0F1EBFA6A400522603 /* Provider.swift */,
				EABBAE101EBFA6A400522603 /* Response.swift */,
				EAE05D691EBFDB0000DA55BF /* Endpoint.swift */,
			);
			name = Core;
			sourceTree = "<group>";
		};
/* End PBXGroup section */

/* Begin PBXHeadersBuildPhase section */
		EAC0BCCF1EC90FDB0049FB13 /* Headers */ = {
			isa = PBXHeadersBuildPhase;
			buildActionMask = 2147483647;
			files = (
			);
			runOnlyForDeploymentPostprocessing = 0;
		};
/* End PBXHeadersBuildPhase section */

/* Begin PBXNativeTarget section */
		EA12E05D1ECE950000A0DCF7 /* Feathers-iOSTests */ = {
			isa = PBXNativeTarget;
			buildConfigurationList = EA12E0661ECE950100A0DCF7 /* Build configuration list for PBXNativeTarget "Feathers-iOSTests" */;
			buildPhases = (
				EA12E05A1ECE950000A0DCF7 /* Sources */,
				EA12E05B1ECE950000A0DCF7 /* Frameworks */,
				EA12E05C1ECE950000A0DCF7 /* Resources */,
				EA0F0BC01ED0ABA4000517A4 /* Copy Files */,
			);
			buildRules = (
			);
			dependencies = (
				EA12E0651ECE950100A0DCF7 /* PBXTargetDependency */,
			);
			name = "Feathers-iOSTests";
			productName = "FeathersTests-iOS";
			productReference = EA12E05E1ECE950000A0DCF7 /* Feathers-iOSTests.xctest */;
			productType = "com.apple.product-type.bundle.unit-test";
		};
		EAC0BCD11EC90FDB0049FB13 /* Feathers-iOS */ = {
			isa = PBXNativeTarget;
			buildConfigurationList = EAC0BCE31EC90FDB0049FB13 /* Build configuration list for PBXNativeTarget "Feathers-iOS" */;
			buildPhases = (
				EAC0BCCD1EC90FDB0049FB13 /* Sources */,
				EAC0BCCE1EC90FDB0049FB13 /* Frameworks */,
				EAC0BCCF1EC90FDB0049FB13 /* Headers */,
				EAC0BCD01EC90FDB0049FB13 /* Resources */,
				EA0F0BBB1ED0AB03000517A4 /* Carthage */,
			);
			buildRules = (
			);
			dependencies = (
			);
			name = "Feathers-iOS";
			productName = "Feathers-iOS";
			productReference = EAC0BCD21EC90FDB0049FB13 /* Feathers.framework */;
			productType = "com.apple.product-type.framework";
		};
/* End PBXNativeTarget section */

/* Begin PBXProject section */
		EA452A5E1EA2B14300427CEF /* Project object */ = {
			isa = PBXProject;
			attributes = {
				LastSwiftUpdateCheck = 0830;
				LastUpgradeCheck = 0830;
				ORGANIZATIONNAME = "Swoopy Studios";
				TargetAttributes = {
					EA12E05D1ECE950000A0DCF7 = {
						CreatedOnToolsVersion = 8.3.2;
						ProvisioningStyle = Automatic;
					};
					EAC0BCD11EC90FDB0049FB13 = {
						CreatedOnToolsVersion = 8.3.2;
						ProvisioningStyle = Automatic;
					};
				};
			};
			buildConfigurationList = EA452A611EA2B14300427CEF /* Build configuration list for PBXProject "Feathers" */;
			compatibilityVersion = "Xcode 3.2";
			developmentRegion = English;
			hasScannedForEncodings = 0;
			knownRegions = (
				en,
				Base,
			);
			mainGroup = EA452A5D1EA2B14300427CEF;
			productRefGroup = EA452A681EA2B14300427CEF /* Products */;
			projectDirPath = "";
			projectRoot = "";
			targets = (
				EAC0BCD11EC90FDB0049FB13 /* Feathers-iOS */,
				EA12E05D1ECE950000A0DCF7 /* Feathers-iOSTests */,
			);
		};
/* End PBXProject section */

/* Begin PBXResourcesBuildPhase section */
		EA12E05C1ECE950000A0DCF7 /* Resources */ = {
			isa = PBXResourcesBuildPhase;
			buildActionMask = 2147483647;
			files = (
			);
			runOnlyForDeploymentPostprocessing = 0;
		};
		EAC0BCD01EC90FDB0049FB13 /* Resources */ = {
			isa = PBXResourcesBuildPhase;
			buildActionMask = 2147483647;
			files = (
			);
			runOnlyForDeploymentPostprocessing = 0;
		};
/* End PBXResourcesBuildPhase section */

/* Begin PBXShellScriptBuildPhase section */
		EA0F0BBB1ED0AB03000517A4 /* Carthage */ = {
			isa = PBXShellScriptBuildPhase;
			buildActionMask = 2147483647;
			files = (
			);
			inputPaths = (
				"$(SRCROOT)/Carthage/Build/iOS/Result.framework",
				"$(SRCROOT)/Carthage/Build/iOS/ReactiveSwift.framework",
				"$(SRCROOT)/Carthage/Build/iOS/KeychainSwift.framework",
			);
			name = Carthage;
			outputPaths = (
			);
			runOnlyForDeploymentPostprocessing = 0;
			shellPath = /bin/sh;
			shellScript = "/usr/local/bin/carthage copy-frameworks\n";
		};
/* End PBXShellScriptBuildPhase section */

/* Begin PBXSourcesBuildPhase section */
		EA12E05A1ECE950000A0DCF7 /* Sources */ = {
			isa = PBXSourcesBuildPhase;
			buildActionMask = 2147483647;
			files = (
				EA12E06A1ECE952400A0DCF7 /* StubProvider.swift in Sources */,
				EA12E0691ECE950C00A0DCF7 /* ServiceSpec.swift in Sources */,
				EA0F0BB21ED0A6C9000517A4 /* FeathersSpec.swift in Sources */,
				EA12E06B1ECE952400A0DCF7 /* Hooks.swift in Sources */,
			);
			runOnlyForDeploymentPostprocessing = 0;
		};
		EAC0BCCD1EC90FDB0049FB13 /* Sources */ = {
			isa = PBXSourcesBuildPhase;
			buildActionMask = 2147483647;
			files = (
				EA954C781EC9BEEC0094FF43 /* LoggerHooks.swift in Sources */,
				EAC0BCF01EC90FF30049FB13 /* Response.swift in Sources */,
				EAC0BCEB1EC90FF30049FB13 /* AuthenticationStorage.swift in Sources */,
				EAC0BCEF1EC90FF30049FB13 /* Provider.swift in Sources */,
				EAC0BCEA1EC90FF30049FB13 /* AuthenticationConfiguration.swift in Sources */,
				EAC0BCE91EC90FF30049FB13 /* Service.swift in Sources */,
				EAC0BCF41EC90FF30049FB13 /* Hooks.swift in Sources */,
				EAC0BCED1EC90FF30049FB13 /* FeathersError.swift in Sources */,
				EAC0BCEC1EC90FF30049FB13 /* Feathers.swift in Sources */,
				EAC0BCF31EC90FF30049FB13 /* Endpoint.swift in Sources */,
			);
			runOnlyForDeploymentPostprocessing = 0;
		};
/* End PBXSourcesBuildPhase section */

/* Begin PBXTargetDependency section */
		EA12E0651ECE950100A0DCF7 /* PBXTargetDependency */ = {
			isa = PBXTargetDependency;
			target = EAC0BCD11EC90FDB0049FB13 /* Feathers-iOS */;
			targetProxy = EA12E0641ECE950100A0DCF7 /* PBXContainerItemProxy */;
		};
/* End PBXTargetDependency section */

/* Begin XCBuildConfiguration section */
		EA12E0671ECE950100A0DCF7 /* Debug */ = {
			isa = XCBuildConfiguration;
			buildSettings = {
				FRAMEWORK_SEARCH_PATHS = (
					"$(inherited)",
					"$(PROJECT_DIR)/Carthage/Build/iOS",
				);
				INFOPLIST_FILE = FeathersTests/Info.plist;
				LD_RUNPATH_SEARCH_PATHS = "$(inherited) @executable_path/Frameworks @loader_path/Frameworks";
				PRODUCT_BUNDLE_IDENTIFIER = "com.feathersjs.FeathersTests-iOS";
				PRODUCT_NAME = "$(TARGET_NAME)";
				SWIFT_VERSION = 3.0;
			};
			name = Debug;
		};
		EA12E0681ECE950100A0DCF7 /* Release */ = {
			isa = XCBuildConfiguration;
			buildSettings = {
				FRAMEWORK_SEARCH_PATHS = (
					"$(inherited)",
					"$(PROJECT_DIR)/Carthage/Build/iOS",
				);
				INFOPLIST_FILE = FeathersTests/Info.plist;
				LD_RUNPATH_SEARCH_PATHS = "$(inherited) @executable_path/Frameworks @loader_path/Frameworks";
				PRODUCT_BUNDLE_IDENTIFIER = "com.feathersjs.FeathersTests-iOS";
				PRODUCT_NAME = "$(TARGET_NAME)";
				SWIFT_VERSION = 3.0;
			};
			name = Release;
		};
		EA452A791EA2B14300427CEF /* Debug */ = {
			isa = XCBuildConfiguration;
			buildSettings = {
				ALWAYS_SEARCH_USER_PATHS = NO;
				CLANG_ANALYZER_NONNULL = YES;
				CLANG_ANALYZER_NUMBER_OBJECT_CONVERSION = YES_AGGRESSIVE;
				CLANG_CXX_LANGUAGE_STANDARD = "gnu++0x";
				CLANG_CXX_LIBRARY = "libc++";
				CLANG_ENABLE_MODULES = YES;
				CLANG_ENABLE_OBJC_ARC = YES;
				CLANG_WARN_BOOL_CONVERSION = YES;
				CLANG_WARN_CONSTANT_CONVERSION = YES;
				CLANG_WARN_DIRECT_OBJC_ISA_USAGE = YES_ERROR;
				CLANG_WARN_DOCUMENTATION_COMMENTS = YES;
				CLANG_WARN_EMPTY_BODY = YES;
				CLANG_WARN_ENUM_CONVERSION = YES;
				CLANG_WARN_INFINITE_RECURSION = YES;
				CLANG_WARN_INT_CONVERSION = YES;
				CLANG_WARN_OBJC_ROOT_CLASS = YES_ERROR;
				CLANG_WARN_SUSPICIOUS_MOVE = YES;
				CLANG_WARN_UNREACHABLE_CODE = YES;
				CLANG_WARN__DUPLICATE_METHOD_MATCH = YES;
				"CODE_SIGN_IDENTITY[sdk=iphoneos*]" = "iPhone Developer";
				COPY_PHASE_STRIP = NO;
				CURRENT_PROJECT_VERSION = 1;
				DEBUG_INFORMATION_FORMAT = dwarf;
				ENABLE_STRICT_OBJC_MSGSEND = YES;
				ENABLE_TESTABILITY = YES;
				GCC_C_LANGUAGE_STANDARD = gnu99;
				GCC_DYNAMIC_NO_PIC = NO;
				GCC_NO_COMMON_BLOCKS = YES;
				GCC_OPTIMIZATION_LEVEL = 0;
				GCC_PREPROCESSOR_DEFINITIONS = (
					"DEBUG=1",
					"$(inherited)",
				);
				GCC_WARN_64_TO_32_BIT_CONVERSION = YES;
				GCC_WARN_ABOUT_RETURN_TYPE = YES_ERROR;
				GCC_WARN_UNDECLARED_SELECTOR = YES;
				GCC_WARN_UNINITIALIZED_AUTOS = YES_AGGRESSIVE;
				GCC_WARN_UNUSED_FUNCTION = YES;
				GCC_WARN_UNUSED_VARIABLE = YES;
				IPHONEOS_DEPLOYMENT_TARGET = 8.0;
				MACOSX_DEPLOYMENT_TARGET = 10.10;
				MTL_ENABLE_DEBUG_INFO = YES;
				ONLY_ACTIVE_ARCH = YES;
				PRODUCT_NAME = Feathers;
				SDKROOT = iphoneos;
				SWIFT_ACTIVE_COMPILATION_CONDITIONS = DEBUG;
				SWIFT_OPTIMIZATION_LEVEL = "-Onone";
				TARGETED_DEVICE_FAMILY = "1,2";
				VERSIONING_SYSTEM = "apple-generic";
				VERSION_INFO_PREFIX = "";
			};
			name = Debug;
		};
		EA452A7A1EA2B14300427CEF /* Release */ = {
			isa = XCBuildConfiguration;
			buildSettings = {
				ALWAYS_SEARCH_USER_PATHS = NO;
				CLANG_ANALYZER_NONNULL = YES;
				CLANG_ANALYZER_NUMBER_OBJECT_CONVERSION = YES_AGGRESSIVE;
				CLANG_CXX_LANGUAGE_STANDARD = "gnu++0x";
				CLANG_CXX_LIBRARY = "libc++";
				CLANG_ENABLE_MODULES = YES;
				CLANG_ENABLE_OBJC_ARC = YES;
				CLANG_WARN_BOOL_CONVERSION = YES;
				CLANG_WARN_CONSTANT_CONVERSION = YES;
				CLANG_WARN_DIRECT_OBJC_ISA_USAGE = YES_ERROR;
				CLANG_WARN_DOCUMENTATION_COMMENTS = YES;
				CLANG_WARN_EMPTY_BODY = YES;
				CLANG_WARN_ENUM_CONVERSION = YES;
				CLANG_WARN_INFINITE_RECURSION = YES;
				CLANG_WARN_INT_CONVERSION = YES;
				CLANG_WARN_OBJC_ROOT_CLASS = YES_ERROR;
				CLANG_WARN_SUSPICIOUS_MOVE = YES;
				CLANG_WARN_UNREACHABLE_CODE = YES;
				CLANG_WARN__DUPLICATE_METHOD_MATCH = YES;
				"CODE_SIGN_IDENTITY[sdk=iphoneos*]" = "iPhone Developer";
				COPY_PHASE_STRIP = NO;
				CURRENT_PROJECT_VERSION = 1;
				DEBUG_INFORMATION_FORMAT = "dwarf-with-dsym";
				ENABLE_NS_ASSERTIONS = NO;
				ENABLE_STRICT_OBJC_MSGSEND = YES;
				GCC_C_LANGUAGE_STANDARD = gnu99;
				GCC_NO_COMMON_BLOCKS = YES;
				GCC_WARN_64_TO_32_BIT_CONVERSION = YES;
				GCC_WARN_ABOUT_RETURN_TYPE = YES_ERROR;
				GCC_WARN_UNDECLARED_SELECTOR = YES;
				GCC_WARN_UNINITIALIZED_AUTOS = YES_AGGRESSIVE;
				GCC_WARN_UNUSED_FUNCTION = YES;
				GCC_WARN_UNUSED_VARIABLE = YES;
				IPHONEOS_DEPLOYMENT_TARGET = 8.0;
				MACOSX_DEPLOYMENT_TARGET = 10.10;
				MTL_ENABLE_DEBUG_INFO = NO;
				PRODUCT_NAME = Feathers;
				SDKROOT = iphoneos;
				SWIFT_OPTIMIZATION_LEVEL = "-Owholemodule";
				TARGETED_DEVICE_FAMILY = "1,2";
				VALIDATE_PRODUCT = YES;
				VERSIONING_SYSTEM = "apple-generic";
				VERSION_INFO_PREFIX = "";
			};
			name = Release;
		};
		EAC0BCE41EC90FDB0049FB13 /* Debug */ = {
			isa = XCBuildConfiguration;
			buildSettings = {
				ALWAYS_EMBED_SWIFT_STANDARD_LIBRARIES = "$(inherited)";
				CODE_SIGN_IDENTITY = "";
				DEFINES_MODULE = YES;
				DYLIB_COMPATIBILITY_VERSION = 1;
				DYLIB_CURRENT_VERSION = 1;
				DYLIB_INSTALL_NAME_BASE = "@rpath";
				FRAMEWORK_SEARCH_PATHS = (
					"$(inherited)",
					"$(PROJECT_DIR)/Carthage/Build/iOS",
				);
				INFOPLIST_FILE = Feathers/Info.plist;
				INSTALL_PATH = "$(LOCAL_LIBRARY_DIR)/Frameworks";
				IPHONEOS_DEPLOYMENT_TARGET = 8.0;
				LD_RUNPATH_SEARCH_PATHS = "$(inherited) @executable_path/Frameworks @loader_path/Frameworks";
				OTHER_LDFLAGS = "$(inherited)";
				PRODUCT_BUNDLE_IDENTIFIER = "com.swoopystudios.Feathers-iOS";
				PRODUCT_NAME = Feathers;
				SKIP_INSTALL = YES;
				SWIFT_VERSION = 3.0;
			};
			name = Debug;
		};
		EAC0BCE51EC90FDB0049FB13 /* Release */ = {
			isa = XCBuildConfiguration;
			buildSettings = {
				ALWAYS_EMBED_SWIFT_STANDARD_LIBRARIES = "$(inherited)";
				CODE_SIGN_IDENTITY = "";
				DEFINES_MODULE = YES;
				DYLIB_COMPATIBILITY_VERSION = 1;
				DYLIB_CURRENT_VERSION = 1;
				DYLIB_INSTALL_NAME_BASE = "@rpath";
				FRAMEWORK_SEARCH_PATHS = (
					"$(inherited)",
					"$(PROJECT_DIR)/Carthage/Build/iOS",
				);
				INFOPLIST_FILE = Feathers/Info.plist;
				INSTALL_PATH = "$(LOCAL_LIBRARY_DIR)/Frameworks";
				IPHONEOS_DEPLOYMENT_TARGET = 8.0;
				LD_RUNPATH_SEARCH_PATHS = "$(inherited) @executable_path/Frameworks @loader_path/Frameworks";
				OTHER_LDFLAGS = "$(inherited)";
				PRODUCT_BUNDLE_IDENTIFIER = "com.swoopystudios.Feathers-iOS";
				PRODUCT_NAME = Feathers;
				SKIP_INSTALL = YES;
				SWIFT_VERSION = 3.0;
			};
			name = Release;
		};
/* End XCBuildConfiguration section */

/* Begin XCConfigurationList section */
		EA12E0661ECE950100A0DCF7 /* Build configuration list for PBXNativeTarget "Feathers-iOSTests" */ = {
			isa = XCConfigurationList;
			buildConfigurations = (
				EA12E0671ECE950100A0DCF7 /* Debug */,
				EA12E0681ECE950100A0DCF7 /* Release */,
			);
			defaultConfigurationIsVisible = 0;
			defaultConfigurationName = Release;
		};
		EA452A611EA2B14300427CEF /* Build configuration list for PBXProject "Feathers" */ = {
			isa = XCConfigurationList;
			buildConfigurations = (
				EA452A791EA2B14300427CEF /* Debug */,
				EA452A7A1EA2B14300427CEF /* Release */,
			);
			defaultConfigurationIsVisible = 0;
			defaultConfigurationName = Release;
		};
		EAC0BCE31EC90FDB0049FB13 /* Build configuration list for PBXNativeTarget "Feathers-iOS" */ = {
			isa = XCConfigurationList;
			buildConfigurations = (
				EAC0BCE41EC90FDB0049FB13 /* Debug */,
				EAC0BCE51EC90FDB0049FB13 /* Release */,
			);
			defaultConfigurationIsVisible = 0;
			defaultConfigurationName = Release;
		};
/* End XCConfigurationList section */
	};
	rootObject = EA452A5E1EA2B14300427CEF /* Project object */;
}
