PODS:
  - KeychainSwift (7.0.0)
  - ReactiveSwift (1.0.0):
    - Result (~> 3.1)
  - Result (3.1.0)
  - RxSwift (3.1.0)

DEPENDENCIES:
  - KeychainSwift
  - ReactiveSwift
  - Result
  - RxSwift

SPEC CHECKSUMS:
  KeychainSwift: b6947435dd78cc442c64a84ae648dd0e871cf448
  ReactiveSwift: f391724ee318a2cfd3e37dfb041cd49ecf4e7869
  Result: 4e3ed5995ed94d0cd6a09be9a431fce3f3624bbf
  RxSwift: 83ff553e7593fdfdcb2562933a64c0284dffdadc

PODFILE CHECKSUM: 3cf0944bd619ddb11b382ceecc9810ef0d275a98

COCOAPODS: 1.2.1
