PODS:
  - KeychainSwift (8.0.2)
  - ReactiveSwift (1.1.3):
    - Result (~> 3.2)
  - Result (3.2.2)
  - RxSwift (3.4.1)

DEPENDENCIES:
  - KeychainSwift
  - ReactiveSwift
  - Result
  - RxSwift

SPEC CHECKSUMS:
  KeychainSwift: 213db04dfe7244988e61f77c72a2afb2f775954a
  ReactiveSwift: f54ba12c2e799003432930fa55495315ae44f32b
  Result: 4edd39003fdccf281d418ee1b006571f70123250
  RxSwift: 656f8fbeca5bc372121a72d9ebdd3cd3bc0ffade

PODFILE CHECKSUM: 3cf0944bd619ddb11b382ceecc9810ef0d275a98

COCOAPODS: 1.2.1
