// !$*UTF8*$!
{
	archiveVersion = 1;
	classes = {
	};
	objectVersion = 46;
	objects = {

/* Begin PBXBuildFile section */
		EA954C511EC99BF30094FF43 /* AppDelegate.swift in Sources */ = {isa = PBXBuildFile; fileRef = EA954C501EC99BF30094FF43 /* AppDelegate.swift */; };
		EA954C531EC99BF30094FF43 /* ViewController.swift in Sources */ = {isa = PBXBuildFile; fileRef = EA954C521EC99BF30094FF43 /* ViewController.swift */; };
		EA954C561EC99BF30094FF43 /* Main.storyboard in Resources */ = {isa = PBXBuildFile; fileRef = EA954C541EC99BF30094FF43 /* Main.storyboard */; };
		EA954C581EC99BF30094FF43 /* Assets.xcassets in Resources */ = {isa = PBXBuildFile; fileRef = EA954C571EC99BF30094FF43 /* Assets.xcassets */; };
		EA954C5B1EC99BF30094FF43 /* LaunchScreen.storyboard in Resources */ = {isa = PBXBuildFile; fileRef = EA954C591EC99BF30094FF43 /* LaunchScreen.storyboard */; };
/* End PBXBuildFile section */

/* Begin PBXFileReference section */
		EA954C4D1EC99BF30094FF43 /* FeathersDemo.app */ = {isa = PBXFileReference; explicitFileType = wrapper.application; includeInIndex = 0; path = FeathersDemo.app; sourceTree = BUILT_PRODUCTS_DIR; };
		EA954C501EC99BF30094FF43 /* AppDelegate.swift */ = {isa = PBXFileReference; lastKnownFileType = sourcecode.swift; path = AppDelegate.swift; sourceTree = "<group>"; };
		EA954C521EC99BF30094FF43 /* ViewController.swift */ = {isa = PBXFileReference; lastKnownFileType = sourcecode.swift; path = ViewController.swift; sourceTree = "<group>"; };
		EA954C551EC99BF30094FF43 /* Base */ = {isa = PBXFileReference; lastKnownFileType = file.storyboard; name = Base; path = Base.lproj/Main.storyboard; sourceTree = "<group>"; };
		EA954C571EC99BF30094FF43 /* Assets.xcassets */ = {isa = PBXFileReference; lastKnownFileType = folder.assetcatalog; path = Assets.xcassets; sourceTree = "<group>"; };
		EA954C5A1EC99BF30094FF43 /* Base */ = {isa = PBXFileReference; lastKnownFileType = file.storyboard; name = Base; path = Base.lproj/LaunchScreen.storyboard; sourceTree = "<group>"; };
		EA954C5C1EC99BF30094FF43 /* Info.plist */ = {isa = PBXFileReference; lastKnownFileType = text.plist.xml; path = Info.plist; sourceTree = "<group>"; };
/* End PBXFileReference section */

/* Begin PBXFrameworksBuildPhase section */
		EA954C4A1EC99BF30094FF43 /* Frameworks */ = {
			isa = PBXFrameworksBuildPhase;
			buildActionMask = 2147483647;
			files = (
			);
			runOnlyForDeploymentPostprocessing = 0;
		};
/* End PBXFrameworksBuildPhase section */

/* Begin PBXGroup section */
		EA954C441EC99BF30094FF43 = {
			isa = PBXGroup;
			children = (
				EA954C4F1EC99BF30094FF43 /* FeathersDemo */,
				EA954C4E1EC99BF30094FF43 /* Products */,
			);
			sourceTree = "<group>";
		};
		EA954C4E1EC99BF30094FF43 /* Products */ = {
			isa = PBXGroup;
			children = (
				EA954C4D1EC99BF30094FF43 /* FeathersDemo.app */,
			);
			name = Products;
			sourceTree = "<group>";
		};
		EA954C4F1EC99BF30094FF43 /* FeathersDemo */ = {
			isa = PBXGroup;
			children = (
				EA954C501EC99BF30094FF43 /* AppDelegate.swift */,
				EA954C521EC99BF30094FF43 /* ViewController.swift */,
				EA954C541EC99BF30094FF43 /* Main.storyboard */,
				EA954C571EC99BF30094FF43 /* Assets.xcassets */,
				EA954C591EC99BF30094FF43 /* LaunchScreen.storyboard */,
				EA954C5C1EC99BF30094FF43 /* Info.plist */,
			);
			path = FeathersDemo;
			sourceTree = "<group>";
		};
/* End PBXGroup section */

/* Begin PBXNativeTarget section */
		EA954C4C1EC99BF30094FF43 /* FeathersDemo */ = {
			isa = PBXNativeTarget;
			buildConfigurationList = EA954C5F1EC99BF30094FF43 /* Build configuration list for PBXNativeTarget "FeathersDemo" */;
			buildPhases = (
				EA954C491EC99BF30094FF43 /* Sources */,
				EA954C4A1EC99BF30094FF43 /* Frameworks */,
				EA954C4B1EC99BF30094FF43 /* Resources */,
			);
			buildRules = (
			);
			dependencies = (
			);
			name = FeathersDemo;
			productName = FeathersDemo;
			productReference = EA954C4D1EC99BF30094FF43 /* FeathersDemo.app */;
			productType = "com.apple.product-type.application";
		};
/* End PBXNativeTarget section */

/* Begin PBXProject section */
		EA954C451EC99BF30094FF43 /* Project object */ = {
			isa = PBXProject;
			attributes = {
				LastSwiftUpdateCheck = 0830;
				LastUpgradeCheck = 0830;
				ORGANIZATIONNAME = "Swoopy Studios";
				TargetAttributes = {
					EA954C4C1EC99BF30094FF43 = {
						CreatedOnToolsVersion = 8.3.2;
						ProvisioningStyle = Automatic;
					};
				};
			};
			buildConfigurationList = EA954C481EC99BF30094FF43 /* Build configuration list for PBXProject "FeathersDemo" */;
			compatibilityVersion = "Xcode 3.2";
			developmentRegion = English;
			hasScannedForEncodings = 0;
			knownRegions = (
				en,
				Base,
			);
			mainGroup = EA954C441EC99BF30094FF43;
			productRefGroup = EA954C4E1EC99BF30094FF43 /* Products */;
			projectDirPath = "";
			projectRoot = "";
			targets = (
				EA954C4C1EC99BF30094FF43 /* FeathersDemo */,
			);
		};
/* End PBXProject section */

/* Begin PBXResourcesBuildPhase section */
		EA954C4B1EC99BF30094FF43 /* Resources */ = {
			isa = PBXResourcesBuildPhase;
			buildActionMask = 2147483647;
			files = (
				EA954C5B1EC99BF30094FF43 /* LaunchScreen.storyboard in Resources */,
				EA954C581EC99BF30094FF43 /* Assets.xcassets in Resources */,
				EA954C561EC99BF30094FF43 /* Main.storyboard in Resources */,
			);
			runOnlyForDeploymentPostprocessing = 0;
		};
/* End PBXResourcesBuildPhase section */

/* Begin PBXSourcesBuildPhase section */
		EA954C491EC99BF30094FF43 /* Sources */ = {
			isa = PBXSourcesBuildPhase;
			buildActionMask = 2147483647;
			files = (
				EA954C531EC99BF30094FF43 /* ViewController.swift in Sources */,
				EA954C511EC99BF30094FF43 /* AppDelegate.swift in Sources */,
			);
			runOnlyForDeploymentPostprocessing = 0;
		};
/* End PBXSourcesBuildPhase section */

/* Begin PBXVariantGroup section */
		EA954C541EC99BF30094FF43 /* Main.storyboard */ = {
			isa = PBXVariantGroup;
			children = (
				EA954C551EC99BF30094FF43 /* Base */,
			);
			name = Main.storyboard;
			sourceTree = "<group>";
		};
		EA954C591EC99BF30094FF43 /* LaunchScreen.storyboard */ = {
			isa = PBXVariantGroup;
			children = (
				EA954C5A1EC99BF30094FF43 /* Base */,
			);
			name = LaunchScreen.storyboard;
			sourceTree = "<group>";
		};
/* End PBXVariantGroup section */

/* Begin XCBuildConfiguration section */
		EA954C5D1EC99BF30094FF43 /* Debug */ = {
			isa = XCBuildConfiguration;
			buildSettings = {
				ALWAYS_SEARCH_USER_PATHS = NO;
				CLANG_ANALYZER_NONNULL = YES;
				CLANG_ANALYZER_NUMBER_OBJECT_CONVERSION = YES_AGGRESSIVE;
				CLANG_CXX_LANGUAGE_STANDARD = "gnu++0x";
				CLANG_CXX_LIBRARY = "libc++";
				CLANG_ENABLE_MODULES = YES;
				CLANG_ENABLE_OBJC_ARC = YES;
				CLANG_WARN_BOOL_CONVERSION = YES;
				CLANG_WARN_CONSTANT_CONVERSION = YES;
				CLANG_WARN_DIRECT_OBJC_ISA_USAGE = YES_ERROR;
				CLANG_WARN_DOCUMENTATION_COMMENTS = YES;
				CLANG_WARN_EMPTY_BODY = YES;
				CLANG_WARN_ENUM_CONVERSION = YES;
				CLANG_WARN_INFINITE_RECURSION = YES;
				CLANG_WARN_INT_CONVERSION = YES;
				CLANG_WARN_OBJC_ROOT_CLASS = YES_ERROR;
				CLANG_WARN_SUSPICIOUS_MOVE = YES;
				CLANG_WARN_UNREACHABLE_CODE = YES;
				CLANG_WARN__DUPLICATE_METHOD_MATCH = YES;
				"CODE_SIGN_IDENTITY[sdk=iphoneos*]" = "iPhone Developer";
				COPY_PHASE_STRIP = NO;
				DEBUG_INFORMATION_FORMAT = dwarf;
				ENABLE_STRICT_OBJC_MSGSEND = YES;
				ENABLE_TESTABILITY = YES;
				GCC_C_LANGUAGE_STANDARD = gnu99;
				GCC_DYNAMIC_NO_PIC = NO;
				GCC_NO_COMMON_BLOCKS = YES;
				GCC_OPTIMIZATION_LEVEL = 0;
				GCC_PREPROCESSOR_DEFINITIONS = (
					"DEBUG=1",
					"$(inherited)",
				);
				GCC_WARN_64_TO_32_BIT_CONVERSION = YES;
				GCC_WARN_ABOUT_RETURN_TYPE = YES_ERROR;
				GCC_WARN_UNDECLARED_SELECTOR = YES;
				GCC_WARN_UNINITIALIZED_AUTOS = YES_AGGRESSIVE;
				GCC_WARN_UNUSED_FUNCTION = YES;
				GCC_WARN_UNUSED_VARIABLE = YES;
				IPHONEOS_DEPLOYMENT_TARGET = 10.3;
				MTL_ENABLE_DEBUG_INFO = YES;
				ONLY_ACTIVE_ARCH = YES;
				SDKROOT = iphoneos;
				SWIFT_ACTIVE_COMPILATION_CONDITIONS = DEBUG;
				SWIFT_OPTIMIZATION_LEVEL = "-Onone";
				TARGETED_DEVICE_FAMILY = "1,2";
			};
			name = Debug;
		};
		EA954C5E1EC99BF30094FF43 /* Release */ = {
			isa = XCBuildConfiguration;
			buildSettings = {
				ALWAYS_SEARCH_USER_PATHS = NO;
				CLANG_ANALYZER_NONNULL = YES;
				CLANG_ANALYZER_NUMBER_OBJECT_CONVERSION = YES_AGGRESSIVE;
				CLANG_CXX_LANGUAGE_STANDARD = "gnu++0x";
				CLANG_CXX_LIBRARY = "libc++";
				CLANG_ENABLE_MODULES = YES;
				CLANG_ENABLE_OBJC_ARC = YES;
				CLANG_WARN_BOOL_CONVERSION = YES;
				CLANG_WARN_CONSTANT_CONVERSION = YES;
				CLANG_WARN_DIRECT_OBJC_ISA_USAGE = YES_ERROR;
				CLANG_WARN_DOCUMENTATION_COMMENTS = YES;
				CLANG_WARN_EMPTY_BODY = YES;
				CLANG_WARN_ENUM_CONVERSION = YES;
				CLANG_WARN_INFINITE_RECURSION = YES;
				CLANG_WARN_INT_CONVERSION = YES;
				CLANG_WARN_OBJC_ROOT_CLASS = YES_ERROR;
				CLANG_WARN_SUSPICIOUS_MOVE = YES;
				CLANG_WARN_UNREACHABLE_CODE = YES;
				CLANG_WARN__DUPLICATE_METHOD_MATCH = YES;
				"CODE_SIGN_IDENTITY[sdk=iphoneos*]" = "iPhone Developer";
				COPY_PHASE_STRIP = NO;
				DEBUG_INFORMATION_FORMAT = "dwarf-with-dsym";
				ENABLE_NS_ASSERTIONS = NO;
				ENABLE_STRICT_OBJC_MSGSEND = YES;
				GCC_C_LANGUAGE_STANDARD = gnu99;
				GCC_NO_COMMON_BLOCKS = YES;
				GCC_WARN_64_TO_32_BIT_CONVERSION = YES;
				GCC_WARN_ABOUT_RETURN_TYPE = YES_ERROR;
				GCC_WARN_UNDECLARED_SELECTOR = YES;
				GCC_WARN_UNINITIALIZED_AUTOS = YES_AGGRESSIVE;
				GCC_WARN_UNUSED_FUNCTION = YES;
				GCC_WARN_UNUSED_VARIABLE = YES;
				IPHONEOS_DEPLOYMENT_TARGET = 10.3;
				MTL_ENABLE_DEBUG_INFO = NO;
				SDKROOT = iphoneos;
				SWIFT_OPTIMIZATION_LEVEL = "-Owholemodule";
				TARGETED_DEVICE_FAMILY = "1,2";
				VALIDATE_PRODUCT = YES;
			};
			name = Release;
		};
		EA954C601EC99BF30094FF43 /* Debug */ = {
			isa = XCBuildConfiguration;
			buildSettings = {
				ASSETCATALOG_COMPILER_APPICON_NAME = AppIcon;
				INFOPLIST_FILE = FeathersDemo/Info.plist;
				LD_RUNPATH_SEARCH_PATHS = "$(inherited) @executable_path/Frameworks";
				PRODUCT_BUNDLE_IDENTIFIER = com.swoopystudios.FeathersDemo;
				PRODUCT_NAME = "$(TARGET_NAME)";
				SWIFT_VERSION = 3.0;
			};
			name = Debug;
		};
		EA954C611EC99BF30094FF43 /* Release */ = {
			isa = XCBuildConfiguration;
			buildSettings = {
				ASSETCATALOG_COMPILER_APPICON_NAME = AppIcon;
				INFOPLIST_FILE = FeathersDemo/Info.plist;
				LD_RUNPATH_SEARCH_PATHS = "$(inherited) @executable_path/Frameworks";
				PRODUCT_BUNDLE_IDENTIFIER = com.swoopystudios.FeathersDemo;
				PRODUCT_NAME = "$(TARGET_NAME)";
				SWIFT_VERSION = 3.0;
			};
			name = Release;
		};
/* End XCBuildConfiguration section */

/* Begin XCConfigurationList section */
		EA954C481EC99BF30094FF43 /* Build configuration list for PBXProject "FeathersDemo" */ = {
			isa = XCConfigurationList;
			buildConfigurations = (
				EA954C5D1EC99BF30094FF43 /* Debug */,
				EA954C5E1EC99BF30094FF43 /* Release */,
			);
			defaultConfigurationIsVisible = 0;
			defaultConfigurationName = Release;
		};
		EA954C5F1EC99BF30094FF43 /* Build configuration list for PBXNativeTarget "FeathersDemo" */ = {
			isa = XCConfigurationList;
			buildConfigurations = (
				EA954C601EC99BF30094FF43 /* Debug */,
				EA954C611EC99BF30094FF43 /* Release */,
			);
			defaultConfigurationIsVisible = 0;
		};
/* End XCConfigurationList section */
	};
	rootObject = EA954C451EC99BF30094FF43 /* Project object */;
}
